
Microsoft Visual Studio Solution File, Format Version 12.00
# Visual Studio 15
VisualStudioVersion = 15.0.26730.15
MinimumVisualStudioVersion = 10.0.40219.1
Project("{8BC9CEB8-8B4A-11D0-8D11-00A0C91BC942}") = "COMP3320Project", "GLFW_EXAMPLE\GLFW_EXAMPLE.vcxproj", "{88B73234-FB59-41F8-A923-1D5585876B08}"
	ProjectSection(ProjectDependencies) = postProject
		{7B152C48-E3AE-3596-9E22-DEA7BC5F8CFD} = {7B152C48-E3AE-3596-9E22-DEA7BC5F8CFD}
		{B7AB1960-5983-3FCF-9E7E-3F3C12BB275F} = {B7AB1960-5983-3FCF-9E7E-3F3C12BB275F}
		{C32FB2B4-500C-43CD-A099-EECCE079D3F1} = {C32FB2B4-500C-43CD-A099-EECCE079D3F1}
		{1C1AA3C1-4A9A-3851-96AB-381C1EEE7C51} = {1C1AA3C1-4A9A-3851-96AB-381C1EEE7C51}
	EndProjectSection
EndProject
Project("{8BC9CEB8-8B4A-11D0-8D11-00A0C91BC942}") = "SOIL", "GLFW_EXAMPLE\soil\projects\VC9\SOIL.vcxproj", "{C32FB2B4-500C-43CD-A099-EECCE079D3F1}"
EndProject
Project("{8BC9CEB8-8B4A-11D0-8D11-00A0C91BC942}") = "BulletCollision", "GLFW_EXAMPLE\bullet\src\BulletCollision\BulletCollision.vcxproj", "{1C1AA3C1-4A9A-3851-96AB-381C1EEE7C51}"
EndProject
Project("{8BC9CEB8-8B4A-11D0-8D11-00A0C91BC942}") = "BulletDynamics", "GLFW_EXAMPLE\bullet\src\BulletDynamics\BulletDynamics.vcxproj", "{B7AB1960-5983-3FCF-9E7E-3F3C12BB275F}"
EndProject
Project("{8BC9CEB8-8B4A-11D0-8D11-00A0C91BC942}") = "LinearMath", "GLFW_EXAMPLE\bullet\src\LinearMath\LinearMath.vcxproj", "{7B152C48-E3AE-3596-9E22-DEA7BC5F8CFD}"
EndProject
Global
	GlobalSection(SolutionConfigurationPlatforms) = preSolution
		Debug|Win32 = Debug|Win32
		Debug|x64 = Debug|x64
		MinSizeRel|Win32 = MinSizeRel|Win32
		MinSizeRel|x64 = MinSizeRel|x64
		Release|Win32 = Release|Win32
		Release|x64 = Release|x64
		RelWithDebInfo|Win32 = RelWithDebInfo|Win32
		RelWithDebInfo|x64 = RelWithDebInfo|x64
	EndGlobalSection
	GlobalSection(ProjectConfigurationPlatforms) = postSolution
		{88B73234-FB59-41F8-A923-1D5585876B08}.Debug|Win32.ActiveCfg = Debug|Win32
		{88B73234-FB59-41F8-A923-1D5585876B08}.Debug|Win32.Build.0 = Debug|Win32
		{88B73234-FB59-41F8-A923-1D5585876B08}.Debug|x64.ActiveCfg = Debug|Win32
		{88B73234-FB59-41F8-A923-1D5585876B08}.MinSizeRel|Win32.ActiveCfg = Release|Win32
		{88B73234-FB59-41F8-A923-1D5585876B08}.MinSizeRel|Win32.Build.0 = Release|Win32
		{88B73234-FB59-41F8-A923-1D5585876B08}.MinSizeRel|x64.ActiveCfg = Release|Win32
		{88B73234-FB59-41F8-A923-1D5585876B08}.MinSizeRel|x64.Build.0 = Release|Win32
		{88B73234-FB59-41F8-A923-1D5585876B08}.Release|Win32.ActiveCfg = Release|Win32
		{88B73234-FB59-41F8-A923-1D5585876B08}.Release|Win32.Build.0 = Release|Win32
		{88B73234-FB59-41F8-A923-1D5585876B08}.Release|x64.ActiveCfg = Release|Win32
		{88B73234-FB59-41F8-A923-1D5585876B08}.RelWithDebInfo|Win32.ActiveCfg = Release|Win32
		{88B73234-FB59-41F8-A923-1D5585876B08}.RelWithDebInfo|Win32.Build.0 = Release|Win32
		{88B73234-FB59-41F8-A923-1D5585876B08}.RelWithDebInfo|x64.ActiveCfg = Release|Win32
		{88B73234-FB59-41F8-A923-1D5585876B08}.RelWithDebInfo|x64.Build.0 = Release|Win32
		{C32FB2B4-500C-43CD-A099-EECCE079D3F1}.Debug|Win32.ActiveCfg = Debug|Win32
		{C32FB2B4-500C-43CD-A099-EECCE079D3F1}.Debug|Win32.Build.0 = Debug|Win32
		{C32FB2B4-500C-43CD-A099-EECCE079D3F1}.Debug|x64.ActiveCfg = Debug|x64
		{C32FB2B4-500C-43CD-A099-EECCE079D3F1}.Debug|x64.Build.0 = Debug|x64
		{C32FB2B4-500C-43CD-A099-EECCE079D3F1}.MinSizeRel|Win32.ActiveCfg = Release|Win32
		{C32FB2B4-500C-43CD-A099-EECCE079D3F1}.MinSizeRel|Win32.Build.0 = Release|Win32
		{C32FB2B4-500C-43CD-A099-EECCE079D3F1}.MinSizeRel|Win32.Deploy.0 = Release|Win32
		{C32FB2B4-500C-43CD-A099-EECCE079D3F1}.MinSizeRel|x64.ActiveCfg = Release|x64
		{C32FB2B4-500C-43CD-A099-EECCE079D3F1}.MinSizeRel|x64.Build.0 = Release|x64
		{C32FB2B4-500C-43CD-A099-EECCE079D3F1}.MinSizeRel|x64.Deploy.0 = Release|x64
		{C32FB2B4-500C-43CD-A099-EECCE079D3F1}.Release|Win32.ActiveCfg = Release|Win32
		{C32FB2B4-500C-43CD-A099-EECCE079D3F1}.Release|Win32.Build.0 = Release|Win32
		{C32FB2B4-500C-43CD-A099-EECCE079D3F1}.Release|x64.ActiveCfg = Release|x64
		{C32FB2B4-500C-43CD-A099-EECCE079D3F1}.Release|x64.Build.0 = Release|x64
		{C32FB2B4-500C-43CD-A099-EECCE079D3F1}.RelWithDebInfo|Win32.ActiveCfg = Release|Win32
		{C32FB2B4-500C-43CD-A099-EECCE079D3F1}.RelWithDebInfo|Win32.Build.0 = Release|Win32
		{C32FB2B4-500C-43CD-A099-EECCE079D3F1}.RelWithDebInfo|Win32.Deploy.0 = Release|Win32
		{C32FB2B4-500C-43CD-A099-EECCE079D3F1}.RelWithDebInfo|x64.ActiveCfg = Release|x64
		{C32FB2B4-500C-43CD-A099-EECCE079D3F1}.RelWithDebInfo|x64.Build.0 = Release|x64
		{C32FB2B4-500C-43CD-A099-EECCE079D3F1}.RelWithDebInfo|x64.Deploy.0 = Release|x64
		{1C1AA3C1-4A9A-3851-96AB-381C1EEE7C51}.Debug|Win32.ActiveCfg = Debug|Win32
		{1C1AA3C1-4A9A-3851-96AB-381C1EEE7C51}.Debug|Win32.Build.0 = Debug|Win32
		{1C1AA3C1-4A9A-3851-96AB-381C1EEE7C51}.Debug|x64.ActiveCfg = Debug|Win32
		{1C1AA3C1-4A9A-3851-96AB-381C1EEE7C51}.MinSizeRel|Win32.ActiveCfg = MinSizeRel|Win32
		{1C1AA3C1-4A9A-3851-96AB-381C1EEE7C51}.MinSizeRel|Win32.Build.0 = MinSizeRel|Win32
		{1C1AA3C1-4A9A-3851-96AB-381C1EEE7C51}.MinSizeRel|x64.ActiveCfg = MinSizeRel|Win32
		{1C1AA3C1-4A9A-3851-96AB-381C1EEE7C51}.Release|Win32.ActiveCfg = Release|Win32
		{1C1AA3C1-4A9A-3851-96AB-381C1EEE7C51}.Release|Win32.Build.0 = Release|Win32
		{1C1AA3C1-4A9A-3851-96AB-381C1EEE7C51}.Release|x64.ActiveCfg = Release|Win32
		{1C1AA3C1-4A9A-3851-96AB-381C1EEE7C51}.RelWithDebInfo|Win32.ActiveCfg = RelWithDebInfo|Win32
		{1C1AA3C1-4A9A-3851-96AB-381C1EEE7C51}.RelWithDebInfo|Win32.Build.0 = RelWithDebInfo|Win32
		{1C1AA3C1-4A9A-3851-96AB-381C1EEE7C51}.RelWithDebInfo|x64.ActiveCfg = RelWithDebInfo|Win32
		{B7AB1960-5983-3FCF-9E7E-3F3C12BB275F}.Debug|Win32.ActiveCfg = Debug|Win32
		{B7AB1960-5983-3FCF-9E7E-3F3C12BB275F}.Debug|Win32.Build.0 = Debug|Win32
		{B7AB1960-5983-3FCF-9E7E-3F3C12BB275F}.Debug|x64.ActiveCfg = Debug|Win32
		{B7AB1960-5983-3FCF-9E7E-3F3C12BB275F}.MinSizeRel|Win32.ActiveCfg = MinSizeRel|Win32
		{B7AB1960-5983-3FCF-9E7E-3F3C12BB275F}.MinSizeRel|Win32.Build.0 = MinSizeRel|Win32
		{B7AB1960-5983-3FCF-9E7E-3F3C12BB275F}.MinSizeRel|x64.ActiveCfg = MinSizeRel|Win32
		{B7AB1960-5983-3FCF-9E7E-3F3C12BB275F}.Release|Win32.ActiveCfg = Release|Win32
		{B7AB1960-5983-3FCF-9E7E-3F3C12BB275F}.Release|Win32.Build.0 = Release|Win32
		{B7AB1960-5983-3FCF-9E7E-3F3C12BB275F}.Release|x64.ActiveCfg = Release|Win32
		{B7AB1960-5983-3FCF-9E7E-3F3C12BB275F}.RelWithDebInfo|Win32.ActiveCfg = RelWithDebInfo|Win32
		{B7AB1960-5983-3FCF-9E7E-3F3C12BB275F}.RelWithDebInfo|Win32.Build.0 = RelWithDebInfo|Win32
		{B7AB1960-5983-3FCF-9E7E-3F3C12BB275F}.RelWithDebInfo|x64.ActiveCfg = RelWithDebInfo|Win32
		{7B152C48-E3AE-3596-9E22-DEA7BC5F8CFD}.Debug|Win32.ActiveCfg = Debug|Win32
		{7B152C48-E3AE-3596-9E22-DEA7BC5F8CFD}.Debug|Win32.Build.0 = Debug|Win32
		{7B152C48-E3AE-3596-9E22-DEA7BC5F8CFD}.Debug|x64.ActiveCfg = Debug|Win32
		{7B152C48-E3AE-3596-9E22-DEA7BC5F8CFD}.MinSizeRel|Win32.ActiveCfg = MinSizeRel|Win32
		{7B152C48-E3AE-3596-9E22-DEA7BC5F8CFD}.MinSizeRel|Win32.Build.0 = MinSizeRel|Win32
		{7B152C48-E3AE-3596-9E22-DEA7BC5F8CFD}.MinSizeRel|x64.ActiveCfg = MinSizeRel|Win32
		{7B152C48-E3AE-3596-9E22-DEA7BC5F8CFD}.Release|Win32.ActiveCfg = Release|Win32
		{7B152C48-E3AE-3596-9E22-DEA7BC5F8CFD}.Release|Win32.Build.0 = Release|Win32
		{7B152C48-E3AE-3596-9E22-DEA7BC5F8CFD}.Release|x64.ActiveCfg = Release|Win32
		{7B152C48-E3AE-3596-9E22-DEA7BC5F8CFD}.RelWithDebInfo|Win32.ActiveCfg = RelWithDebInfo|Win32
		{7B152C48-E3AE-3596-9E22-DEA7BC5F8CFD}.RelWithDebInfo|Win32.Build.0 = RelWithDebInfo|Win32
		{7B152C48-E3AE-3596-9E22-DEA7BC5F8CFD}.RelWithDebInfo|x64.ActiveCfg = RelWithDebInfo|Win32
	EndGlobalSection
	GlobalSection(SolutionProperties) = preSolution
		HideSolutionNode = FALSE
	EndGlobalSection
	GlobalSection(ExtensibilityGlobals) = postSolution
		SolutionGuid = {5EC2CA45-07B0-45E4-97E8-2FC6E8690866}
	EndGlobalSection
EndGlobal
