<?xml version="1.0" encoding="UTF-8"?>
<Project ToolsVersion="15.0" xmlns="http://schemas.microsoft.com/developer/msbuild/2003">
  <ItemGroup>
    <CustomBuild Include="C:\Users\seb\git-master\COMP3320Project\GLFW_EXAMPLE\bullet\CMakeFiles\ad9976ffa2c07d24a53427ceae3585f6\RUN_TESTS_force.rule">
      <Filter>CMake Rules</Filter>
    </CustomBuild>
  </ItemGroup>
  <ItemGroup>
    <Filter Include="CMake Rules">
      <UniqueIdentifier>{7FFD7F3E-D658-3EAA-B4EB-2F9FC2EBCAE3}</UniqueIdentifier>
    </Filter>
  </ItemGroup>
</Project>
