<?xml version="1.0" encoding="UTF-8"?>
<Project ToolsVersion="15.0" xmlns="http://schemas.microsoft.com/developer/msbuild/2003">
  <ItemGroup>
    <CustomBuild Include="C:\Users\seb\Desktop\bullet\CMakeFiles\b5aa5bfd379c60073593f467d5fb9f8f\RUN_TESTS_force.rule">
      <Filter>CMake Rules</Filter>
    </CustomBuild>
  </ItemGroup>
  <ItemGroup>
    <Filter Include="CMake Rules">
      <UniqueIdentifier>{F3711F0F-520A-316A-8081-324371D2515E}</UniqueIdentifier>
    </Filter>
  </ItemGroup>
</Project>
