Microsoft Visual Studio Solution File, Format Version 12.00
# Visual Studio 15
Project("{8BC9CEB8-8B4A-11D0-8D11-00A0C91BC942}") = "ALL_BUILD", "ALL_BUILD.vcxproj", "{7775A588-E312-3F19-AFED-8C9C1C374441}"
	ProjectSection(ProjectDependencies) = postProject
		{E3A47CFF-E055-342A-8447-8AB264D4A288} = {E3A47CFF-E055-342A-8447-8AB264D4A288}
		{C05A127C-12CD-3FBB-AFC5-D6F16C2EEE0E} = {C05A127C-12CD-3FBB-AFC5-D6F16C2EEE0E}
		{DA6B5584-17AE-3FE7-B530-F73CF29FE58D} = {DA6B5584-17AE-3FE7-B530-F73CF29FE58D}
		{A03CF069-37FA-3F90-B977-1D473F82AE56} = {A03CF069-37FA-3F90-B977-1D473F82AE56}
		{4EF57B95-1D1E-339E-936D-74C2718E2E50} = {4EF57B95-1D1E-339E-936D-74C2718E2E50}
		{BE1172E2-DF4F-3464-941F-E93E75F8BBEF} = {BE1172E2-DF4F-3464-941F-E93E75F8BBEF}
		{D60EFAC2-9BE6-3D61-B6F3-E7716A3CB8E1} = {D60EFAC2-9BE6-3D61-B6F3-E7716A3CB8E1}
		{4BF954B6-EDA9-3F66-BFB7-0B1BBFFB17FE} = {4BF954B6-EDA9-3F66-BFB7-0B1BBFFB17FE}
		{B77AB6EC-9F9F-33CD-B279-8F36635BC7AF} = {B77AB6EC-9F9F-33CD-B279-8F36635BC7AF}
		{F65F9CEF-D1B8-3E17-9635-F832ABCAAA2E} = {F65F9CEF-D1B8-3E17-9635-F832ABCAAA2E}
		{85C7ACBD-684A-3C51-AFBC-20C5625E589C} = {85C7ACBD-684A-3C51-AFBC-20C5625E589C}
		{61E28C3F-8CD1-3EDD-A868-E40027C958F4} = {61E28C3F-8CD1-3EDD-A868-E40027C958F4}
		{A69926A0-D2F0-3402-BB5E-A2B7A22865F3} = {A69926A0-D2F0-3402-BB5E-A2B7A22865F3}
		{5BFCBEA1-9C3D-3885-91A2-5493BD095750} = {5BFCBEA1-9C3D-3885-91A2-5493BD095750}
		{10FE7935-19FD-30D0-93EF-05C8F2BFDCE1} = {10FE7935-19FD-30D0-93EF-05C8F2BFDCE1}
		{1C1AA3C1-4A9A-3851-96AB-381C1EEE7C51} = {1C1AA3C1-4A9A-3851-96AB-381C1EEE7C51}
		{B7AB1960-5983-3FCF-9E7E-3F3C12BB275F} = {B7AB1960-5983-3FCF-9E7E-3F3C12BB275F}
		{3A217D7A-8CD7-3546-A2FD-EF4D018B1CD0} = {3A217D7A-8CD7-3546-A2FD-EF4D018B1CD0}
		{41039876-D801-3799-846E-AEFFE1CD1569} = {41039876-D801-3799-846E-AEFFE1CD1569}
		{BFECBF6E-806B-35A8-9C3B-D5897440B69F} = {BFECBF6E-806B-35A8-9C3B-D5897440B69F}
		{A549A1DE-0650-3E82-93D5-D48C6CAE051F} = {A549A1DE-0650-3E82-93D5-D48C6CAE051F}
		{19DBF71C-041E-3A54-9305-FCE466D471BA} = {19DBF71C-041E-3A54-9305-FCE466D471BA}
		{431CDC0B-DFC8-3339-AC48-162716895C6A} = {431CDC0B-DFC8-3339-AC48-162716895C6A}
		{05FC19BE-86B6-3EF4-88B1-CFC49266E3D2} = {05FC19BE-86B6-3EF4-88B1-CFC49266E3D2}
		{9293B2B8-43FB-3B93-91F2-787F2BD3A2F4} = {9293B2B8-43FB-3B93-91F2-787F2BD3A2F4}
		{2FF49BE4-A810-3A7E-A8FD-4478DABB95AE} = {2FF49BE4-A810-3A7E-A8FD-4478DABB95AE}
		{74182173-57EE-34E5-AC17-C738E268833F} = {74182173-57EE-34E5-AC17-C738E268833F}
		{5CE727F6-06A5-3F90-9442-0A21A2FE551B} = {5CE727F6-06A5-3F90-9442-0A21A2FE551B}
		{41A2C955-6902-3443-AF31-14FD8EB9B70C} = {41A2C955-6902-3443-AF31-14FD8EB9B70C}
		{7B152C48-E3AE-3596-9E22-DEA7BC5F8CFD} = {7B152C48-E3AE-3596-9E22-DEA7BC5F8CFD}
		{BCD3C7CB-0052-3EB3-BEE8-3E9BA9E39449} = {BCD3C7CB-0052-3EB3-BEE8-3E9BA9E39449}
		{EE18EDD8-D1DD-340C-99C1-A923CC70C9A5} = {EE18EDD8-D1DD-340C-99C1-A923CC70C9A5}
		{222F357E-06CB-3867-A5B2-A3872A71F948} = {222F357E-06CB-3867-A5B2-A3872A71F948}
		{879EF523-EDA6-3533-9108-CA9BB1499388} = {879EF523-EDA6-3533-9108-CA9BB1499388}
		{2945CAF5-B3B5-347E-B77B-3DB6C39308FA} = {2945CAF5-B3B5-347E-B77B-3DB6C39308FA}
		{EC70C220-7D7F-3843-89CD-DB09ADAAB88F} = {EC70C220-7D7F-3843-89CD-DB09ADAAB88F}
		{BFF944D2-0663-3CE3-B38A-D9C753595A72} = {BFF944D2-0663-3CE3-B38A-D9C753595A72}
		{D1E6548E-AB00-3105-AAF5-074ECDEF615A} = {D1E6548E-AB00-3105-AAF5-074ECDEF615A}
		{0FC9EEB0-E466-3DF8-91EE-61E20F190EB1} = {0FC9EEB0-E466-3DF8-91EE-61E20F190EB1}
		{CEDB1F97-E421-3112-9509-BF0579807156} = {CEDB1F97-E421-3112-9509-BF0579807156}
		{AE0A9E36-5F25-383F-82F4-72888AC65C30} = {AE0A9E36-5F25-383F-82F4-72888AC65C30}
		{05909C2B-9204-319C-B538-C46A098B43C9} = {05909C2B-9204-319C-B538-C46A098B43C9}
	EndProjectSection
EndProject
Project("{8BC9CEB8-8B4A-11D0-8D11-00A0C91BC942}") = "AppBasicExampleGui", "examples\BasicDemo\AppBasicExampleGui.vcxproj", "{E3A47CFF-E055-342A-8447-8AB264D4A288}"
	ProjectSection(ProjectDependencies) = postProject
		{61E28C3F-8CD1-3EDD-A868-E40027C958F4} = {61E28C3F-8CD1-3EDD-A868-E40027C958F4}
		{1C1AA3C1-4A9A-3851-96AB-381C1EEE7C51} = {1C1AA3C1-4A9A-3851-96AB-381C1EEE7C51}
		{B7AB1960-5983-3FCF-9E7E-3F3C12BB275F} = {B7AB1960-5983-3FCF-9E7E-3F3C12BB275F}
		{7B152C48-E3AE-3596-9E22-DEA7BC5F8CFD} = {7B152C48-E3AE-3596-9E22-DEA7BC5F8CFD}
		{BCD3C7CB-0052-3EB3-BEE8-3E9BA9E39449} = {BCD3C7CB-0052-3EB3-BEE8-3E9BA9E39449}
		{0FC9EEB0-E466-3DF8-91EE-61E20F190EB1} = {0FC9EEB0-E466-3DF8-91EE-61E20F190EB1}
	EndProjectSection
EndProject
Project("{8BC9CEB8-8B4A-11D0-8D11-00A0C91BC942}") = "App_BasicExample", "examples\BasicDemo\App_BasicExample.vcxproj", "{C05A127C-12CD-3FBB-AFC5-D6F16C2EEE0E}"
	ProjectSection(ProjectDependencies) = postProject
		{1C1AA3C1-4A9A-3851-96AB-381C1EEE7C51} = {1C1AA3C1-4A9A-3851-96AB-381C1EEE7C51}
		{B7AB1960-5983-3FCF-9E7E-3F3C12BB275F} = {B7AB1960-5983-3FCF-9E7E-3F3C12BB275F}
		{7B152C48-E3AE-3596-9E22-DEA7BC5F8CFD} = {7B152C48-E3AE-3596-9E22-DEA7BC5F8CFD}
		{0FC9EEB0-E466-3DF8-91EE-61E20F190EB1} = {0FC9EEB0-E466-3DF8-91EE-61E20F190EB1}
	EndProjectSection
EndProject
Project("{8BC9CEB8-8B4A-11D0-8D11-00A0C91BC942}") = "App_ExampleBrowser", "examples\ExampleBrowser\App_ExampleBrowser.vcxproj", "{DA6B5584-17AE-3FE7-B530-F73CF29FE58D}"
	ProjectSection(ProjectDependencies) = postProject
		{61E28C3F-8CD1-3EDD-A868-E40027C958F4} = {61E28C3F-8CD1-3EDD-A868-E40027C958F4}
		{1C1AA3C1-4A9A-3851-96AB-381C1EEE7C51} = {1C1AA3C1-4A9A-3851-96AB-381C1EEE7C51}
		{B7AB1960-5983-3FCF-9E7E-3F3C12BB275F} = {B7AB1960-5983-3FCF-9E7E-3F3C12BB275F}
		{3A217D7A-8CD7-3546-A2FD-EF4D018B1CD0} = {3A217D7A-8CD7-3546-A2FD-EF4D018B1CD0}
		{BFECBF6E-806B-35A8-9C3B-D5897440B69F} = {BFECBF6E-806B-35A8-9C3B-D5897440B69F}
		{A549A1DE-0650-3E82-93D5-D48C6CAE051F} = {A549A1DE-0650-3E82-93D5-D48C6CAE051F}
		{431CDC0B-DFC8-3339-AC48-162716895C6A} = {431CDC0B-DFC8-3339-AC48-162716895C6A}
		{2FF49BE4-A810-3A7E-A8FD-4478DABB95AE} = {2FF49BE4-A810-3A7E-A8FD-4478DABB95AE}
		{7B152C48-E3AE-3596-9E22-DEA7BC5F8CFD} = {7B152C48-E3AE-3596-9E22-DEA7BC5F8CFD}
		{BCD3C7CB-0052-3EB3-BEE8-3E9BA9E39449} = {BCD3C7CB-0052-3EB3-BEE8-3E9BA9E39449}
		{0FC9EEB0-E466-3DF8-91EE-61E20F190EB1} = {0FC9EEB0-E466-3DF8-91EE-61E20F190EB1}
		{05909C2B-9204-319C-B538-C46A098B43C9} = {05909C2B-9204-319C-B538-C46A098B43C9}
	EndProjectSection
EndProject
Project("{8BC9CEB8-8B4A-11D0-8D11-00A0C91BC942}") = "App_HelloWorld", "examples\HelloWorld\App_HelloWorld.vcxproj", "{A03CF069-37FA-3F90-B977-1D473F82AE56}"
	ProjectSection(ProjectDependencies) = postProject
		{1C1AA3C1-4A9A-3851-96AB-381C1EEE7C51} = {1C1AA3C1-4A9A-3851-96AB-381C1EEE7C51}
		{B7AB1960-5983-3FCF-9E7E-3F3C12BB275F} = {B7AB1960-5983-3FCF-9E7E-3F3C12BB275F}
		{7B152C48-E3AE-3596-9E22-DEA7BC5F8CFD} = {7B152C48-E3AE-3596-9E22-DEA7BC5F8CFD}
		{0FC9EEB0-E466-3DF8-91EE-61E20F190EB1} = {0FC9EEB0-E466-3DF8-91EE-61E20F190EB1}
	EndProjectSection
EndProject
Project("{8BC9CEB8-8B4A-11D0-8D11-00A0C91BC942}") = "App_PhysicsServer_SharedMemory", "examples\SharedMemory\App_PhysicsServer_SharedMemory.vcxproj", "{4EF57B95-1D1E-339E-936D-74C2718E2E50}"
	ProjectSection(ProjectDependencies) = postProject
		{61E28C3F-8CD1-3EDD-A868-E40027C958F4} = {61E28C3F-8CD1-3EDD-A868-E40027C958F4}
		{1C1AA3C1-4A9A-3851-96AB-381C1EEE7C51} = {1C1AA3C1-4A9A-3851-96AB-381C1EEE7C51}
		{B7AB1960-5983-3FCF-9E7E-3F3C12BB275F} = {B7AB1960-5983-3FCF-9E7E-3F3C12BB275F}
		{41039876-D801-3799-846E-AEFFE1CD1569} = {41039876-D801-3799-846E-AEFFE1CD1569}
		{BFECBF6E-806B-35A8-9C3B-D5897440B69F} = {BFECBF6E-806B-35A8-9C3B-D5897440B69F}
		{A549A1DE-0650-3E82-93D5-D48C6CAE051F} = {A549A1DE-0650-3E82-93D5-D48C6CAE051F}
		{05FC19BE-86B6-3EF4-88B1-CFC49266E3D2} = {05FC19BE-86B6-3EF4-88B1-CFC49266E3D2}
		{2FF49BE4-A810-3A7E-A8FD-4478DABB95AE} = {2FF49BE4-A810-3A7E-A8FD-4478DABB95AE}
		{7B152C48-E3AE-3596-9E22-DEA7BC5F8CFD} = {7B152C48-E3AE-3596-9E22-DEA7BC5F8CFD}
		{0FC9EEB0-E466-3DF8-91EE-61E20F190EB1} = {0FC9EEB0-E466-3DF8-91EE-61E20F190EB1}
	EndProjectSection
EndProject
Project("{8BC9CEB8-8B4A-11D0-8D11-00A0C91BC942}") = "App_PhysicsServer_SharedMemory_GUI", "examples\SharedMemory\App_PhysicsServer_SharedMemory_GUI.vcxproj", "{BE1172E2-DF4F-3464-941F-E93E75F8BBEF}"
	ProjectSection(ProjectDependencies) = postProject
		{61E28C3F-8CD1-3EDD-A868-E40027C958F4} = {61E28C3F-8CD1-3EDD-A868-E40027C958F4}
		{1C1AA3C1-4A9A-3851-96AB-381C1EEE7C51} = {1C1AA3C1-4A9A-3851-96AB-381C1EEE7C51}
		{B7AB1960-5983-3FCF-9E7E-3F3C12BB275F} = {B7AB1960-5983-3FCF-9E7E-3F3C12BB275F}
		{41039876-D801-3799-846E-AEFFE1CD1569} = {41039876-D801-3799-846E-AEFFE1CD1569}
		{BFECBF6E-806B-35A8-9C3B-D5897440B69F} = {BFECBF6E-806B-35A8-9C3B-D5897440B69F}
		{A549A1DE-0650-3E82-93D5-D48C6CAE051F} = {A549A1DE-0650-3E82-93D5-D48C6CAE051F}
		{05FC19BE-86B6-3EF4-88B1-CFC49266E3D2} = {05FC19BE-86B6-3EF4-88B1-CFC49266E3D2}
		{2FF49BE4-A810-3A7E-A8FD-4478DABB95AE} = {2FF49BE4-A810-3A7E-A8FD-4478DABB95AE}
		{7B152C48-E3AE-3596-9E22-DEA7BC5F8CFD} = {7B152C48-E3AE-3596-9E22-DEA7BC5F8CFD}
		{BCD3C7CB-0052-3EB3-BEE8-3E9BA9E39449} = {BCD3C7CB-0052-3EB3-BEE8-3E9BA9E39449}
		{0FC9EEB0-E466-3DF8-91EE-61E20F190EB1} = {0FC9EEB0-E466-3DF8-91EE-61E20F190EB1}
	EndProjectSection
EndProject
Project("{8BC9CEB8-8B4A-11D0-8D11-00A0C91BC942}") = "App_PhysicsServer_SharedMemory_VR", "examples\SharedMemory\App_PhysicsServer_SharedMemory_VR.vcxproj", "{D60EFAC2-9BE6-3D61-B6F3-E7716A3CB8E1}"
	ProjectSection(ProjectDependencies) = postProject
		{61E28C3F-8CD1-3EDD-A868-E40027C958F4} = {61E28C3F-8CD1-3EDD-A868-E40027C958F4}
		{1C1AA3C1-4A9A-3851-96AB-381C1EEE7C51} = {1C1AA3C1-4A9A-3851-96AB-381C1EEE7C51}
		{B7AB1960-5983-3FCF-9E7E-3F3C12BB275F} = {B7AB1960-5983-3FCF-9E7E-3F3C12BB275F}
		{41039876-D801-3799-846E-AEFFE1CD1569} = {41039876-D801-3799-846E-AEFFE1CD1569}
		{BFECBF6E-806B-35A8-9C3B-D5897440B69F} = {BFECBF6E-806B-35A8-9C3B-D5897440B69F}
		{A549A1DE-0650-3E82-93D5-D48C6CAE051F} = {A549A1DE-0650-3E82-93D5-D48C6CAE051F}
		{05FC19BE-86B6-3EF4-88B1-CFC49266E3D2} = {05FC19BE-86B6-3EF4-88B1-CFC49266E3D2}
		{2FF49BE4-A810-3A7E-A8FD-4478DABB95AE} = {2FF49BE4-A810-3A7E-A8FD-4478DABB95AE}
		{7B152C48-E3AE-3596-9E22-DEA7BC5F8CFD} = {7B152C48-E3AE-3596-9E22-DEA7BC5F8CFD}
		{BCD3C7CB-0052-3EB3-BEE8-3E9BA9E39449} = {BCD3C7CB-0052-3EB3-BEE8-3E9BA9E39449}
		{0FC9EEB0-E466-3DF8-91EE-61E20F190EB1} = {0FC9EEB0-E466-3DF8-91EE-61E20F190EB1}
	EndProjectSection
EndProject
Project("{8BC9CEB8-8B4A-11D0-8D11-00A0C91BC942}") = "App_RobotSimulator", "examples\RobotSimulator\App_RobotSimulator.vcxproj", "{4BF954B6-EDA9-3F66-BFB7-0B1BBFFB17FE}"
	ProjectSection(ProjectDependencies) = postProject
		{61E28C3F-8CD1-3EDD-A868-E40027C958F4} = {61E28C3F-8CD1-3EDD-A868-E40027C958F4}
		{1C1AA3C1-4A9A-3851-96AB-381C1EEE7C51} = {1C1AA3C1-4A9A-3851-96AB-381C1EEE7C51}
		{B7AB1960-5983-3FCF-9E7E-3F3C12BB275F} = {B7AB1960-5983-3FCF-9E7E-3F3C12BB275F}
		{3A217D7A-8CD7-3546-A2FD-EF4D018B1CD0} = {3A217D7A-8CD7-3546-A2FD-EF4D018B1CD0}
		{41039876-D801-3799-846E-AEFFE1CD1569} = {41039876-D801-3799-846E-AEFFE1CD1569}
		{BFECBF6E-806B-35A8-9C3B-D5897440B69F} = {BFECBF6E-806B-35A8-9C3B-D5897440B69F}
		{A549A1DE-0650-3E82-93D5-D48C6CAE051F} = {A549A1DE-0650-3E82-93D5-D48C6CAE051F}
		{431CDC0B-DFC8-3339-AC48-162716895C6A} = {431CDC0B-DFC8-3339-AC48-162716895C6A}
		{05FC19BE-86B6-3EF4-88B1-CFC49266E3D2} = {05FC19BE-86B6-3EF4-88B1-CFC49266E3D2}
		{2FF49BE4-A810-3A7E-A8FD-4478DABB95AE} = {2FF49BE4-A810-3A7E-A8FD-4478DABB95AE}
		{7B152C48-E3AE-3596-9E22-DEA7BC5F8CFD} = {7B152C48-E3AE-3596-9E22-DEA7BC5F8CFD}
		{BCD3C7CB-0052-3EB3-BEE8-3E9BA9E39449} = {BCD3C7CB-0052-3EB3-BEE8-3E9BA9E39449}
		{0FC9EEB0-E466-3DF8-91EE-61E20F190EB1} = {0FC9EEB0-E466-3DF8-91EE-61E20F190EB1}
		{05909C2B-9204-319C-B538-C46A098B43C9} = {05909C2B-9204-319C-B538-C46A098B43C9}
	EndProjectSection
EndProject
Project("{8BC9CEB8-8B4A-11D0-8D11-00A0C91BC942}") = "App_obj2sdf", "Extras\obj2sdf\App_obj2sdf.vcxproj", "{B77AB6EC-9F9F-33CD-B279-8F36635BC7AF}"
	ProjectSection(ProjectDependencies) = postProject
		{61E28C3F-8CD1-3EDD-A868-E40027C958F4} = {61E28C3F-8CD1-3EDD-A868-E40027C958F4}
		{0FC9EEB0-E466-3DF8-91EE-61E20F190EB1} = {0FC9EEB0-E466-3DF8-91EE-61E20F190EB1}
	EndProjectSection
EndProject
Project("{8BC9CEB8-8B4A-11D0-8D11-00A0C91BC942}") = "Bullet2FileLoader", "src\Bullet3Serialize\Bullet2FileLoader\Bullet2FileLoader.vcxproj", "{F65F9CEF-D1B8-3E17-9635-F832ABCAAA2E}"
	ProjectSection(ProjectDependencies) = postProject
		{0FC9EEB0-E466-3DF8-91EE-61E20F190EB1} = {0FC9EEB0-E466-3DF8-91EE-61E20F190EB1}
	EndProjectSection
EndProject
Project("{8BC9CEB8-8B4A-11D0-8D11-00A0C91BC942}") = "Bullet3Collision", "src\Bullet3Collision\Bullet3Collision.vcxproj", "{85C7ACBD-684A-3C51-AFBC-20C5625E589C}"
	ProjectSection(ProjectDependencies) = postProject
		{0FC9EEB0-E466-3DF8-91EE-61E20F190EB1} = {0FC9EEB0-E466-3DF8-91EE-61E20F190EB1}
	EndProjectSection
EndProject
Project("{8BC9CEB8-8B4A-11D0-8D11-00A0C91BC942}") = "Bullet3Common", "src\Bullet3Common\Bullet3Common.vcxproj", "{61E28C3F-8CD1-3EDD-A868-E40027C958F4}"
	ProjectSection(ProjectDependencies) = postProject
		{0FC9EEB0-E466-3DF8-91EE-61E20F190EB1} = {0FC9EEB0-E466-3DF8-91EE-61E20F190EB1}
	EndProjectSection
EndProject
Project("{8BC9CEB8-8B4A-11D0-8D11-00A0C91BC942}") = "Bullet3Dynamics", "src\Bullet3Dynamics\Bullet3Dynamics.vcxproj", "{A69926A0-D2F0-3402-BB5E-A2B7A22865F3}"
	ProjectSection(ProjectDependencies) = postProject
		{0FC9EEB0-E466-3DF8-91EE-61E20F190EB1} = {0FC9EEB0-E466-3DF8-91EE-61E20F190EB1}
	EndProjectSection
EndProject
Project("{8BC9CEB8-8B4A-11D0-8D11-00A0C91BC942}") = "Bullet3Geometry", "src\Bullet3Geometry\Bullet3Geometry.vcxproj", "{5BFCBEA1-9C3D-3885-91A2-5493BD095750}"
	ProjectSection(ProjectDependencies) = postProject
		{0FC9EEB0-E466-3DF8-91EE-61E20F190EB1} = {0FC9EEB0-E466-3DF8-91EE-61E20F190EB1}
	EndProjectSection
EndProject
Project("{8BC9CEB8-8B4A-11D0-8D11-00A0C91BC942}") = "Bullet3OpenCL_clew", "src\Bullet3OpenCL\Bullet3OpenCL_clew.vcxproj", "{10FE7935-19FD-30D0-93EF-05C8F2BFDCE1}"
	ProjectSection(ProjectDependencies) = postProject
		{0FC9EEB0-E466-3DF8-91EE-61E20F190EB1} = {0FC9EEB0-E466-3DF8-91EE-61E20F190EB1}
	EndProjectSection
EndProject
Project("{8BC9CEB8-8B4A-11D0-8D11-00A0C91BC942}") = "BulletCollision", "src\BulletCollision\BulletCollision.vcxproj", "{1C1AA3C1-4A9A-3851-96AB-381C1EEE7C51}"
	ProjectSection(ProjectDependencies) = postProject
		{0FC9EEB0-E466-3DF8-91EE-61E20F190EB1} = {0FC9EEB0-E466-3DF8-91EE-61E20F190EB1}
	EndProjectSection
EndProject
Project("{8BC9CEB8-8B4A-11D0-8D11-00A0C91BC942}") = "BulletDynamics", "src\BulletDynamics\BulletDynamics.vcxproj", "{B7AB1960-5983-3FCF-9E7E-3F3C12BB275F}"
	ProjectSection(ProjectDependencies) = postProject
		{0FC9EEB0-E466-3DF8-91EE-61E20F190EB1} = {0FC9EEB0-E466-3DF8-91EE-61E20F190EB1}
	EndProjectSection
EndProject
Project("{8BC9CEB8-8B4A-11D0-8D11-00A0C91BC942}") = "BulletExampleBrowserLib", "examples\ExampleBrowser\BulletExampleBrowserLib.vcxproj", "{3A217D7A-8CD7-3546-A2FD-EF4D018B1CD0}"
	ProjectSection(ProjectDependencies) = postProject
		{0FC9EEB0-E466-3DF8-91EE-61E20F190EB1} = {0FC9EEB0-E466-3DF8-91EE-61E20F190EB1}
	EndProjectSection
EndProject
Project("{8BC9CEB8-8B4A-11D0-8D11-00A0C91BC942}") = "BulletFileLoader", "Extras\Serialize\BulletFileLoader\BulletFileLoader.vcxproj", "{41039876-D801-3799-846E-AEFFE1CD1569}"
	ProjectSection(ProjectDependencies) = postProject
		{0FC9EEB0-E466-3DF8-91EE-61E20F190EB1} = {0FC9EEB0-E466-3DF8-91EE-61E20F190EB1}
	EndProjectSection
EndProject
Project("{8BC9CEB8-8B4A-11D0-8D11-00A0C91BC942}") = "BulletInverseDynamics", "src\BulletInverseDynamics\BulletInverseDynamics.vcxproj", "{BFECBF6E-806B-35A8-9C3B-D5897440B69F}"
	ProjectSection(ProjectDependencies) = postProject
		{0FC9EEB0-E466-3DF8-91EE-61E20F190EB1} = {0FC9EEB0-E466-3DF8-91EE-61E20F190EB1}
	EndProjectSection
EndProject
Project("{8BC9CEB8-8B4A-11D0-8D11-00A0C91BC942}") = "BulletInverseDynamicsUtils", "Extras\InverseDynamics\BulletInverseDynamicsUtils.vcxproj", "{A549A1DE-0650-3E82-93D5-D48C6CAE051F}"
	ProjectSection(ProjectDependencies) = postProject
		{0FC9EEB0-E466-3DF8-91EE-61E20F190EB1} = {0FC9EEB0-E466-3DF8-91EE-61E20F190EB1}
	EndProjectSection
EndProject
Project("{8BC9CEB8-8B4A-11D0-8D11-00A0C91BC942}") = "BulletRobotics", "Extras\BulletRobotics\BulletRobotics.vcxproj", "{19DBF71C-041E-3A54-9305-FCE466D471BA}"
	ProjectSection(ProjectDependencies) = postProject
		{0FC9EEB0-E466-3DF8-91EE-61E20F190EB1} = {0FC9EEB0-E466-3DF8-91EE-61E20F190EB1}
	EndProjectSection
EndProject
Project("{8BC9CEB8-8B4A-11D0-8D11-00A0C91BC942}") = "BulletSoftBody", "src\BulletSoftBody\BulletSoftBody.vcxproj", "{431CDC0B-DFC8-3339-AC48-162716895C6A}"
	ProjectSection(ProjectDependencies) = postProject
		{0FC9EEB0-E466-3DF8-91EE-61E20F190EB1} = {0FC9EEB0-E466-3DF8-91EE-61E20F190EB1}
	EndProjectSection
EndProject
Project("{8BC9CEB8-8B4A-11D0-8D11-00A0C91BC942}") = "BulletWorldImporter", "Extras\Serialize\BulletWorldImporter\BulletWorldImporter.vcxproj", "{05FC19BE-86B6-3EF4-88B1-CFC49266E3D2}"
	ProjectSection(ProjectDependencies) = postProject
		{0FC9EEB0-E466-3DF8-91EE-61E20F190EB1} = {0FC9EEB0-E466-3DF8-91EE-61E20F190EB1}
	EndProjectSection
EndProject
Project("{8BC9CEB8-8B4A-11D0-8D11-00A0C91BC942}") = "BulletXmlWorldImporter", "Extras\Serialize\BulletXmlWorldImporter\BulletXmlWorldImporter.vcxproj", "{9293B2B8-43FB-3B93-91F2-787F2BD3A2F4}"
	ProjectSection(ProjectDependencies) = postProject
		{0FC9EEB0-E466-3DF8-91EE-61E20F190EB1} = {0FC9EEB0-E466-3DF8-91EE-61E20F190EB1}
	EndProjectSection
EndProject
Project("{8BC9CEB8-8B4A-11D0-8D11-00A0C91BC942}") = "BussIK", "examples\ThirdPartyLibs\BussIK\BussIK.vcxproj", "{2FF49BE4-A810-3A7E-A8FD-4478DABB95AE}"
	ProjectSection(ProjectDependencies) = postProject
		{0FC9EEB0-E466-3DF8-91EE-61E20F190EB1} = {0FC9EEB0-E466-3DF8-91EE-61E20F190EB1}
	EndProjectSection
EndProject
Project("{8BC9CEB8-8B4A-11D0-8D11-00A0C91BC942}") = "ConvexDecomposition", "Extras\ConvexDecomposition\ConvexDecomposition.vcxproj", "{74182173-57EE-34E5-AC17-C738E268833F}"
	ProjectSection(ProjectDependencies) = postProject
		{0FC9EEB0-E466-3DF8-91EE-61E20F190EB1} = {0FC9EEB0-E466-3DF8-91EE-61E20F190EB1}
	EndProjectSection
EndProject
Project("{8BC9CEB8-8B4A-11D0-8D11-00A0C91BC942}") = "GIMPACTUtils", "Extras\GIMPACTUtils\GIMPACTUtils.vcxproj", "{5CE727F6-06A5-3F90-9442-0A21A2FE551B}"
	ProjectSection(ProjectDependencies) = postProject
		{0FC9EEB0-E466-3DF8-91EE-61E20F190EB1} = {0FC9EEB0-E466-3DF8-91EE-61E20F190EB1}
	EndProjectSection
EndProject
Project("{8BC9CEB8-8B4A-11D0-8D11-00A0C91BC942}") = "HACD", "Extras\HACD\HACD.vcxproj", "{41A2C955-6902-3443-AF31-14FD8EB9B70C}"
	ProjectSection(ProjectDependencies) = postProject
		{0FC9EEB0-E466-3DF8-91EE-61E20F190EB1} = {0FC9EEB0-E466-3DF8-91EE-61E20F190EB1}
	EndProjectSection
EndProject
Project("{8BC9CEB8-8B4A-11D0-8D11-00A0C91BC942}") = "INSTALL", "INSTALL.vcxproj", "{6BEFDE42-9B8B-3502-A261-C8F704215109}"
	ProjectSection(ProjectDependencies) = postProject
		{7775A588-E312-3F19-AFED-8C9C1C374441} = {7775A588-E312-3F19-AFED-8C9C1C374441}
		{0FC9EEB0-E466-3DF8-91EE-61E20F190EB1} = {0FC9EEB0-E466-3DF8-91EE-61E20F190EB1}
	EndProjectSection
EndProject
Project("{8BC9CEB8-8B4A-11D0-8D11-00A0C91BC942}") = "LinearMath", "src\LinearMath\LinearMath.vcxproj", "{7B152C48-E3AE-3596-9E22-DEA7BC5F8CFD}"
	ProjectSection(ProjectDependencies) = postProject
		{0FC9EEB0-E466-3DF8-91EE-61E20F190EB1} = {0FC9EEB0-E466-3DF8-91EE-61E20F190EB1}
	EndProjectSection
EndProject
Project("{8BC9CEB8-8B4A-11D0-8D11-00A0C91BC942}") = "OpenGLWindow", "examples\OpenGLWindow\OpenGLWindow.vcxproj", "{BCD3C7CB-0052-3EB3-BEE8-3E9BA9E39449}"
	ProjectSection(ProjectDependencies) = postProject
		{0FC9EEB0-E466-3DF8-91EE-61E20F190EB1} = {0FC9EEB0-E466-3DF8-91EE-61E20F190EB1}
	EndProjectSection
EndProject
Project("{8BC9CEB8-8B4A-11D0-8D11-00A0C91BC942}") = "RUN_TESTS", "RUN_TESTS.vcxproj", "{A8E3E0C3-4B99-3FA5-8D91-511E2BC4C742}"
	ProjectSection(ProjectDependencies) = postProject
		{0FC9EEB0-E466-3DF8-91EE-61E20F190EB1} = {0FC9EEB0-E466-3DF8-91EE-61E20F190EB1}
	EndProjectSection
EndProject
Project("{8BC9CEB8-8B4A-11D0-8D11-00A0C91BC942}") = "Test_BulletDynamics", "test\BulletDynamics\pendulum\Test_BulletDynamics.vcxproj", "{EE18EDD8-D1DD-340C-99C1-A923CC70C9A5}"
	ProjectSection(ProjectDependencies) = postProject
		{1C1AA3C1-4A9A-3851-96AB-381C1EEE7C51} = {1C1AA3C1-4A9A-3851-96AB-381C1EEE7C51}
		{B7AB1960-5983-3FCF-9E7E-3F3C12BB275F} = {B7AB1960-5983-3FCF-9E7E-3F3C12BB275F}
		{7B152C48-E3AE-3596-9E22-DEA7BC5F8CFD} = {7B152C48-E3AE-3596-9E22-DEA7BC5F8CFD}
		{0FC9EEB0-E466-3DF8-91EE-61E20F190EB1} = {0FC9EEB0-E466-3DF8-91EE-61E20F190EB1}
		{AE0A9E36-5F25-383F-82F4-72888AC65C30} = {AE0A9E36-5F25-383F-82F4-72888AC65C30}
	EndProjectSection
EndProject
Project("{8BC9CEB8-8B4A-11D0-8D11-00A0C91BC942}") = "Test_BulletInverseDynamics", "test\InverseDynamics\Test_BulletInverseDynamics.vcxproj", "{222F357E-06CB-3867-A5B2-A3872A71F948}"
	ProjectSection(ProjectDependencies) = postProject
		{61E28C3F-8CD1-3EDD-A868-E40027C958F4} = {61E28C3F-8CD1-3EDD-A868-E40027C958F4}
		{1C1AA3C1-4A9A-3851-96AB-381C1EEE7C51} = {1C1AA3C1-4A9A-3851-96AB-381C1EEE7C51}
		{B7AB1960-5983-3FCF-9E7E-3F3C12BB275F} = {B7AB1960-5983-3FCF-9E7E-3F3C12BB275F}
		{BFECBF6E-806B-35A8-9C3B-D5897440B69F} = {BFECBF6E-806B-35A8-9C3B-D5897440B69F}
		{A549A1DE-0650-3E82-93D5-D48C6CAE051F} = {A549A1DE-0650-3E82-93D5-D48C6CAE051F}
		{7B152C48-E3AE-3596-9E22-DEA7BC5F8CFD} = {7B152C48-E3AE-3596-9E22-DEA7BC5F8CFD}
		{0FC9EEB0-E466-3DF8-91EE-61E20F190EB1} = {0FC9EEB0-E466-3DF8-91EE-61E20F190EB1}
		{AE0A9E36-5F25-383F-82F4-72888AC65C30} = {AE0A9E36-5F25-383F-82F4-72888AC65C30}
	EndProjectSection
EndProject
Project("{8BC9CEB8-8B4A-11D0-8D11-00A0C91BC942}") = "Test_BulletInverseDynamicsJacobian", "test\InverseDynamics\Test_BulletInverseDynamicsJacobian.vcxproj", "{879EF523-EDA6-3533-9108-CA9BB1499388}"
	ProjectSection(ProjectDependencies) = postProject
		{61E28C3F-8CD1-3EDD-A868-E40027C958F4} = {61E28C3F-8CD1-3EDD-A868-E40027C958F4}
		{BFECBF6E-806B-35A8-9C3B-D5897440B69F} = {BFECBF6E-806B-35A8-9C3B-D5897440B69F}
		{A549A1DE-0650-3E82-93D5-D48C6CAE051F} = {A549A1DE-0650-3E82-93D5-D48C6CAE051F}
		{7B152C48-E3AE-3596-9E22-DEA7BC5F8CFD} = {7B152C48-E3AE-3596-9E22-DEA7BC5F8CFD}
		{0FC9EEB0-E466-3DF8-91EE-61E20F190EB1} = {0FC9EEB0-E466-3DF8-91EE-61E20F190EB1}
		{AE0A9E36-5F25-383F-82F4-72888AC65C30} = {AE0A9E36-5F25-383F-82F4-72888AC65C30}
	EndProjectSection
EndProject
Project("{8BC9CEB8-8B4A-11D0-8D11-00A0C91BC942}") = "Test_BulletInverseForwardDynamics", "test\InverseDynamics\Test_BulletInverseForwardDynamics.vcxproj", "{2945CAF5-B3B5-347E-B77B-3DB6C39308FA}"
	ProjectSection(ProjectDependencies) = postProject
		{61E28C3F-8CD1-3EDD-A868-E40027C958F4} = {61E28C3F-8CD1-3EDD-A868-E40027C958F4}
		{1C1AA3C1-4A9A-3851-96AB-381C1EEE7C51} = {1C1AA3C1-4A9A-3851-96AB-381C1EEE7C51}
		{B7AB1960-5983-3FCF-9E7E-3F3C12BB275F} = {B7AB1960-5983-3FCF-9E7E-3F3C12BB275F}
		{BFECBF6E-806B-35A8-9C3B-D5897440B69F} = {BFECBF6E-806B-35A8-9C3B-D5897440B69F}
		{A549A1DE-0650-3E82-93D5-D48C6CAE051F} = {A549A1DE-0650-3E82-93D5-D48C6CAE051F}
		{7B152C48-E3AE-3596-9E22-DEA7BC5F8CFD} = {7B152C48-E3AE-3596-9E22-DEA7BC5F8CFD}
		{0FC9EEB0-E466-3DF8-91EE-61E20F190EB1} = {0FC9EEB0-E466-3DF8-91EE-61E20F190EB1}
		{AE0A9E36-5F25-383F-82F4-72888AC65C30} = {AE0A9E36-5F25-383F-82F4-72888AC65C30}
	EndProjectSection
EndProject
Project("{8BC9CEB8-8B4A-11D0-8D11-00A0C91BC942}") = "Test_Collision", "test\collision\Test_Collision.vcxproj", "{EC70C220-7D7F-3843-89CD-DB09ADAAB88F}"
	ProjectSection(ProjectDependencies) = postProject
		{7B152C48-E3AE-3596-9E22-DEA7BC5F8CFD} = {7B152C48-E3AE-3596-9E22-DEA7BC5F8CFD}
		{0FC9EEB0-E466-3DF8-91EE-61E20F190EB1} = {0FC9EEB0-E466-3DF8-91EE-61E20F190EB1}
		{AE0A9E36-5F25-383F-82F4-72888AC65C30} = {AE0A9E36-5F25-383F-82F4-72888AC65C30}
	EndProjectSection
EndProject
Project("{8BC9CEB8-8B4A-11D0-8D11-00A0C91BC942}") = "Test_PhysicsClientServer", "test\SharedMemory\Test_PhysicsClientServer.vcxproj", "{BFF944D2-0663-3CE3-B38A-D9C753595A72}"
	ProjectSection(ProjectDependencies) = postProject
		{61E28C3F-8CD1-3EDD-A868-E40027C958F4} = {61E28C3F-8CD1-3EDD-A868-E40027C958F4}
		{1C1AA3C1-4A9A-3851-96AB-381C1EEE7C51} = {1C1AA3C1-4A9A-3851-96AB-381C1EEE7C51}
		{B7AB1960-5983-3FCF-9E7E-3F3C12BB275F} = {B7AB1960-5983-3FCF-9E7E-3F3C12BB275F}
		{41039876-D801-3799-846E-AEFFE1CD1569} = {41039876-D801-3799-846E-AEFFE1CD1569}
		{BFECBF6E-806B-35A8-9C3B-D5897440B69F} = {BFECBF6E-806B-35A8-9C3B-D5897440B69F}
		{A549A1DE-0650-3E82-93D5-D48C6CAE051F} = {A549A1DE-0650-3E82-93D5-D48C6CAE051F}
		{05FC19BE-86B6-3EF4-88B1-CFC49266E3D2} = {05FC19BE-86B6-3EF4-88B1-CFC49266E3D2}
		{2FF49BE4-A810-3A7E-A8FD-4478DABB95AE} = {2FF49BE4-A810-3A7E-A8FD-4478DABB95AE}
		{7B152C48-E3AE-3596-9E22-DEA7BC5F8CFD} = {7B152C48-E3AE-3596-9E22-DEA7BC5F8CFD}
		{0FC9EEB0-E466-3DF8-91EE-61E20F190EB1} = {0FC9EEB0-E466-3DF8-91EE-61E20F190EB1}
		{AE0A9E36-5F25-383F-82F4-72888AC65C30} = {AE0A9E36-5F25-383F-82F4-72888AC65C30}
	EndProjectSection
EndProject
Project("{8BC9CEB8-8B4A-11D0-8D11-00A0C91BC942}") = "Test_btKinematicCharacterController", "test\BulletDynamics\Test_btKinematicCharacterController.vcxproj", "{D1E6548E-AB00-3105-AAF5-074ECDEF615A}"
	ProjectSection(ProjectDependencies) = postProject
		{1C1AA3C1-4A9A-3851-96AB-381C1EEE7C51} = {1C1AA3C1-4A9A-3851-96AB-381C1EEE7C51}
		{B7AB1960-5983-3FCF-9E7E-3F3C12BB275F} = {B7AB1960-5983-3FCF-9E7E-3F3C12BB275F}
		{7B152C48-E3AE-3596-9E22-DEA7BC5F8CFD} = {7B152C48-E3AE-3596-9E22-DEA7BC5F8CFD}
		{0FC9EEB0-E466-3DF8-91EE-61E20F190EB1} = {0FC9EEB0-E466-3DF8-91EE-61E20F190EB1}
		{AE0A9E36-5F25-383F-82F4-72888AC65C30} = {AE0A9E36-5F25-383F-82F4-72888AC65C30}
	EndProjectSection
EndProject
Project("{8BC9CEB8-8B4A-11D0-8D11-00A0C91BC942}") = "ZERO_CHECK", "ZERO_CHECK.vcxproj", "{0FC9EEB0-E466-3DF8-91EE-61E20F190EB1}"
	ProjectSection(ProjectDependencies) = postProject
	EndProjectSection
EndProject
Project("{8BC9CEB8-8B4A-11D0-8D11-00A0C91BC942}") = "clsocket", "examples\ThirdPartyLibs\clsocket\clsocket.vcxproj", "{CEDB1F97-E421-3112-9509-BF0579807156}"
	ProjectSection(ProjectDependencies) = postProject
		{0FC9EEB0-E466-3DF8-91EE-61E20F190EB1} = {0FC9EEB0-E466-3DF8-91EE-61E20F190EB1}
	EndProjectSection
EndProject
Project("{8BC9CEB8-8B4A-11D0-8D11-00A0C91BC942}") = "gtest", "test\gtest-1.7.0\gtest.vcxproj", "{AE0A9E36-5F25-383F-82F4-72888AC65C30}"
	ProjectSection(ProjectDependencies) = postProject
		{0FC9EEB0-E466-3DF8-91EE-61E20F190EB1} = {0FC9EEB0-E466-3DF8-91EE-61E20F190EB1}
	EndProjectSection
EndProject
Project("{8BC9CEB8-8B4A-11D0-8D11-00A0C91BC942}") = "gwen", "examples\ThirdPartyLibs\Gwen\gwen.vcxproj", "{05909C2B-9204-319C-B538-C46A098B43C9}"
	ProjectSection(ProjectDependencies) = postProject
		{0FC9EEB0-E466-3DF8-91EE-61E20F190EB1} = {0FC9EEB0-E466-3DF8-91EE-61E20F190EB1}
	EndProjectSection
EndProject
Global
	GlobalSection(SolutionConfigurationPlatforms) = preSolution
		Debug|Win32 = Debug|Win32
		Release|Win32 = Release|Win32
		MinSizeRel|Win32 = MinSizeRel|Win32
		RelWithDebInfo|Win32 = RelWithDebInfo|Win32
	EndGlobalSection
	GlobalSection(ProjectConfigurationPlatforms) = postSolution
		{7775A588-E312-3F19-AFED-8C9C1C374441}.Debug|Win32.ActiveCfg = Debug|Win32
		{7775A588-E312-3F19-AFED-8C9C1C374441}.Debug|Win32.Build.0 = Debug|Win32
		{7775A588-E312-3F19-AFED-8C9C1C374441}.Release|Win32.ActiveCfg = Release|Win32
		{7775A588-E312-3F19-AFED-8C9C1C374441}.Release|Win32.Build.0 = Release|Win32
		{7775A588-E312-3F19-AFED-8C9C1C374441}.MinSizeRel|Win32.ActiveCfg = MinSizeRel|Win32
		{7775A588-E312-3F19-AFED-8C9C1C374441}.MinSizeRel|Win32.Build.0 = MinSizeRel|Win32
		{7775A588-E312-3F19-AFED-8C9C1C374441}.RelWithDebInfo|Win32.ActiveCfg = RelWithDebInfo|Win32
		{7775A588-E312-3F19-AFED-8C9C1C374441}.RelWithDebInfo|Win32.Build.0 = RelWithDebInfo|Win32
		{E3A47CFF-E055-342A-8447-8AB264D4A288}.Debug|Win32.ActiveCfg = Debug|Win32
		{E3A47CFF-E055-342A-8447-8AB264D4A288}.Debug|Win32.Build.0 = Debug|Win32
		{E3A47CFF-E055-342A-8447-8AB264D4A288}.Release|Win32.ActiveCfg = Release|Win32
		{E3A47CFF-E055-342A-8447-8AB264D4A288}.Release|Win32.Build.0 = Release|Win32
		{E3A47CFF-E055-342A-8447-8AB264D4A288}.MinSizeRel|Win32.ActiveCfg = MinSizeRel|Win32
		{E3A47CFF-E055-342A-8447-8AB264D4A288}.MinSizeRel|Win32.Build.0 = MinSizeRel|Win32
		{E3A47CFF-E055-342A-8447-8AB264D4A288}.RelWithDebInfo|Win32.ActiveCfg = RelWithDebInfo|Win32
		{E3A47CFF-E055-342A-8447-8AB264D4A288}.RelWithDebInfo|Win32.Build.0 = RelWithDebInfo|Win32
		{C05A127C-12CD-3FBB-AFC5-D6F16C2EEE0E}.Debug|Win32.ActiveCfg = Debug|Win32
		{C05A127C-12CD-3FBB-AFC5-D6F16C2EEE0E}.Debug|Win32.Build.0 = Debug|Win32
		{C05A127C-12CD-3FBB-AFC5-D6F16C2EEE0E}.Release|Win32.ActiveCfg = Release|Win32
		{C05A127C-12CD-3FBB-AFC5-D6F16C2EEE0E}.Release|Win32.Build.0 = Release|Win32
		{C05A127C-12CD-3FBB-AFC5-D6F16C2EEE0E}.MinSizeRel|Win32.ActiveCfg = MinSizeRel|Win32
		{C05A127C-12CD-3FBB-AFC5-D6F16C2EEE0E}.MinSizeRel|Win32.Build.0 = MinSizeRel|Win32
		{C05A127C-12CD-3FBB-AFC5-D6F16C2EEE0E}.RelWithDebInfo|Win32.ActiveCfg = RelWithDebInfo|Win32
		{C05A127C-12CD-3FBB-AFC5-D6F16C2EEE0E}.RelWithDebInfo|Win32.Build.0 = RelWithDebInfo|Win32
		{DA6B5584-17AE-3FE7-B530-F73CF29FE58D}.Debug|Win32.ActiveCfg = Debug|Win32
		{DA6B5584-17AE-3FE7-B530-F73CF29FE58D}.Debug|Win32.Build.0 = Debug|Win32
		{DA6B5584-17AE-3FE7-B530-F73CF29FE58D}.Release|Win32.ActiveCfg = Release|Win32
		{DA6B5584-17AE-3FE7-B530-F73CF29FE58D}.Release|Win32.Build.0 = Release|Win32
		{DA6B5584-17AE-3FE7-B530-F73CF29FE58D}.MinSizeRel|Win32.ActiveCfg = MinSizeRel|Win32
		{DA6B5584-17AE-3FE7-B530-F73CF29FE58D}.MinSizeRel|Win32.Build.0 = MinSizeRel|Win32
		{DA6B5584-17AE-3FE7-B530-F73CF29FE58D}.RelWithDebInfo|Win32.ActiveCfg = RelWithDebInfo|Win32
		{DA6B5584-17AE-3FE7-B530-F73CF29FE58D}.RelWithDebInfo|Win32.Build.0 = RelWithDebInfo|Win32
		{A03CF069-37FA-3F90-B977-1D473F82AE56}.Debug|Win32.ActiveCfg = Debug|Win32
		{A03CF069-37FA-3F90-B977-1D473F82AE56}.Debug|Win32.Build.0 = Debug|Win32
		{A03CF069-37FA-3F90-B977-1D473F82AE56}.Release|Win32.ActiveCfg = Release|Win32
		{A03CF069-37FA-3F90-B977-1D473F82AE56}.Release|Win32.Build.0 = Release|Win32
		{A03CF069-37FA-3F90-B977-1D473F82AE56}.MinSizeRel|Win32.ActiveCfg = MinSizeRel|Win32
		{A03CF069-37FA-3F90-B977-1D473F82AE56}.MinSizeRel|Win32.Build.0 = MinSizeRel|Win32
		{A03CF069-37FA-3F90-B977-1D473F82AE56}.RelWithDebInfo|Win32.ActiveCfg = RelWithDebInfo|Win32
		{A03CF069-37FA-3F90-B977-1D473F82AE56}.RelWithDebInfo|Win32.Build.0 = RelWithDebInfo|Win32
		{4EF57B95-1D1E-339E-936D-74C2718E2E50}.Debug|Win32.ActiveCfg = Debug|Win32
		{4EF57B95-1D1E-339E-936D-74C2718E2E50}.Debug|Win32.Build.0 = Debug|Win32
		{4EF57B95-1D1E-339E-936D-74C2718E2E50}.Release|Win32.ActiveCfg = Release|Win32
		{4EF57B95-1D1E-339E-936D-74C2718E2E50}.Release|Win32.Build.0 = Release|Win32
		{4EF57B95-1D1E-339E-936D-74C2718E2E50}.MinSizeRel|Win32.ActiveCfg = MinSizeRel|Win32
		{4EF57B95-1D1E-339E-936D-74C2718E2E50}.MinSizeRel|Win32.Build.0 = MinSizeRel|Win32
		{4EF57B95-1D1E-339E-936D-74C2718E2E50}.RelWithDebInfo|Win32.ActiveCfg = RelWithDebInfo|Win32
		{4EF57B95-1D1E-339E-936D-74C2718E2E50}.RelWithDebInfo|Win32.Build.0 = RelWithDebInfo|Win32
		{BE1172E2-DF4F-3464-941F-E93E75F8BBEF}.Debug|Win32.ActiveCfg = Debug|Win32
		{BE1172E2-DF4F-3464-941F-E93E75F8BBEF}.Debug|Win32.Build.0 = Debug|Win32
		{BE1172E2-DF4F-3464-941F-E93E75F8BBEF}.Release|Win32.ActiveCfg = Release|Win32
		{BE1172E2-DF4F-3464-941F-E93E75F8BBEF}.Release|Win32.Build.0 = Release|Win32
		{BE1172E2-DF4F-3464-941F-E93E75F8BBEF}.MinSizeRel|Win32.ActiveCfg = MinSizeRel|Win32
		{BE1172E2-DF4F-3464-941F-E93E75F8BBEF}.MinSizeRel|Win32.Build.0 = MinSizeRel|Win32
		{BE1172E2-DF4F-3464-941F-E93E75F8BBEF}.RelWithDebInfo|Win32.ActiveCfg = RelWithDebInfo|Win32
		{BE1172E2-DF4F-3464-941F-E93E75F8BBEF}.RelWithDebInfo|Win32.Build.0 = RelWithDebInfo|Win32
		{D60EFAC2-9BE6-3D61-B6F3-E7716A3CB8E1}.Debug|Win32.ActiveCfg = Debug|Win32
		{D60EFAC2-9BE6-3D61-B6F3-E7716A3CB8E1}.Debug|Win32.Build.0 = Debug|Win32
		{D60EFAC2-9BE6-3D61-B6F3-E7716A3CB8E1}.Release|Win32.ActiveCfg = Release|Win32
		{D60EFAC2-9BE6-3D61-B6F3-E7716A3CB8E1}.Release|Win32.Build.0 = Release|Win32
		{D60EFAC2-9BE6-3D61-B6F3-E7716A3CB8E1}.MinSizeRel|Win32.ActiveCfg = MinSizeRel|Win32
		{D60EFAC2-9BE6-3D61-B6F3-E7716A3CB8E1}.MinSizeRel|Win32.Build.0 = MinSizeRel|Win32
		{D60EFAC2-9BE6-3D61-B6F3-E7716A3CB8E1}.RelWithDebInfo|Win32.ActiveCfg = RelWithDebInfo|Win32
		{D60EFAC2-9BE6-3D61-B6F3-E7716A3CB8E1}.RelWithDebInfo|Win32.Build.0 = RelWithDebInfo|Win32
		{4BF954B6-EDA9-3F66-BFB7-0B1BBFFB17FE}.Debug|Win32.ActiveCfg = Debug|Win32
		{4BF954B6-EDA9-3F66-BFB7-0B1BBFFB17FE}.Debug|Win32.Build.0 = Debug|Win32
		{4BF954B6-EDA9-3F66-BFB7-0B1BBFFB17FE}.Release|Win32.ActiveCfg = Release|Win32
		{4BF954B6-EDA9-3F66-BFB7-0B1BBFFB17FE}.Release|Win32.Build.0 = Release|Win32
		{4BF954B6-EDA9-3F66-BFB7-0B1BBFFB17FE}.MinSizeRel|Win32.ActiveCfg = MinSizeRel|Win32
		{4BF954B6-EDA9-3F66-BFB7-0B1BBFFB17FE}.MinSizeRel|Win32.Build.0 = MinSizeRel|Win32
		{4BF954B6-EDA9-3F66-BFB7-0B1BBFFB17FE}.RelWithDebInfo|Win32.ActiveCfg = RelWithDebInfo|Win32
		{4BF954B6-EDA9-3F66-BFB7-0B1BBFFB17FE}.RelWithDebInfo|Win32.Build.0 = RelWithDebInfo|Win32
		{B77AB6EC-9F9F-33CD-B279-8F36635BC7AF}.Debug|Win32.ActiveCfg = Debug|Win32
		{B77AB6EC-9F9F-33CD-B279-8F36635BC7AF}.Debug|Win32.Build.0 = Debug|Win32
		{B77AB6EC-9F9F-33CD-B279-8F36635BC7AF}.Release|Win32.ActiveCfg = Release|Win32
		{B77AB6EC-9F9F-33CD-B279-8F36635BC7AF}.Release|Win32.Build.0 = Release|Win32
		{B77AB6EC-9F9F-33CD-B279-8F36635BC7AF}.MinSizeRel|Win32.ActiveCfg = MinSizeRel|Win32
		{B77AB6EC-9F9F-33CD-B279-8F36635BC7AF}.MinSizeRel|Win32.Build.0 = MinSizeRel|Win32
		{B77AB6EC-9F9F-33CD-B279-8F36635BC7AF}.RelWithDebInfo|Win32.ActiveCfg = RelWithDebInfo|Win32
		{B77AB6EC-9F9F-33CD-B279-8F36635BC7AF}.RelWithDebInfo|Win32.Build.0 = RelWithDebInfo|Win32
		{F65F9CEF-D1B8-3E17-9635-F832ABCAAA2E}.Debug|Win32.ActiveCfg = Debug|Win32
		{F65F9CEF-D1B8-3E17-9635-F832ABCAAA2E}.Debug|Win32.Build.0 = Debug|Win32
		{F65F9CEF-D1B8-3E17-9635-F832ABCAAA2E}.Release|Win32.ActiveCfg = Release|Win32
		{F65F9CEF-D1B8-3E17-9635-F832ABCAAA2E}.Release|Win32.Build.0 = Release|Win32
		{F65F9CEF-D1B8-3E17-9635-F832ABCAAA2E}.MinSizeRel|Win32.ActiveCfg = MinSizeRel|Win32
		{F65F9CEF-D1B8-3E17-9635-F832ABCAAA2E}.MinSizeRel|Win32.Build.0 = MinSizeRel|Win32
		{F65F9CEF-D1B8-3E17-9635-F832ABCAAA2E}.RelWithDebInfo|Win32.ActiveCfg = RelWithDebInfo|Win32
		{F65F9CEF-D1B8-3E17-9635-F832ABCAAA2E}.RelWithDebInfo|Win32.Build.0 = RelWithDebInfo|Win32
		{85C7ACBD-684A-3C51-AFBC-20C5625E589C}.Debug|Win32.ActiveCfg = Debug|Win32
		{85C7ACBD-684A-3C51-AFBC-20C5625E589C}.Debug|Win32.Build.0 = Debug|Win32
		{85C7ACBD-684A-3C51-AFBC-20C5625E589C}.Release|Win32.ActiveCfg = Release|Win32
		{85C7ACBD-684A-3C51-AFBC-20C5625E589C}.Release|Win32.Build.0 = Release|Win32
		{85C7ACBD-684A-3C51-AFBC-20C5625E589C}.MinSizeRel|Win32.ActiveCfg = MinSizeRel|Win32
		{85C7ACBD-684A-3C51-AFBC-20C5625E589C}.MinSizeRel|Win32.Build.0 = MinSizeRel|Win32
		{85C7ACBD-684A-3C51-AFBC-20C5625E589C}.RelWithDebInfo|Win32.ActiveCfg = RelWithDebInfo|Win32
		{85C7ACBD-684A-3C51-AFBC-20C5625E589C}.RelWithDebInfo|Win32.Build.0 = RelWithDebInfo|Win32
		{61E28C3F-8CD1-3EDD-A868-E40027C958F4}.Debug|Win32.ActiveCfg = Debug|Win32
		{61E28C3F-8CD1-3EDD-A868-E40027C958F4}.Debug|Win32.Build.0 = Debug|Win32
		{61E28C3F-8CD1-3EDD-A868-E40027C958F4}.Release|Win32.ActiveCfg = Release|Win32
		{61E28C3F-8CD1-3EDD-A868-E40027C958F4}.Release|Win32.Build.0 = Release|Win32
		{61E28C3F-8CD1-3EDD-A868-E40027C958F4}.MinSizeRel|Win32.ActiveCfg = MinSizeRel|Win32
		{61E28C3F-8CD1-3EDD-A868-E40027C958F4}.MinSizeRel|Win32.Build.0 = MinSizeRel|Win32
		{61E28C3F-8CD1-3EDD-A868-E40027C958F4}.RelWithDebInfo|Win32.ActiveCfg = RelWithDebInfo|Win32
		{61E28C3F-8CD1-3EDD-A868-E40027C958F4}.RelWithDebInfo|Win32.Build.0 = RelWithDebInfo|Win32
		{A69926A0-D2F0-3402-BB5E-A2B7A22865F3}.Debug|Win32.ActiveCfg = Debug|Win32
		{A69926A0-D2F0-3402-BB5E-A2B7A22865F3}.Debug|Win32.Build.0 = Debug|Win32
		{A69926A0-D2F0-3402-BB5E-A2B7A22865F3}.Release|Win32.ActiveCfg = Release|Win32
		{A69926A0-D2F0-3402-BB5E-A2B7A22865F3}.Release|Win32.Build.0 = Release|Win32
		{A69926A0-D2F0-3402-BB5E-A2B7A22865F3}.MinSizeRel|Win32.ActiveCfg = MinSizeRel|Win32
		{A69926A0-D2F0-3402-BB5E-A2B7A22865F3}.MinSizeRel|Win32.Build.0 = MinSizeRel|Win32
		{A69926A0-D2F0-3402-BB5E-A2B7A22865F3}.RelWithDebInfo|Win32.ActiveCfg = RelWithDebInfo|Win32
		{A69926A0-D2F0-3402-BB5E-A2B7A22865F3}.RelWithDebInfo|Win32.Build.0 = RelWithDebInfo|Win32
		{5BFCBEA1-9C3D-3885-91A2-5493BD095750}.Debug|Win32.ActiveCfg = Debug|Win32
		{5BFCBEA1-9C3D-3885-91A2-5493BD095750}.Debug|Win32.Build.0 = Debug|Win32
		{5BFCBEA1-9C3D-3885-91A2-5493BD095750}.Release|Win32.ActiveCfg = Release|Win32
		{5BFCBEA1-9C3D-3885-91A2-5493BD095750}.Release|Win32.Build.0 = Release|Win32
		{5BFCBEA1-9C3D-3885-91A2-5493BD095750}.MinSizeRel|Win32.ActiveCfg = MinSizeRel|Win32
		{5BFCBEA1-9C3D-3885-91A2-5493BD095750}.MinSizeRel|Win32.Build.0 = MinSizeRel|Win32
		{5BFCBEA1-9C3D-3885-91A2-5493BD095750}.RelWithDebInfo|Win32.ActiveCfg = RelWithDebInfo|Win32
		{5BFCBEA1-9C3D-3885-91A2-5493BD095750}.RelWithDebInfo|Win32.Build.0 = RelWithDebInfo|Win32
		{10FE7935-19FD-30D0-93EF-05C8F2BFDCE1}.Debug|Win32.ActiveCfg = Debug|Win32
		{10FE7935-19FD-30D0-93EF-05C8F2BFDCE1}.Debug|Win32.Build.0 = Debug|Win32
		{10FE7935-19FD-30D0-93EF-05C8F2BFDCE1}.Release|Win32.ActiveCfg = Release|Win32
		{10FE7935-19FD-30D0-93EF-05C8F2BFDCE1}.Release|Win32.Build.0 = Release|Win32
		{10FE7935-19FD-30D0-93EF-05C8F2BFDCE1}.MinSizeRel|Win32.ActiveCfg = MinSizeRel|Win32
		{10FE7935-19FD-30D0-93EF-05C8F2BFDCE1}.MinSizeRel|Win32.Build.0 = MinSizeRel|Win32
		{10FE7935-19FD-30D0-93EF-05C8F2BFDCE1}.RelWithDebInfo|Win32.ActiveCfg = RelWithDebInfo|Win32
		{10FE7935-19FD-30D0-93EF-05C8F2BFDCE1}.RelWithDebInfo|Win32.Build.0 = RelWithDebInfo|Win32
		{1C1AA3C1-4A9A-3851-96AB-381C1EEE7C51}.Debug|Win32.ActiveCfg = Debug|Win32
		{1C1AA3C1-4A9A-3851-96AB-381C1EEE7C51}.Debug|Win32.Build.0 = Debug|Win32
		{1C1AA3C1-4A9A-3851-96AB-381C1EEE7C51}.Release|Win32.ActiveCfg = Release|Win32
		{1C1AA3C1-4A9A-3851-96AB-381C1EEE7C51}.Release|Win32.Build.0 = Release|Win32
		{1C1AA3C1-4A9A-3851-96AB-381C1EEE7C51}.MinSizeRel|Win32.ActiveCfg = MinSizeRel|Win32
		{1C1AA3C1-4A9A-3851-96AB-381C1EEE7C51}.MinSizeRel|Win32.Build.0 = MinSizeRel|Win32
		{1C1AA3C1-4A9A-3851-96AB-381C1EEE7C51}.RelWithDebInfo|Win32.ActiveCfg = RelWithDebInfo|Win32
		{1C1AA3C1-4A9A-3851-96AB-381C1EEE7C51}.RelWithDebInfo|Win32.Build.0 = RelWithDebInfo|Win32
		{B7AB1960-5983-3FCF-9E7E-3F3C12BB275F}.Debug|Win32.ActiveCfg = Debug|Win32
		{B7AB1960-5983-3FCF-9E7E-3F3C12BB275F}.Debug|Win32.Build.0 = Debug|Win32
		{B7AB1960-5983-3FCF-9E7E-3F3C12BB275F}.Release|Win32.ActiveCfg = Release|Win32
		{B7AB1960-5983-3FCF-9E7E-3F3C12BB275F}.Release|Win32.Build.0 = Release|Win32
		{B7AB1960-5983-3FCF-9E7E-3F3C12BB275F}.MinSizeRel|Win32.ActiveCfg = MinSizeRel|Win32
		{B7AB1960-5983-3FCF-9E7E-3F3C12BB275F}.MinSizeRel|Win32.Build.0 = MinSizeRel|Win32
		{B7AB1960-5983-3FCF-9E7E-3F3C12BB275F}.RelWithDebInfo|Win32.ActiveCfg = RelWithDebInfo|Win32
		{B7AB1960-5983-3FCF-9E7E-3F3C12BB275F}.RelWithDebInfo|Win32.Build.0 = RelWithDebInfo|Win32
		{3A217D7A-8CD7-3546-A2FD-EF4D018B1CD0}.Debug|Win32.ActiveCfg = Debug|Win32
		{3A217D7A-8CD7-3546-A2FD-EF4D018B1CD0}.Debug|Win32.Build.0 = Debug|Win32
		{3A217D7A-8CD7-3546-A2FD-EF4D018B1CD0}.Release|Win32.ActiveCfg = Release|Win32
		{3A217D7A-8CD7-3546-A2FD-EF4D018B1CD0}.Release|Win32.Build.0 = Release|Win32
		{3A217D7A-8CD7-3546-A2FD-EF4D018B1CD0}.MinSizeRel|Win32.ActiveCfg = MinSizeRel|Win32
		{3A217D7A-8CD7-3546-A2FD-EF4D018B1CD0}.MinSizeRel|Win32.Build.0 = MinSizeRel|Win32
		{3A217D7A-8CD7-3546-A2FD-EF4D018B1CD0}.RelWithDebInfo|Win32.ActiveCfg = RelWithDebInfo|Win32
		{3A217D7A-8CD7-3546-A2FD-EF4D018B1CD0}.RelWithDebInfo|Win32.Build.0 = RelWithDebInfo|Win32
		{41039876-D801-3799-846E-AEFFE1CD1569}.Debug|Win32.ActiveCfg = Debug|Win32
		{41039876-D801-3799-846E-AEFFE1CD1569}.Debug|Win32.Build.0 = Debug|Win32
		{41039876-D801-3799-846E-AEFFE1CD1569}.Release|Win32.ActiveCfg = Release|Win32
		{41039876-D801-3799-846E-AEFFE1CD1569}.Release|Win32.Build.0 = Release|Win32
		{41039876-D801-3799-846E-AEFFE1CD1569}.MinSizeRel|Win32.ActiveCfg = MinSizeRel|Win32
		{41039876-D801-3799-846E-AEFFE1CD1569}.MinSizeRel|Win32.Build.0 = MinSizeRel|Win32
		{41039876-D801-3799-846E-AEFFE1CD1569}.RelWithDebInfo|Win32.ActiveCfg = RelWithDebInfo|Win32
		{41039876-D801-3799-846E-AEFFE1CD1569}.RelWithDebInfo|Win32.Build.0 = RelWithDebInfo|Win32
		{BFECBF6E-806B-35A8-9C3B-D5897440B69F}.Debug|Win32.ActiveCfg = Debug|Win32
		{BFECBF6E-806B-35A8-9C3B-D5897440B69F}.Debug|Win32.Build.0 = Debug|Win32
		{BFECBF6E-806B-35A8-9C3B-D5897440B69F}.Release|Win32.ActiveCfg = Release|Win32
		{BFECBF6E-806B-35A8-9C3B-D5897440B69F}.Release|Win32.Build.0 = Release|Win32
		{BFECBF6E-806B-35A8-9C3B-D5897440B69F}.MinSizeRel|Win32.ActiveCfg = MinSizeRel|Win32
		{BFECBF6E-806B-35A8-9C3B-D5897440B69F}.MinSizeRel|Win32.Build.0 = MinSizeRel|Win32
		{BFECBF6E-806B-35A8-9C3B-D5897440B69F}.RelWithDebInfo|Win32.ActiveCfg = RelWithDebInfo|Win32
		{BFECBF6E-806B-35A8-9C3B-D5897440B69F}.RelWithDebInfo|Win32.Build.0 = RelWithDebInfo|Win32
		{A549A1DE-0650-3E82-93D5-D48C6CAE051F}.Debug|Win32.ActiveCfg = Debug|Win32
		{A549A1DE-0650-3E82-93D5-D48C6CAE051F}.Debug|Win32.Build.0 = Debug|Win32
		{A549A1DE-0650-3E82-93D5-D48C6CAE051F}.Release|Win32.ActiveCfg = Release|Win32
		{A549A1DE-0650-3E82-93D5-D48C6CAE051F}.Release|Win32.Build.0 = Release|Win32
		{A549A1DE-0650-3E82-93D5-D48C6CAE051F}.MinSizeRel|Win32.ActiveCfg = MinSizeRel|Win32
		{A549A1DE-0650-3E82-93D5-D48C6CAE051F}.MinSizeRel|Win32.Build.0 = MinSizeRel|Win32
		{A549A1DE-0650-3E82-93D5-D48C6CAE051F}.RelWithDebInfo|Win32.ActiveCfg = RelWithDebInfo|Win32
		{A549A1DE-0650-3E82-93D5-D48C6CAE051F}.RelWithDebInfo|Win32.Build.0 = RelWithDebInfo|Win32
		{19DBF71C-041E-3A54-9305-FCE466D471BA}.Debug|Win32.ActiveCfg = Debug|Win32
		{19DBF71C-041E-3A54-9305-FCE466D471BA}.Debug|Win32.Build.0 = Debug|Win32
		{19DBF71C-041E-3A54-9305-FCE466D471BA}.Release|Win32.ActiveCfg = Release|Win32
		{19DBF71C-041E-3A54-9305-FCE466D471BA}.Release|Win32.Build.0 = Release|Win32
		{19DBF71C-041E-3A54-9305-FCE466D471BA}.MinSizeRel|Win32.ActiveCfg = MinSizeRel|Win32
		{19DBF71C-041E-3A54-9305-FCE466D471BA}.MinSizeRel|Win32.Build.0 = MinSizeRel|Win32
		{19DBF71C-041E-3A54-9305-FCE466D471BA}.RelWithDebInfo|Win32.ActiveCfg = RelWithDebInfo|Win32
		{19DBF71C-041E-3A54-9305-FCE466D471BA}.RelWithDebInfo|Win32.Build.0 = RelWithDebInfo|Win32
		{431CDC0B-DFC8-3339-AC48-162716895C6A}.Debug|Win32.ActiveCfg = Debug|Win32
		{431CDC0B-DFC8-3339-AC48-162716895C6A}.Debug|Win32.Build.0 = Debug|Win32
		{431CDC0B-DFC8-3339-AC48-162716895C6A}.Release|Win32.ActiveCfg = Release|Win32
		{431CDC0B-DFC8-3339-AC48-162716895C6A}.Release|Win32.Build.0 = Release|Win32
		{431CDC0B-DFC8-3339-AC48-162716895C6A}.MinSizeRel|Win32.ActiveCfg = MinSizeRel|Win32
		{431CDC0B-DFC8-3339-AC48-162716895C6A}.MinSizeRel|Win32.Build.0 = MinSizeRel|Win32
		{431CDC0B-DFC8-3339-AC48-162716895C6A}.RelWithDebInfo|Win32.ActiveCfg = RelWithDebInfo|Win32
		{431CDC0B-DFC8-3339-AC48-162716895C6A}.RelWithDebInfo|Win32.Build.0 = RelWithDebInfo|Win32
		{05FC19BE-86B6-3EF4-88B1-CFC49266E3D2}.Debug|Win32.ActiveCfg = Debug|Win32
		{05FC19BE-86B6-3EF4-88B1-CFC49266E3D2}.Debug|Win32.Build.0 = Debug|Win32
		{05FC19BE-86B6-3EF4-88B1-CFC49266E3D2}.Release|Win32.ActiveCfg = Release|Win32
		{05FC19BE-86B6-3EF4-88B1-CFC49266E3D2}.Release|Win32.Build.0 = Release|Win32
		{05FC19BE-86B6-3EF4-88B1-CFC49266E3D2}.MinSizeRel|Win32.ActiveCfg = MinSizeRel|Win32
		{05FC19BE-86B6-3EF4-88B1-CFC49266E3D2}.MinSizeRel|Win32.Build.0 = MinSizeRel|Win32
		{05FC19BE-86B6-3EF4-88B1-CFC49266E3D2}.RelWithDebInfo|Win32.ActiveCfg = RelWithDebInfo|Win32
		{05FC19BE-86B6-3EF4-88B1-CFC49266E3D2}.RelWithDebInfo|Win32.Build.0 = RelWithDebInfo|Win32
		{9293B2B8-43FB-3B93-91F2-787F2BD3A2F4}.Debug|Win32.ActiveCfg = Debug|Win32
		{9293B2B8-43FB-3B93-91F2-787F2BD3A2F4}.Debug|Win32.Build.0 = Debug|Win32
		{9293B2B8-43FB-3B93-91F2-787F2BD3A2F4}.Release|Win32.ActiveCfg = Release|Win32
		{9293B2B8-43FB-3B93-91F2-787F2BD3A2F4}.Release|Win32.Build.0 = Release|Win32
		{9293B2B8-43FB-3B93-91F2-787F2BD3A2F4}.MinSizeRel|Win32.ActiveCfg = MinSizeRel|Win32
		{9293B2B8-43FB-3B93-91F2-787F2BD3A2F4}.MinSizeRel|Win32.Build.0 = MinSizeRel|Win32
		{9293B2B8-43FB-3B93-91F2-787F2BD3A2F4}.RelWithDebInfo|Win32.ActiveCfg = RelWithDebInfo|Win32
		{9293B2B8-43FB-3B93-91F2-787F2BD3A2F4}.RelWithDebInfo|Win32.Build.0 = RelWithDebInfo|Win32
		{2FF49BE4-A810-3A7E-A8FD-4478DABB95AE}.Debug|Win32.ActiveCfg = Debug|Win32
		{2FF49BE4-A810-3A7E-A8FD-4478DABB95AE}.Debug|Win32.Build.0 = Debug|Win32
		{2FF49BE4-A810-3A7E-A8FD-4478DABB95AE}.Release|Win32.ActiveCfg = Release|Win32
		{2FF49BE4-A810-3A7E-A8FD-4478DABB95AE}.Release|Win32.Build.0 = Release|Win32
		{2FF49BE4-A810-3A7E-A8FD-4478DABB95AE}.MinSizeRel|Win32.ActiveCfg = MinSizeRel|Win32
		{2FF49BE4-A810-3A7E-A8FD-4478DABB95AE}.MinSizeRel|Win32.Build.0 = MinSizeRel|Win32
		{2FF49BE4-A810-3A7E-A8FD-4478DABB95AE}.RelWithDebInfo|Win32.ActiveCfg = RelWithDebInfo|Win32
		{2FF49BE4-A810-3A7E-A8FD-4478DABB95AE}.RelWithDebInfo|Win32.Build.0 = RelWithDebInfo|Win32
		{74182173-57EE-34E5-AC17-C738E268833F}.Debug|Win32.ActiveCfg = Debug|Win32
		{74182173-57EE-34E5-AC17-C738E268833F}.Debug|Win32.Build.0 = Debug|Win32
		{74182173-57EE-34E5-AC17-C738E268833F}.Release|Win32.ActiveCfg = Release|Win32
		{74182173-57EE-34E5-AC17-C738E268833F}.Release|Win32.Build.0 = Release|Win32
		{74182173-57EE-34E5-AC17-C738E268833F}.MinSizeRel|Win32.ActiveCfg = MinSizeRel|Win32
		{74182173-57EE-34E5-AC17-C738E268833F}.MinSizeRel|Win32.Build.0 = MinSizeRel|Win32
		{74182173-57EE-34E5-AC17-C738E268833F}.RelWithDebInfo|Win32.ActiveCfg = RelWithDebInfo|Win32
		{74182173-57EE-34E5-AC17-C738E268833F}.RelWithDebInfo|Win32.Build.0 = RelWithDebInfo|Win32
		{5CE727F6-06A5-3F90-9442-0A21A2FE551B}.Debug|Win32.ActiveCfg = Debug|Win32
		{5CE727F6-06A5-3F90-9442-0A21A2FE551B}.Debug|Win32.Build.0 = Debug|Win32
		{5CE727F6-06A5-3F90-9442-0A21A2FE551B}.Release|Win32.ActiveCfg = Release|Win32
		{5CE727F6-06A5-3F90-9442-0A21A2FE551B}.Release|Win32.Build.0 = Release|Win32
		{5CE727F6-06A5-3F90-9442-0A21A2FE551B}.MinSizeRel|Win32.ActiveCfg = MinSizeRel|Win32
		{5CE727F6-06A5-3F90-9442-0A21A2FE551B}.MinSizeRel|Win32.Build.0 = MinSizeRel|Win32
		{5CE727F6-06A5-3F90-9442-0A21A2FE551B}.RelWithDebInfo|Win32.ActiveCfg = RelWithDebInfo|Win32
		{5CE727F6-06A5-3F90-9442-0A21A2FE551B}.RelWithDebInfo|Win32.Build.0 = RelWithDebInfo|Win32
		{41A2C955-6902-3443-AF31-14FD8EB9B70C}.Debug|Win32.ActiveCfg = Debug|Win32
		{41A2C955-6902-3443-AF31-14FD8EB9B70C}.Debug|Win32.Build.0 = Debug|Win32
		{41A2C955-6902-3443-AF31-14FD8EB9B70C}.Release|Win32.ActiveCfg = Release|Win32
		{41A2C955-6902-3443-AF31-14FD8EB9B70C}.Release|Win32.Build.0 = Release|Win32
		{41A2C955-6902-3443-AF31-14FD8EB9B70C}.MinSizeRel|Win32.ActiveCfg = MinSizeRel|Win32
		{41A2C955-6902-3443-AF31-14FD8EB9B70C}.MinSizeRel|Win32.Build.0 = MinSizeRel|Win32
		{41A2C955-6902-3443-AF31-14FD8EB9B70C}.RelWithDebInfo|Win32.ActiveCfg = RelWithDebInfo|Win32
		{41A2C955-6902-3443-AF31-14FD8EB9B70C}.RelWithDebInfo|Win32.Build.0 = RelWithDebInfo|Win32
		{6BEFDE42-9B8B-3502-A261-C8F704215109}.Debug|Win32.ActiveCfg = Debug|Win32
		{6BEFDE42-9B8B-3502-A261-C8F704215109}.Release|Win32.ActiveCfg = Release|Win32
		{6BEFDE42-9B8B-3502-A261-C8F704215109}.MinSizeRel|Win32.ActiveCfg = MinSizeRel|Win32
		{6BEFDE42-9B8B-3502-A261-C8F704215109}.RelWithDebInfo|Win32.ActiveCfg = RelWithDebInfo|Win32
		{7B152C48-E3AE-3596-9E22-DEA7BC5F8CFD}.Debug|Win32.ActiveCfg = Debug|Win32
		{7B152C48-E3AE-3596-9E22-DEA7BC5F8CFD}.Debug|Win32.Build.0 = Debug|Win32
		{7B152C48-E3AE-3596-9E22-DEA7BC5F8CFD}.Release|Win32.ActiveCfg = Release|Win32
		{7B152C48-E3AE-3596-9E22-DEA7BC5F8CFD}.Release|Win32.Build.0 = Release|Win32
		{7B152C48-E3AE-3596-9E22-DEA7BC5F8CFD}.MinSizeRel|Win32.ActiveCfg = MinSizeRel|Win32
		{7B152C48-E3AE-3596-9E22-DEA7BC5F8CFD}.MinSizeRel|Win32.Build.0 = MinSizeRel|Win32
		{7B152C48-E3AE-3596-9E22-DEA7BC5F8CFD}.RelWithDebInfo|Win32.ActiveCfg = RelWithDebInfo|Win32
		{7B152C48-E3AE-3596-9E22-DEA7BC5F8CFD}.RelWithDebInfo|Win32.Build.0 = RelWithDebInfo|Win32
		{BCD3C7CB-0052-3EB3-BEE8-3E9BA9E39449}.Debug|Win32.ActiveCfg = Debug|Win32
		{BCD3C7CB-0052-3EB3-BEE8-3E9BA9E39449}.Debug|Win32.Build.0 = Debug|Win32
		{BCD3C7CB-0052-3EB3-BEE8-3E9BA9E39449}.Release|Win32.ActiveCfg = Release|Win32
		{BCD3C7CB-0052-3EB3-BEE8-3E9BA9E39449}.Release|Win32.Build.0 = Release|Win32
		{BCD3C7CB-0052-3EB3-BEE8-3E9BA9E39449}.MinSizeRel|Win32.ActiveCfg = MinSizeRel|Win32
		{BCD3C7CB-0052-3EB3-BEE8-3E9BA9E39449}.MinSizeRel|Win32.Build.0 = MinSizeRel|Win32
		{BCD3C7CB-0052-3EB3-BEE8-3E9BA9E39449}.RelWithDebInfo|Win32.ActiveCfg = RelWithDebInfo|Win32
		{BCD3C7CB-0052-3EB3-BEE8-3E9BA9E39449}.RelWithDebInfo|Win32.Build.0 = RelWithDebInfo|Win32
		{A8E3E0C3-4B99-3FA5-8D91-511E2BC4C742}.Debug|Win32.ActiveCfg = Debug|Win32
		{A8E3E0C3-4B99-3FA5-8D91-511E2BC4C742}.Release|Win32.ActiveCfg = Release|Win32
		{A8E3E0C3-4B99-3FA5-8D91-511E2BC4C742}.MinSizeRel|Win32.ActiveCfg = MinSizeRel|Win32
		{A8E3E0C3-4B99-3FA5-8D91-511E2BC4C742}.RelWithDebInfo|Win32.ActiveCfg = RelWithDebInfo|Win32
		{EE18EDD8-D1DD-340C-99C1-A923CC70C9A5}.Debug|Win32.ActiveCfg = Debug|Win32
		{EE18EDD8-D1DD-340C-99C1-A923CC70C9A5}.Debug|Win32.Build.0 = Debug|Win32
		{EE18EDD8-D1DD-340C-99C1-A923CC70C9A5}.Release|Win32.ActiveCfg = Release|Win32
		{EE18EDD8-D1DD-340C-99C1-A923CC70C9A5}.Release|Win32.Build.0 = Release|Win32
		{EE18EDD8-D1DD-340C-99C1-A923CC70C9A5}.MinSizeRel|Win32.ActiveCfg = MinSizeRel|Win32
		{EE18EDD8-D1DD-340C-99C1-A923CC70C9A5}.MinSizeRel|Win32.Build.0 = MinSizeRel|Win32
		{EE18EDD8-D1DD-340C-99C1-A923CC70C9A5}.RelWithDebInfo|Win32.ActiveCfg = RelWithDebInfo|Win32
		{EE18EDD8-D1DD-340C-99C1-A923CC70C9A5}.RelWithDebInfo|Win32.Build.0 = RelWithDebInfo|Win32
		{222F357E-06CB-3867-A5B2-A3872A71F948}.Debug|Win32.ActiveCfg = Debug|Win32
		{222F357E-06CB-3867-A5B2-A3872A71F948}.Debug|Win32.Build.0 = Debug|Win32
		{222F357E-06CB-3867-A5B2-A3872A71F948}.Release|Win32.ActiveCfg = Release|Win32
		{222F357E-06CB-3867-A5B2-A3872A71F948}.Release|Win32.Build.0 = Release|Win32
		{222F357E-06CB-3867-A5B2-A3872A71F948}.MinSizeRel|Win32.ActiveCfg = MinSizeRel|Win32
		{222F357E-06CB-3867-A5B2-A3872A71F948}.MinSizeRel|Win32.Build.0 = MinSizeRel|Win32
		{222F357E-06CB-3867-A5B2-A3872A71F948}.RelWithDebInfo|Win32.ActiveCfg = RelWithDebInfo|Win32
		{222F357E-06CB-3867-A5B2-A3872A71F948}.RelWithDebInfo|Win32.Build.0 = RelWithDebInfo|Win32
		{879EF523-EDA6-3533-9108-CA9BB1499388}.Debug|Win32.ActiveCfg = Debug|Win32
		{879EF523-EDA6-3533-9108-CA9BB1499388}.Debug|Win32.Build.0 = Debug|Win32
		{879EF523-EDA6-3533-9108-CA9BB1499388}.Release|Win32.ActiveCfg = Release|Win32
		{879EF523-EDA6-3533-9108-CA9BB1499388}.Release|Win32.Build.0 = Release|Win32
		{879EF523-EDA6-3533-9108-CA9BB1499388}.MinSizeRel|Win32.ActiveCfg = MinSizeRel|Win32
		{879EF523-EDA6-3533-9108-CA9BB1499388}.MinSizeRel|Win32.Build.0 = MinSizeRel|Win32
		{879EF523-EDA6-3533-9108-CA9BB1499388}.RelWithDebInfo|Win32.ActiveCfg = RelWithDebInfo|Win32
		{879EF523-EDA6-3533-9108-CA9BB1499388}.RelWithDebInfo|Win32.Build.0 = RelWithDebInfo|Win32
		{2945CAF5-B3B5-347E-B77B-3DB6C39308FA}.Debug|Win32.ActiveCfg = Debug|Win32
		{2945CAF5-B3B5-347E-B77B-3DB6C39308FA}.Debug|Win32.Build.0 = Debug|Win32
		{2945CAF5-B3B5-347E-B77B-3DB6C39308FA}.Release|Win32.ActiveCfg = Release|Win32
		{2945CAF5-B3B5-347E-B77B-3DB6C39308FA}.Release|Win32.Build.0 = Release|Win32
		{2945CAF5-B3B5-347E-B77B-3DB6C39308FA}.MinSizeRel|Win32.ActiveCfg = MinSizeRel|Win32
		{2945CAF5-B3B5-347E-B77B-3DB6C39308FA}.MinSizeRel|Win32.Build.0 = MinSizeRel|Win32
		{2945CAF5-B3B5-347E-B77B-3DB6C39308FA}.RelWithDebInfo|Win32.ActiveCfg = RelWithDebInfo|Win32
		{2945CAF5-B3B5-347E-B77B-3DB6C39308FA}.RelWithDebInfo|Win32.Build.0 = RelWithDebInfo|Win32
		{EC70C220-7D7F-3843-89CD-DB09ADAAB88F}.Debug|Win32.ActiveCfg = Debug|Win32
		{EC70C220-7D7F-3843-89CD-DB09ADAAB88F}.Debug|Win32.Build.0 = Debug|Win32
		{EC70C220-7D7F-3843-89CD-DB09ADAAB88F}.Release|Win32.ActiveCfg = Release|Win32
		{EC70C220-7D7F-3843-89CD-DB09ADAAB88F}.Release|Win32.Build.0 = Release|Win32
		{EC70C220-7D7F-3843-89CD-DB09ADAAB88F}.MinSizeRel|Win32.ActiveCfg = MinSizeRel|Win32
		{EC70C220-7D7F-3843-89CD-DB09ADAAB88F}.MinSizeRel|Win32.Build.0 = MinSizeRel|Win32
		{EC70C220-7D7F-3843-89CD-DB09ADAAB88F}.RelWithDebInfo|Win32.ActiveCfg = RelWithDebInfo|Win32
		{EC70C220-7D7F-3843-89CD-DB09ADAAB88F}.RelWithDebInfo|Win32.Build.0 = RelWithDebInfo|Win32
		{BFF944D2-0663-3CE3-B38A-D9C753595A72}.Debug|Win32.ActiveCfg = Debug|Win32
		{BFF944D2-0663-3CE3-B38A-D9C753595A72}.Debug|Win32.Build.0 = Debug|Win32
		{BFF944D2-0663-3CE3-B38A-D9C753595A72}.Release|Win32.ActiveCfg = Release|Win32
		{BFF944D2-0663-3CE3-B38A-D9C753595A72}.Release|Win32.Build.0 = Release|Win32
		{BFF944D2-0663-3CE3-B38A-D9C753595A72}.MinSizeRel|Win32.ActiveCfg = MinSizeRel|Win32
		{BFF944D2-0663-3CE3-B38A-D9C753595A72}.MinSizeRel|Win32.Build.0 = MinSizeRel|Win32
		{BFF944D2-0663-3CE3-B38A-D9C753595A72}.RelWithDebInfo|Win32.ActiveCfg = RelWithDebInfo|Win32
		{BFF944D2-0663-3CE3-B38A-D9C753595A72}.RelWithDebInfo|Win32.Build.0 = RelWithDebInfo|Win32
		{D1E6548E-AB00-3105-AAF5-074ECDEF615A}.Debug|Win32.ActiveCfg = Debug|Win32
		{D1E6548E-AB00-3105-AAF5-074ECDEF615A}.Debug|Win32.Build.0 = Debug|Win32
		{D1E6548E-AB00-3105-AAF5-074ECDEF615A}.Release|Win32.ActiveCfg = Release|Win32
		{D1E6548E-AB00-3105-AAF5-074ECDEF615A}.Release|Win32.Build.0 = Release|Win32
		{D1E6548E-AB00-3105-AAF5-074ECDEF615A}.MinSizeRel|Win32.ActiveCfg = MinSizeRel|Win32
		{D1E6548E-AB00-3105-AAF5-074ECDEF615A}.MinSizeRel|Win32.Build.0 = MinSizeRel|Win32
		{D1E6548E-AB00-3105-AAF5-074ECDEF615A}.RelWithDebInfo|Win32.ActiveCfg = RelWithDebInfo|Win32
		{D1E6548E-AB00-3105-AAF5-074ECDEF615A}.RelWithDebInfo|Win32.Build.0 = RelWithDebInfo|Win32
		{0FC9EEB0-E466-3DF8-91EE-61E20F190EB1}.Debug|Win32.ActiveCfg = Debug|Win32
		{0FC9EEB0-E466-3DF8-91EE-61E20F190EB1}.Debug|Win32.Build.0 = Debug|Win32
		{0FC9EEB0-E466-3DF8-91EE-61E20F190EB1}.Release|Win32.ActiveCfg = Release|Win32
		{0FC9EEB0-E466-3DF8-91EE-61E20F190EB1}.Release|Win32.Build.0 = Release|Win32
		{0FC9EEB0-E466-3DF8-91EE-61E20F190EB1}.MinSizeRel|Win32.ActiveCfg = MinSizeRel|Win32
		{0FC9EEB0-E466-3DF8-91EE-61E20F190EB1}.MinSizeRel|Win32.Build.0 = MinSizeRel|Win32
		{0FC9EEB0-E466-3DF8-91EE-61E20F190EB1}.RelWithDebInfo|Win32.ActiveCfg = RelWithDebInfo|Win32
		{0FC9EEB0-E466-3DF8-91EE-61E20F190EB1}.RelWithDebInfo|Win32.Build.0 = RelWithDebInfo|Win32
		{CEDB1F97-E421-3112-9509-BF0579807156}.Debug|Win32.ActiveCfg = Debug|Win32
		{CEDB1F97-E421-3112-9509-BF0579807156}.Debug|Win32.Build.0 = Debug|Win32
		{CEDB1F97-E421-3112-9509-BF0579807156}.Release|Win32.ActiveCfg = Release|Win32
		{CEDB1F97-E421-3112-9509-BF0579807156}.Release|Win32.Build.0 = Release|Win32
		{CEDB1F97-E421-3112-9509-BF0579807156}.MinSizeRel|Win32.ActiveCfg = MinSizeRel|Win32
		{CEDB1F97-E421-3112-9509-BF0579807156}.MinSizeRel|Win32.Build.0 = MinSizeRel|Win32
		{CEDB1F97-E421-3112-9509-BF0579807156}.RelWithDebInfo|Win32.ActiveCfg = RelWithDebInfo|Win32
		{CEDB1F97-E421-3112-9509-BF0579807156}.RelWithDebInfo|Win32.Build.0 = RelWithDebInfo|Win32
		{AE0A9E36-5F25-383F-82F4-72888AC65C30}.Debug|Win32.ActiveCfg = Debug|Win32
		{AE0A9E36-5F25-383F-82F4-72888AC65C30}.Debug|Win32.Build.0 = Debug|Win32
		{AE0A9E36-5F25-383F-82F4-72888AC65C30}.Release|Win32.ActiveCfg = Release|Win32
		{AE0A9E36-5F25-383F-82F4-72888AC65C30}.Release|Win32.Build.0 = Release|Win32
		{AE0A9E36-5F25-383F-82F4-72888AC65C30}.MinSizeRel|Win32.ActiveCfg = MinSizeRel|Win32
		{AE0A9E36-5F25-383F-82F4-72888AC65C30}.MinSizeRel|Win32.Build.0 = MinSizeRel|Win32
		{AE0A9E36-5F25-383F-82F4-72888AC65C30}.RelWithDebInfo|Win32.ActiveCfg = RelWithDebInfo|Win32
		{AE0A9E36-5F25-383F-82F4-72888AC65C30}.RelWithDebInfo|Win32.Build.0 = RelWithDebInfo|Win32
		{05909C2B-9204-319C-B538-C46A098B43C9}.Debug|Win32.ActiveCfg = Debug|Win32
		{05909C2B-9204-319C-B538-C46A098B43C9}.Debug|Win32.Build.0 = Debug|Win32
		{05909C2B-9204-319C-B538-C46A098B43C9}.Release|Win32.ActiveCfg = Release|Win32
		{05909C2B-9204-319C-B538-C46A098B43C9}.Release|Win32.Build.0 = Release|Win32
		{05909C2B-9204-319C-B538-C46A098B43C9}.MinSizeRel|Win32.ActiveCfg = MinSizeRel|Win32
		{05909C2B-9204-319C-B538-C46A098B43C9}.MinSizeRel|Win32.Build.0 = MinSizeRel|Win32
		{05909C2B-9204-319C-B538-C46A098B43C9}.RelWithDebInfo|Win32.ActiveCfg = RelWithDebInfo|Win32
		{05909C2B-9204-319C-B538-C46A098B43C9}.RelWithDebInfo|Win32.Build.0 = RelWithDebInfo|Win32
	EndGlobalSection
	GlobalSection(ExtensibilityGlobals) = postSolution
	EndGlobalSection
	GlobalSection(ExtensibilityAddIns) = postSolution
	EndGlobalSection
EndGlobal
