<?xml version="1.0" encoding="UTF-8"?>
<Project ToolsVersion="15.0" xmlns="http://schemas.microsoft.com/developer/msbuild/2003">
  <ItemGroup>
    <ClCompile Include="C:\Users\seb\Desktop\bullet3-2.87\src\Bullet3Serialize\Bullet2FileLoader\b3BulletFile.cpp">
      <Filter>Source Files</Filter>
    </ClCompile>
    <ClCompile Include="C:\Users\seb\Desktop\bullet3-2.87\src\Bullet3Serialize\Bullet2FileLoader\b3Chunk.cpp">
      <Filter>Source Files</Filter>
    </ClCompile>
    <ClCompile Include="C:\Users\seb\Desktop\bullet3-2.87\src\Bullet3Serialize\Bullet2FileLoader\b3DNA.cpp">
      <Filter>Source Files</Filter>
    </ClCompile>
    <ClCompile Include="C:\Users\seb\Desktop\bullet3-2.87\src\Bullet3Serialize\Bullet2FileLoader\b3File.cpp">
      <Filter>Source Files</Filter>
    </ClCompile>
    <ClCompile Include="C:\Users\seb\Desktop\bullet3-2.87\src\Bullet3Serialize\Bullet2FileLoader\b3Serializer.cpp">
      <Filter>Source Files</Filter>
    </ClCompile>
  </ItemGroup>
  <ItemGroup>
    <ClInclude Include="C:\Users\seb\Desktop\bullet3-2.87\src\Bullet3Serialize\Bullet2FileLoader\b3BulletFile.h">
      <Filter>Header Files</Filter>
    </ClInclude>
    <ClInclude Include="C:\Users\seb\Desktop\bullet3-2.87\src\Bullet3Serialize\Bullet2FileLoader\b3Chunk.h">
      <Filter>Header Files</Filter>
    </ClInclude>
    <ClInclude Include="C:\Users\seb\Desktop\bullet3-2.87\src\Bullet3Serialize\Bullet2FileLoader\b3Common.h">
      <Filter>Header Files</Filter>
    </ClInclude>
    <ClInclude Include="C:\Users\seb\Desktop\bullet3-2.87\src\Bullet3Serialize\Bullet2FileLoader\b3Defines.h">
      <Filter>Header Files</Filter>
    </ClInclude>
    <ClInclude Include="C:\Users\seb\Desktop\bullet3-2.87\src\Bullet3Serialize\Bullet2FileLoader\b3DNA.h">
      <Filter>Header Files</Filter>
    </ClInclude>
    <ClInclude Include="C:\Users\seb\Desktop\bullet3-2.87\src\Bullet3Serialize\Bullet2FileLoader\b3File.h">
      <Filter>Header Files</Filter>
    </ClInclude>
    <ClInclude Include="C:\Users\seb\Desktop\bullet3-2.87\src\Bullet3Serialize\Bullet2FileLoader\b3Serializer.h">
      <Filter>Header Files</Filter>
    </ClInclude>
    <ClInclude Include="C:\Users\seb\Desktop\bullet3-2.87\src\Bullet3Serialize\Bullet2FileLoader\autogenerated\bullet2.h">
      <Filter>Header Files</Filter>
    </ClInclude>
  </ItemGroup>
  <ItemGroup>
    <CustomBuild Include="C:\Users\seb\Desktop\bullet3-2.87\src\Bullet3Serialize\Bullet2FileLoader\CMakeLists.txt" />
  </ItemGroup>
  <ItemGroup>
    <Filter Include="Source Files">
      <UniqueIdentifier>{A3297DAB-F77E-3327-B4CC-22B465F8AF34}</UniqueIdentifier>
    </Filter>
    <Filter Include="Header Files">
      <UniqueIdentifier>{ACB95CC3-6E63-3132-8167-8CA8B6BFBFC5}</UniqueIdentifier>
    </Filter>
  </ItemGroup>
</Project>
