Microsoft Visual Studio Solution File, Format Version 12.00
# Visual Studio 15
Project("{8BC9CEB8-8B4A-11D0-8D11-00A0C91BC942}") = "ALL_BUILD", "ALL_BUILD.vcxproj", "{DE339B99-8CA7-3373-9287-4DAB9BF62FEB}"
	ProjectSection(ProjectDependencies) = postProject
		{78C37C09-5DEF-35F9-B943-EAA47EA56B7F} = {78C37C09-5DEF-35F9-B943-EAA47EA56B7F}
		{C9324866-4946-3BD0-8BBD-053C91DB399B} = {C9324866-4946-3BD0-8BBD-053C91DB399B}
		{8BBC27AA-4E10-38CD-8CF4-E013481CBA33} = {8BBC27AA-4E10-38CD-8CF4-E013481CBA33}
		{43CBC9F1-9A5C-31F1-849C-AE2AAEB66A68} = {43CBC9F1-9A5C-31F1-849C-AE2AAEB66A68}
		{1D93A141-2A62-3467-BFEA-1EC8EFBC6888} = {1D93A141-2A62-3467-BFEA-1EC8EFBC6888}
		{4185D28B-1B1A-359E-939C-672A3FDB9B6A} = {4185D28B-1B1A-359E-939C-672A3FDB9B6A}
		{1A4EFE75-6A27-33BD-BD8D-E5262FAA7324} = {1A4EFE75-6A27-33BD-BD8D-E5262FAA7324}
		{C839F467-897A-3BF3-AFC6-47276188890F} = {C839F467-897A-3BF3-AFC6-47276188890F}
		{A77CF3DE-1B97-3593-9E3A-A93DE0AF2D11} = {A77CF3DE-1B97-3593-9E3A-A93DE0AF2D11}
		{E69AACD0-131F-3FBF-AE48-8A3BB9086B3E} = {E69AACD0-131F-3FBF-AE48-8A3BB9086B3E}
		{F50EAE25-0F93-3928-AD79-A282C3475B99} = {F50EAE25-0F93-3928-AD79-A282C3475B99}
		{502197D7-CED0-3D3D-A23C-F253598B74E0} = {502197D7-CED0-3D3D-A23C-F253598B74E0}
		{A1F1A4F6-5C80-317A-A8B0-8A2DE042E48E} = {A1F1A4F6-5C80-317A-A8B0-8A2DE042E48E}
		{CEE3FDD3-EA50-3C07-8714-8D3B19045954} = {CEE3FDD3-EA50-3C07-8714-8D3B19045954}
		{4BFC09B2-4A9A-3A57-B8AB-79DEABF7B28B} = {4BFC09B2-4A9A-3A57-B8AB-79DEABF7B28B}
		{70672E2F-FB21-3033-A6D0-A631FC641B7D} = {70672E2F-FB21-3033-A6D0-A631FC641B7D}
		{6730174A-2B4D-362E-A71E-6FF862593D78} = {6730174A-2B4D-362E-A71E-6FF862593D78}
		{E56BABED-0122-3DFC-B25B-C156CDE57F8F} = {E56BABED-0122-3DFC-B25B-C156CDE57F8F}
		{B7DA8B7C-CB77-31CB-9C0A-4B00C848FE96} = {B7DA8B7C-CB77-31CB-9C0A-4B00C848FE96}
		{700BDAFB-BAF4-3088-87D3-DCE7A9138F7F} = {700BDAFB-BAF4-3088-87D3-DCE7A9138F7F}
		{3A6AEA08-F1CB-35C5-84AD-CE77B0490971} = {3A6AEA08-F1CB-35C5-84AD-CE77B0490971}
		{6459CCCF-40E5-3E12-B096-1C1A62C08AC4} = {6459CCCF-40E5-3E12-B096-1C1A62C08AC4}
		{FA6521A7-4BF6-38E5-94A5-9F580535A7CA} = {FA6521A7-4BF6-38E5-94A5-9F580535A7CA}
		{15B4507B-DDCE-3229-9B6F-B04718223732} = {15B4507B-DDCE-3229-9B6F-B04718223732}
		{3D388288-6B6A-34E0-86EB-E99F7B4AF197} = {3D388288-6B6A-34E0-86EB-E99F7B4AF197}
		{1D070017-3CB9-339F-B74D-B628D5491BF0} = {1D070017-3CB9-339F-B74D-B628D5491BF0}
		{456E0BDE-D5B6-35CB-BECB-6E725E8C6FBB} = {456E0BDE-D5B6-35CB-BECB-6E725E8C6FBB}
		{24652608-FBEA-3A85-81EE-52A2E63BCF2E} = {24652608-FBEA-3A85-81EE-52A2E63BCF2E}
		{76CC66A2-9140-3FC7-9F09-39F18F95FF23} = {76CC66A2-9140-3FC7-9F09-39F18F95FF23}
		{524D7C7B-EE00-36C6-BB51-11D10F9474FC} = {524D7C7B-EE00-36C6-BB51-11D10F9474FC}
		{DBDD9D78-9627-3B7A-891D-499B7594F50B} = {DBDD9D78-9627-3B7A-891D-499B7594F50B}
		{2E07827B-DFDB-3AD9-98CD-48EE8CE3822D} = {2E07827B-DFDB-3AD9-98CD-48EE8CE3822D}
		{94662FA1-241B-3FA0-928C-43E7FD04E7C3} = {94662FA1-241B-3FA0-928C-43E7FD04E7C3}
		{6AA6E1DF-3E23-3F8B-BB99-C1BA5C7A4EA6} = {6AA6E1DF-3E23-3F8B-BB99-C1BA5C7A4EA6}
		{3F013257-71E0-3608-BFED-BC68C0E16776} = {3F013257-71E0-3608-BFED-BC68C0E16776}
		{186B84A7-D1D9-3FCD-8324-8497BFB9DB67} = {186B84A7-D1D9-3FCD-8324-8497BFB9DB67}
		{ABA7EE69-3F19-3378-8FDA-40E00752BF2C} = {ABA7EE69-3F19-3378-8FDA-40E00752BF2C}
		{D36F2F72-77F8-3C19-92A4-B619D5162E6C} = {D36F2F72-77F8-3C19-92A4-B619D5162E6C}
		{D5ABD544-CE90-36E5-A01F-CEF5D5C1DE81} = {D5ABD544-CE90-36E5-A01F-CEF5D5C1DE81}
		{D75A6FDA-38EE-3640-BB89-DAA084E8328E} = {D75A6FDA-38EE-3640-BB89-DAA084E8328E}
		{AE5AD4F3-1463-33C5-81BE-152B33CAAF41} = {AE5AD4F3-1463-33C5-81BE-152B33CAAF41}
		{B78FA49D-01C4-33A2-8358-6F53FDB5F241} = {B78FA49D-01C4-33A2-8358-6F53FDB5F241}
	EndProjectSection
EndProject
Project("{8BC9CEB8-8B4A-11D0-8D11-00A0C91BC942}") = "AppBasicExampleGui", "examples\BasicDemo\AppBasicExampleGui.vcxproj", "{78C37C09-5DEF-35F9-B943-EAA47EA56B7F}"
	ProjectSection(ProjectDependencies) = postProject
		{502197D7-CED0-3D3D-A23C-F253598B74E0} = {502197D7-CED0-3D3D-A23C-F253598B74E0}
		{70672E2F-FB21-3033-A6D0-A631FC641B7D} = {70672E2F-FB21-3033-A6D0-A631FC641B7D}
		{6730174A-2B4D-362E-A71E-6FF862593D78} = {6730174A-2B4D-362E-A71E-6FF862593D78}
		{524D7C7B-EE00-36C6-BB51-11D10F9474FC} = {524D7C7B-EE00-36C6-BB51-11D10F9474FC}
		{DBDD9D78-9627-3B7A-891D-499B7594F50B} = {DBDD9D78-9627-3B7A-891D-499B7594F50B}
		{D5ABD544-CE90-36E5-A01F-CEF5D5C1DE81} = {D5ABD544-CE90-36E5-A01F-CEF5D5C1DE81}
	EndProjectSection
EndProject
Project("{8BC9CEB8-8B4A-11D0-8D11-00A0C91BC942}") = "App_BasicExample", "examples\BasicDemo\App_BasicExample.vcxproj", "{C9324866-4946-3BD0-8BBD-053C91DB399B}"
	ProjectSection(ProjectDependencies) = postProject
		{70672E2F-FB21-3033-A6D0-A631FC641B7D} = {70672E2F-FB21-3033-A6D0-A631FC641B7D}
		{6730174A-2B4D-362E-A71E-6FF862593D78} = {6730174A-2B4D-362E-A71E-6FF862593D78}
		{524D7C7B-EE00-36C6-BB51-11D10F9474FC} = {524D7C7B-EE00-36C6-BB51-11D10F9474FC}
		{D5ABD544-CE90-36E5-A01F-CEF5D5C1DE81} = {D5ABD544-CE90-36E5-A01F-CEF5D5C1DE81}
	EndProjectSection
EndProject
Project("{8BC9CEB8-8B4A-11D0-8D11-00A0C91BC942}") = "App_ExampleBrowser", "examples\ExampleBrowser\App_ExampleBrowser.vcxproj", "{8BBC27AA-4E10-38CD-8CF4-E013481CBA33}"
	ProjectSection(ProjectDependencies) = postProject
		{502197D7-CED0-3D3D-A23C-F253598B74E0} = {502197D7-CED0-3D3D-A23C-F253598B74E0}
		{70672E2F-FB21-3033-A6D0-A631FC641B7D} = {70672E2F-FB21-3033-A6D0-A631FC641B7D}
		{6730174A-2B4D-362E-A71E-6FF862593D78} = {6730174A-2B4D-362E-A71E-6FF862593D78}
		{E56BABED-0122-3DFC-B25B-C156CDE57F8F} = {E56BABED-0122-3DFC-B25B-C156CDE57F8F}
		{700BDAFB-BAF4-3088-87D3-DCE7A9138F7F} = {700BDAFB-BAF4-3088-87D3-DCE7A9138F7F}
		{3A6AEA08-F1CB-35C5-84AD-CE77B0490971} = {3A6AEA08-F1CB-35C5-84AD-CE77B0490971}
		{FA6521A7-4BF6-38E5-94A5-9F580535A7CA} = {FA6521A7-4BF6-38E5-94A5-9F580535A7CA}
		{1D070017-3CB9-339F-B74D-B628D5491BF0} = {1D070017-3CB9-339F-B74D-B628D5491BF0}
		{524D7C7B-EE00-36C6-BB51-11D10F9474FC} = {524D7C7B-EE00-36C6-BB51-11D10F9474FC}
		{DBDD9D78-9627-3B7A-891D-499B7594F50B} = {DBDD9D78-9627-3B7A-891D-499B7594F50B}
		{D5ABD544-CE90-36E5-A01F-CEF5D5C1DE81} = {D5ABD544-CE90-36E5-A01F-CEF5D5C1DE81}
		{B78FA49D-01C4-33A2-8358-6F53FDB5F241} = {B78FA49D-01C4-33A2-8358-6F53FDB5F241}
	EndProjectSection
EndProject
Project("{8BC9CEB8-8B4A-11D0-8D11-00A0C91BC942}") = "App_HelloWorld", "examples\HelloWorld\App_HelloWorld.vcxproj", "{43CBC9F1-9A5C-31F1-849C-AE2AAEB66A68}"
	ProjectSection(ProjectDependencies) = postProject
		{70672E2F-FB21-3033-A6D0-A631FC641B7D} = {70672E2F-FB21-3033-A6D0-A631FC641B7D}
		{6730174A-2B4D-362E-A71E-6FF862593D78} = {6730174A-2B4D-362E-A71E-6FF862593D78}
		{524D7C7B-EE00-36C6-BB51-11D10F9474FC} = {524D7C7B-EE00-36C6-BB51-11D10F9474FC}
		{D5ABD544-CE90-36E5-A01F-CEF5D5C1DE81} = {D5ABD544-CE90-36E5-A01F-CEF5D5C1DE81}
	EndProjectSection
EndProject
Project("{8BC9CEB8-8B4A-11D0-8D11-00A0C91BC942}") = "App_PhysicsServer_SharedMemory", "examples\SharedMemory\App_PhysicsServer_SharedMemory.vcxproj", "{1D93A141-2A62-3467-BFEA-1EC8EFBC6888}"
	ProjectSection(ProjectDependencies) = postProject
		{502197D7-CED0-3D3D-A23C-F253598B74E0} = {502197D7-CED0-3D3D-A23C-F253598B74E0}
		{70672E2F-FB21-3033-A6D0-A631FC641B7D} = {70672E2F-FB21-3033-A6D0-A631FC641B7D}
		{6730174A-2B4D-362E-A71E-6FF862593D78} = {6730174A-2B4D-362E-A71E-6FF862593D78}
		{B7DA8B7C-CB77-31CB-9C0A-4B00C848FE96} = {B7DA8B7C-CB77-31CB-9C0A-4B00C848FE96}
		{700BDAFB-BAF4-3088-87D3-DCE7A9138F7F} = {700BDAFB-BAF4-3088-87D3-DCE7A9138F7F}
		{3A6AEA08-F1CB-35C5-84AD-CE77B0490971} = {3A6AEA08-F1CB-35C5-84AD-CE77B0490971}
		{15B4507B-DDCE-3229-9B6F-B04718223732} = {15B4507B-DDCE-3229-9B6F-B04718223732}
		{1D070017-3CB9-339F-B74D-B628D5491BF0} = {1D070017-3CB9-339F-B74D-B628D5491BF0}
		{524D7C7B-EE00-36C6-BB51-11D10F9474FC} = {524D7C7B-EE00-36C6-BB51-11D10F9474FC}
		{D5ABD544-CE90-36E5-A01F-CEF5D5C1DE81} = {D5ABD544-CE90-36E5-A01F-CEF5D5C1DE81}
	EndProjectSection
EndProject
Project("{8BC9CEB8-8B4A-11D0-8D11-00A0C91BC942}") = "App_PhysicsServer_SharedMemory_GUI", "examples\SharedMemory\App_PhysicsServer_SharedMemory_GUI.vcxproj", "{4185D28B-1B1A-359E-939C-672A3FDB9B6A}"
	ProjectSection(ProjectDependencies) = postProject
		{502197D7-CED0-3D3D-A23C-F253598B74E0} = {502197D7-CED0-3D3D-A23C-F253598B74E0}
		{70672E2F-FB21-3033-A6D0-A631FC641B7D} = {70672E2F-FB21-3033-A6D0-A631FC641B7D}
		{6730174A-2B4D-362E-A71E-6FF862593D78} = {6730174A-2B4D-362E-A71E-6FF862593D78}
		{B7DA8B7C-CB77-31CB-9C0A-4B00C848FE96} = {B7DA8B7C-CB77-31CB-9C0A-4B00C848FE96}
		{700BDAFB-BAF4-3088-87D3-DCE7A9138F7F} = {700BDAFB-BAF4-3088-87D3-DCE7A9138F7F}
		{3A6AEA08-F1CB-35C5-84AD-CE77B0490971} = {3A6AEA08-F1CB-35C5-84AD-CE77B0490971}
		{15B4507B-DDCE-3229-9B6F-B04718223732} = {15B4507B-DDCE-3229-9B6F-B04718223732}
		{1D070017-3CB9-339F-B74D-B628D5491BF0} = {1D070017-3CB9-339F-B74D-B628D5491BF0}
		{524D7C7B-EE00-36C6-BB51-11D10F9474FC} = {524D7C7B-EE00-36C6-BB51-11D10F9474FC}
		{DBDD9D78-9627-3B7A-891D-499B7594F50B} = {DBDD9D78-9627-3B7A-891D-499B7594F50B}
		{D5ABD544-CE90-36E5-A01F-CEF5D5C1DE81} = {D5ABD544-CE90-36E5-A01F-CEF5D5C1DE81}
	EndProjectSection
EndProject
Project("{8BC9CEB8-8B4A-11D0-8D11-00A0C91BC942}") = "App_PhysicsServer_SharedMemory_VR", "examples\SharedMemory\App_PhysicsServer_SharedMemory_VR.vcxproj", "{1A4EFE75-6A27-33BD-BD8D-E5262FAA7324}"
	ProjectSection(ProjectDependencies) = postProject
		{502197D7-CED0-3D3D-A23C-F253598B74E0} = {502197D7-CED0-3D3D-A23C-F253598B74E0}
		{70672E2F-FB21-3033-A6D0-A631FC641B7D} = {70672E2F-FB21-3033-A6D0-A631FC641B7D}
		{6730174A-2B4D-362E-A71E-6FF862593D78} = {6730174A-2B4D-362E-A71E-6FF862593D78}
		{B7DA8B7C-CB77-31CB-9C0A-4B00C848FE96} = {B7DA8B7C-CB77-31CB-9C0A-4B00C848FE96}
		{700BDAFB-BAF4-3088-87D3-DCE7A9138F7F} = {700BDAFB-BAF4-3088-87D3-DCE7A9138F7F}
		{3A6AEA08-F1CB-35C5-84AD-CE77B0490971} = {3A6AEA08-F1CB-35C5-84AD-CE77B0490971}
		{15B4507B-DDCE-3229-9B6F-B04718223732} = {15B4507B-DDCE-3229-9B6F-B04718223732}
		{1D070017-3CB9-339F-B74D-B628D5491BF0} = {1D070017-3CB9-339F-B74D-B628D5491BF0}
		{524D7C7B-EE00-36C6-BB51-11D10F9474FC} = {524D7C7B-EE00-36C6-BB51-11D10F9474FC}
		{DBDD9D78-9627-3B7A-891D-499B7594F50B} = {DBDD9D78-9627-3B7A-891D-499B7594F50B}
		{D5ABD544-CE90-36E5-A01F-CEF5D5C1DE81} = {D5ABD544-CE90-36E5-A01F-CEF5D5C1DE81}
	EndProjectSection
EndProject
Project("{8BC9CEB8-8B4A-11D0-8D11-00A0C91BC942}") = "App_RobotSimulator", "examples\RobotSimulator\App_RobotSimulator.vcxproj", "{C839F467-897A-3BF3-AFC6-47276188890F}"
	ProjectSection(ProjectDependencies) = postProject
		{502197D7-CED0-3D3D-A23C-F253598B74E0} = {502197D7-CED0-3D3D-A23C-F253598B74E0}
		{70672E2F-FB21-3033-A6D0-A631FC641B7D} = {70672E2F-FB21-3033-A6D0-A631FC641B7D}
		{6730174A-2B4D-362E-A71E-6FF862593D78} = {6730174A-2B4D-362E-A71E-6FF862593D78}
		{E56BABED-0122-3DFC-B25B-C156CDE57F8F} = {E56BABED-0122-3DFC-B25B-C156CDE57F8F}
		{B7DA8B7C-CB77-31CB-9C0A-4B00C848FE96} = {B7DA8B7C-CB77-31CB-9C0A-4B00C848FE96}
		{700BDAFB-BAF4-3088-87D3-DCE7A9138F7F} = {700BDAFB-BAF4-3088-87D3-DCE7A9138F7F}
		{3A6AEA08-F1CB-35C5-84AD-CE77B0490971} = {3A6AEA08-F1CB-35C5-84AD-CE77B0490971}
		{FA6521A7-4BF6-38E5-94A5-9F580535A7CA} = {FA6521A7-4BF6-38E5-94A5-9F580535A7CA}
		{15B4507B-DDCE-3229-9B6F-B04718223732} = {15B4507B-DDCE-3229-9B6F-B04718223732}
		{1D070017-3CB9-339F-B74D-B628D5491BF0} = {1D070017-3CB9-339F-B74D-B628D5491BF0}
		{524D7C7B-EE00-36C6-BB51-11D10F9474FC} = {524D7C7B-EE00-36C6-BB51-11D10F9474FC}
		{DBDD9D78-9627-3B7A-891D-499B7594F50B} = {DBDD9D78-9627-3B7A-891D-499B7594F50B}
		{D5ABD544-CE90-36E5-A01F-CEF5D5C1DE81} = {D5ABD544-CE90-36E5-A01F-CEF5D5C1DE81}
		{B78FA49D-01C4-33A2-8358-6F53FDB5F241} = {B78FA49D-01C4-33A2-8358-6F53FDB5F241}
	EndProjectSection
EndProject
Project("{8BC9CEB8-8B4A-11D0-8D11-00A0C91BC942}") = "App_obj2sdf", "Extras\obj2sdf\App_obj2sdf.vcxproj", "{A77CF3DE-1B97-3593-9E3A-A93DE0AF2D11}"
	ProjectSection(ProjectDependencies) = postProject
		{502197D7-CED0-3D3D-A23C-F253598B74E0} = {502197D7-CED0-3D3D-A23C-F253598B74E0}
		{D5ABD544-CE90-36E5-A01F-CEF5D5C1DE81} = {D5ABD544-CE90-36E5-A01F-CEF5D5C1DE81}
	EndProjectSection
EndProject
Project("{8BC9CEB8-8B4A-11D0-8D11-00A0C91BC942}") = "Bullet2FileLoader", "src\Bullet3Serialize\Bullet2FileLoader\Bullet2FileLoader.vcxproj", "{E69AACD0-131F-3FBF-AE48-8A3BB9086B3E}"
	ProjectSection(ProjectDependencies) = postProject
		{D5ABD544-CE90-36E5-A01F-CEF5D5C1DE81} = {D5ABD544-CE90-36E5-A01F-CEF5D5C1DE81}
	EndProjectSection
EndProject
Project("{8BC9CEB8-8B4A-11D0-8D11-00A0C91BC942}") = "Bullet3Collision", "src\Bullet3Collision\Bullet3Collision.vcxproj", "{F50EAE25-0F93-3928-AD79-A282C3475B99}"
	ProjectSection(ProjectDependencies) = postProject
		{D5ABD544-CE90-36E5-A01F-CEF5D5C1DE81} = {D5ABD544-CE90-36E5-A01F-CEF5D5C1DE81}
	EndProjectSection
EndProject
Project("{8BC9CEB8-8B4A-11D0-8D11-00A0C91BC942}") = "Bullet3Common", "src\Bullet3Common\Bullet3Common.vcxproj", "{502197D7-CED0-3D3D-A23C-F253598B74E0}"
	ProjectSection(ProjectDependencies) = postProject
		{D5ABD544-CE90-36E5-A01F-CEF5D5C1DE81} = {D5ABD544-CE90-36E5-A01F-CEF5D5C1DE81}
	EndProjectSection
EndProject
Project("{8BC9CEB8-8B4A-11D0-8D11-00A0C91BC942}") = "Bullet3Dynamics", "src\Bullet3Dynamics\Bullet3Dynamics.vcxproj", "{A1F1A4F6-5C80-317A-A8B0-8A2DE042E48E}"
	ProjectSection(ProjectDependencies) = postProject
		{D5ABD544-CE90-36E5-A01F-CEF5D5C1DE81} = {D5ABD544-CE90-36E5-A01F-CEF5D5C1DE81}
	EndProjectSection
EndProject
Project("{8BC9CEB8-8B4A-11D0-8D11-00A0C91BC942}") = "Bullet3Geometry", "src\Bullet3Geometry\Bullet3Geometry.vcxproj", "{CEE3FDD3-EA50-3C07-8714-8D3B19045954}"
	ProjectSection(ProjectDependencies) = postProject
		{D5ABD544-CE90-36E5-A01F-CEF5D5C1DE81} = {D5ABD544-CE90-36E5-A01F-CEF5D5C1DE81}
	EndProjectSection
EndProject
Project("{8BC9CEB8-8B4A-11D0-8D11-00A0C91BC942}") = "Bullet3OpenCL_clew", "src\Bullet3OpenCL\Bullet3OpenCL_clew.vcxproj", "{4BFC09B2-4A9A-3A57-B8AB-79DEABF7B28B}"
	ProjectSection(ProjectDependencies) = postProject
		{D5ABD544-CE90-36E5-A01F-CEF5D5C1DE81} = {D5ABD544-CE90-36E5-A01F-CEF5D5C1DE81}
	EndProjectSection
EndProject
Project("{8BC9CEB8-8B4A-11D0-8D11-00A0C91BC942}") = "BulletCollision", "src\BulletCollision\BulletCollision.vcxproj", "{70672E2F-FB21-3033-A6D0-A631FC641B7D}"
	ProjectSection(ProjectDependencies) = postProject
		{D5ABD544-CE90-36E5-A01F-CEF5D5C1DE81} = {D5ABD544-CE90-36E5-A01F-CEF5D5C1DE81}
	EndProjectSection
EndProject
Project("{8BC9CEB8-8B4A-11D0-8D11-00A0C91BC942}") = "BulletDynamics", "src\BulletDynamics\BulletDynamics.vcxproj", "{6730174A-2B4D-362E-A71E-6FF862593D78}"
	ProjectSection(ProjectDependencies) = postProject
		{D5ABD544-CE90-36E5-A01F-CEF5D5C1DE81} = {D5ABD544-CE90-36E5-A01F-CEF5D5C1DE81}
	EndProjectSection
EndProject
Project("{8BC9CEB8-8B4A-11D0-8D11-00A0C91BC942}") = "BulletExampleBrowserLib", "examples\ExampleBrowser\BulletExampleBrowserLib.vcxproj", "{E56BABED-0122-3DFC-B25B-C156CDE57F8F}"
	ProjectSection(ProjectDependencies) = postProject
		{D5ABD544-CE90-36E5-A01F-CEF5D5C1DE81} = {D5ABD544-CE90-36E5-A01F-CEF5D5C1DE81}
	EndProjectSection
EndProject
Project("{8BC9CEB8-8B4A-11D0-8D11-00A0C91BC942}") = "BulletFileLoader", "Extras\Serialize\BulletFileLoader\BulletFileLoader.vcxproj", "{B7DA8B7C-CB77-31CB-9C0A-4B00C848FE96}"
	ProjectSection(ProjectDependencies) = postProject
		{D5ABD544-CE90-36E5-A01F-CEF5D5C1DE81} = {D5ABD544-CE90-36E5-A01F-CEF5D5C1DE81}
	EndProjectSection
EndProject
Project("{8BC9CEB8-8B4A-11D0-8D11-00A0C91BC942}") = "BulletInverseDynamics", "src\BulletInverseDynamics\BulletInverseDynamics.vcxproj", "{700BDAFB-BAF4-3088-87D3-DCE7A9138F7F}"
	ProjectSection(ProjectDependencies) = postProject
		{D5ABD544-CE90-36E5-A01F-CEF5D5C1DE81} = {D5ABD544-CE90-36E5-A01F-CEF5D5C1DE81}
	EndProjectSection
EndProject
Project("{8BC9CEB8-8B4A-11D0-8D11-00A0C91BC942}") = "BulletInverseDynamicsUtils", "Extras\InverseDynamics\BulletInverseDynamicsUtils.vcxproj", "{3A6AEA08-F1CB-35C5-84AD-CE77B0490971}"
	ProjectSection(ProjectDependencies) = postProject
		{D5ABD544-CE90-36E5-A01F-CEF5D5C1DE81} = {D5ABD544-CE90-36E5-A01F-CEF5D5C1DE81}
	EndProjectSection
EndProject
Project("{8BC9CEB8-8B4A-11D0-8D11-00A0C91BC942}") = "BulletRobotics", "Extras\BulletRobotics\BulletRobotics.vcxproj", "{6459CCCF-40E5-3E12-B096-1C1A62C08AC4}"
	ProjectSection(ProjectDependencies) = postProject
		{D5ABD544-CE90-36E5-A01F-CEF5D5C1DE81} = {D5ABD544-CE90-36E5-A01F-CEF5D5C1DE81}
	EndProjectSection
EndProject
Project("{8BC9CEB8-8B4A-11D0-8D11-00A0C91BC942}") = "BulletSoftBody", "src\BulletSoftBody\BulletSoftBody.vcxproj", "{FA6521A7-4BF6-38E5-94A5-9F580535A7CA}"
	ProjectSection(ProjectDependencies) = postProject
		{D5ABD544-CE90-36E5-A01F-CEF5D5C1DE81} = {D5ABD544-CE90-36E5-A01F-CEF5D5C1DE81}
	EndProjectSection
EndProject
Project("{8BC9CEB8-8B4A-11D0-8D11-00A0C91BC942}") = "BulletWorldImporter", "Extras\Serialize\BulletWorldImporter\BulletWorldImporter.vcxproj", "{15B4507B-DDCE-3229-9B6F-B04718223732}"
	ProjectSection(ProjectDependencies) = postProject
		{D5ABD544-CE90-36E5-A01F-CEF5D5C1DE81} = {D5ABD544-CE90-36E5-A01F-CEF5D5C1DE81}
	EndProjectSection
EndProject
Project("{8BC9CEB8-8B4A-11D0-8D11-00A0C91BC942}") = "BulletXmlWorldImporter", "Extras\Serialize\BulletXmlWorldImporter\BulletXmlWorldImporter.vcxproj", "{3D388288-6B6A-34E0-86EB-E99F7B4AF197}"
	ProjectSection(ProjectDependencies) = postProject
		{D5ABD544-CE90-36E5-A01F-CEF5D5C1DE81} = {D5ABD544-CE90-36E5-A01F-CEF5D5C1DE81}
	EndProjectSection
EndProject
Project("{8BC9CEB8-8B4A-11D0-8D11-00A0C91BC942}") = "BussIK", "examples\ThirdPartyLibs\BussIK\BussIK.vcxproj", "{1D070017-3CB9-339F-B74D-B628D5491BF0}"
	ProjectSection(ProjectDependencies) = postProject
		{D5ABD544-CE90-36E5-A01F-CEF5D5C1DE81} = {D5ABD544-CE90-36E5-A01F-CEF5D5C1DE81}
	EndProjectSection
EndProject
Project("{8BC9CEB8-8B4A-11D0-8D11-00A0C91BC942}") = "ConvexDecomposition", "Extras\ConvexDecomposition\ConvexDecomposition.vcxproj", "{456E0BDE-D5B6-35CB-BECB-6E725E8C6FBB}"
	ProjectSection(ProjectDependencies) = postProject
		{D5ABD544-CE90-36E5-A01F-CEF5D5C1DE81} = {D5ABD544-CE90-36E5-A01F-CEF5D5C1DE81}
	EndProjectSection
EndProject
Project("{8BC9CEB8-8B4A-11D0-8D11-00A0C91BC942}") = "GIMPACTUtils", "Extras\GIMPACTUtils\GIMPACTUtils.vcxproj", "{24652608-FBEA-3A85-81EE-52A2E63BCF2E}"
	ProjectSection(ProjectDependencies) = postProject
		{D5ABD544-CE90-36E5-A01F-CEF5D5C1DE81} = {D5ABD544-CE90-36E5-A01F-CEF5D5C1DE81}
	EndProjectSection
EndProject
Project("{8BC9CEB8-8B4A-11D0-8D11-00A0C91BC942}") = "HACD", "Extras\HACD\HACD.vcxproj", "{76CC66A2-9140-3FC7-9F09-39F18F95FF23}"
	ProjectSection(ProjectDependencies) = postProject
		{D5ABD544-CE90-36E5-A01F-CEF5D5C1DE81} = {D5ABD544-CE90-36E5-A01F-CEF5D5C1DE81}
	EndProjectSection
EndProject
Project("{8BC9CEB8-8B4A-11D0-8D11-00A0C91BC942}") = "INSTALL", "INSTALL.vcxproj", "{4FB3B6C5-961A-32AD-8DF9-63CA8C675184}"
	ProjectSection(ProjectDependencies) = postProject
		{DE339B99-8CA7-3373-9287-4DAB9BF62FEB} = {DE339B99-8CA7-3373-9287-4DAB9BF62FEB}
		{D5ABD544-CE90-36E5-A01F-CEF5D5C1DE81} = {D5ABD544-CE90-36E5-A01F-CEF5D5C1DE81}
	EndProjectSection
EndProject
Project("{8BC9CEB8-8B4A-11D0-8D11-00A0C91BC942}") = "LinearMath", "src\LinearMath\LinearMath.vcxproj", "{524D7C7B-EE00-36C6-BB51-11D10F9474FC}"
	ProjectSection(ProjectDependencies) = postProject
		{D5ABD544-CE90-36E5-A01F-CEF5D5C1DE81} = {D5ABD544-CE90-36E5-A01F-CEF5D5C1DE81}
	EndProjectSection
EndProject
Project("{8BC9CEB8-8B4A-11D0-8D11-00A0C91BC942}") = "OpenGLWindow", "examples\OpenGLWindow\OpenGLWindow.vcxproj", "{DBDD9D78-9627-3B7A-891D-499B7594F50B}"
	ProjectSection(ProjectDependencies) = postProject
		{D5ABD544-CE90-36E5-A01F-CEF5D5C1DE81} = {D5ABD544-CE90-36E5-A01F-CEF5D5C1DE81}
	EndProjectSection
EndProject
Project("{8BC9CEB8-8B4A-11D0-8D11-00A0C91BC942}") = "RUN_TESTS", "RUN_TESTS.vcxproj", "{FC65E845-A6AD-398C-9066-A03EAED82C2B}"
	ProjectSection(ProjectDependencies) = postProject
		{D5ABD544-CE90-36E5-A01F-CEF5D5C1DE81} = {D5ABD544-CE90-36E5-A01F-CEF5D5C1DE81}
	EndProjectSection
EndProject
Project("{8BC9CEB8-8B4A-11D0-8D11-00A0C91BC942}") = "Test_BulletDynamics", "test\BulletDynamics\pendulum\Test_BulletDynamics.vcxproj", "{2E07827B-DFDB-3AD9-98CD-48EE8CE3822D}"
	ProjectSection(ProjectDependencies) = postProject
		{70672E2F-FB21-3033-A6D0-A631FC641B7D} = {70672E2F-FB21-3033-A6D0-A631FC641B7D}
		{6730174A-2B4D-362E-A71E-6FF862593D78} = {6730174A-2B4D-362E-A71E-6FF862593D78}
		{524D7C7B-EE00-36C6-BB51-11D10F9474FC} = {524D7C7B-EE00-36C6-BB51-11D10F9474FC}
		{D5ABD544-CE90-36E5-A01F-CEF5D5C1DE81} = {D5ABD544-CE90-36E5-A01F-CEF5D5C1DE81}
		{AE5AD4F3-1463-33C5-81BE-152B33CAAF41} = {AE5AD4F3-1463-33C5-81BE-152B33CAAF41}
	EndProjectSection
EndProject
Project("{8BC9CEB8-8B4A-11D0-8D11-00A0C91BC942}") = "Test_BulletInverseDynamics", "test\InverseDynamics\Test_BulletInverseDynamics.vcxproj", "{94662FA1-241B-3FA0-928C-43E7FD04E7C3}"
	ProjectSection(ProjectDependencies) = postProject
		{502197D7-CED0-3D3D-A23C-F253598B74E0} = {502197D7-CED0-3D3D-A23C-F253598B74E0}
		{70672E2F-FB21-3033-A6D0-A631FC641B7D} = {70672E2F-FB21-3033-A6D0-A631FC641B7D}
		{6730174A-2B4D-362E-A71E-6FF862593D78} = {6730174A-2B4D-362E-A71E-6FF862593D78}
		{700BDAFB-BAF4-3088-87D3-DCE7A9138F7F} = {700BDAFB-BAF4-3088-87D3-DCE7A9138F7F}
		{3A6AEA08-F1CB-35C5-84AD-CE77B0490971} = {3A6AEA08-F1CB-35C5-84AD-CE77B0490971}
		{524D7C7B-EE00-36C6-BB51-11D10F9474FC} = {524D7C7B-EE00-36C6-BB51-11D10F9474FC}
		{D5ABD544-CE90-36E5-A01F-CEF5D5C1DE81} = {D5ABD544-CE90-36E5-A01F-CEF5D5C1DE81}
		{AE5AD4F3-1463-33C5-81BE-152B33CAAF41} = {AE5AD4F3-1463-33C5-81BE-152B33CAAF41}
	EndProjectSection
EndProject
Project("{8BC9CEB8-8B4A-11D0-8D11-00A0C91BC942}") = "Test_BulletInverseDynamicsJacobian", "test\InverseDynamics\Test_BulletInverseDynamicsJacobian.vcxproj", "{6AA6E1DF-3E23-3F8B-BB99-C1BA5C7A4EA6}"
	ProjectSection(ProjectDependencies) = postProject
		{502197D7-CED0-3D3D-A23C-F253598B74E0} = {502197D7-CED0-3D3D-A23C-F253598B74E0}
		{700BDAFB-BAF4-3088-87D3-DCE7A9138F7F} = {700BDAFB-BAF4-3088-87D3-DCE7A9138F7F}
		{3A6AEA08-F1CB-35C5-84AD-CE77B0490971} = {3A6AEA08-F1CB-35C5-84AD-CE77B0490971}
		{524D7C7B-EE00-36C6-BB51-11D10F9474FC} = {524D7C7B-EE00-36C6-BB51-11D10F9474FC}
		{D5ABD544-CE90-36E5-A01F-CEF5D5C1DE81} = {D5ABD544-CE90-36E5-A01F-CEF5D5C1DE81}
		{AE5AD4F3-1463-33C5-81BE-152B33CAAF41} = {AE5AD4F3-1463-33C5-81BE-152B33CAAF41}
	EndProjectSection
EndProject
Project("{8BC9CEB8-8B4A-11D0-8D11-00A0C91BC942}") = "Test_BulletInverseForwardDynamics", "test\InverseDynamics\Test_BulletInverseForwardDynamics.vcxproj", "{3F013257-71E0-3608-BFED-BC68C0E16776}"
	ProjectSection(ProjectDependencies) = postProject
		{502197D7-CED0-3D3D-A23C-F253598B74E0} = {502197D7-CED0-3D3D-A23C-F253598B74E0}
		{70672E2F-FB21-3033-A6D0-A631FC641B7D} = {70672E2F-FB21-3033-A6D0-A631FC641B7D}
		{6730174A-2B4D-362E-A71E-6FF862593D78} = {6730174A-2B4D-362E-A71E-6FF862593D78}
		{700BDAFB-BAF4-3088-87D3-DCE7A9138F7F} = {700BDAFB-BAF4-3088-87D3-DCE7A9138F7F}
		{3A6AEA08-F1CB-35C5-84AD-CE77B0490971} = {3A6AEA08-F1CB-35C5-84AD-CE77B0490971}
		{524D7C7B-EE00-36C6-BB51-11D10F9474FC} = {524D7C7B-EE00-36C6-BB51-11D10F9474FC}
		{D5ABD544-CE90-36E5-A01F-CEF5D5C1DE81} = {D5ABD544-CE90-36E5-A01F-CEF5D5C1DE81}
		{AE5AD4F3-1463-33C5-81BE-152B33CAAF41} = {AE5AD4F3-1463-33C5-81BE-152B33CAAF41}
	EndProjectSection
EndProject
Project("{8BC9CEB8-8B4A-11D0-8D11-00A0C91BC942}") = "Test_Collision", "test\collision\Test_Collision.vcxproj", "{186B84A7-D1D9-3FCD-8324-8497BFB9DB67}"
	ProjectSection(ProjectDependencies) = postProject
		{524D7C7B-EE00-36C6-BB51-11D10F9474FC} = {524D7C7B-EE00-36C6-BB51-11D10F9474FC}
		{D5ABD544-CE90-36E5-A01F-CEF5D5C1DE81} = {D5ABD544-CE90-36E5-A01F-CEF5D5C1DE81}
		{AE5AD4F3-1463-33C5-81BE-152B33CAAF41} = {AE5AD4F3-1463-33C5-81BE-152B33CAAF41}
	EndProjectSection
EndProject
Project("{8BC9CEB8-8B4A-11D0-8D11-00A0C91BC942}") = "Test_PhysicsClientServer", "test\SharedMemory\Test_PhysicsClientServer.vcxproj", "{ABA7EE69-3F19-3378-8FDA-40E00752BF2C}"
	ProjectSection(ProjectDependencies) = postProject
		{502197D7-CED0-3D3D-A23C-F253598B74E0} = {502197D7-CED0-3D3D-A23C-F253598B74E0}
		{70672E2F-FB21-3033-A6D0-A631FC641B7D} = {70672E2F-FB21-3033-A6D0-A631FC641B7D}
		{6730174A-2B4D-362E-A71E-6FF862593D78} = {6730174A-2B4D-362E-A71E-6FF862593D78}
		{B7DA8B7C-CB77-31CB-9C0A-4B00C848FE96} = {B7DA8B7C-CB77-31CB-9C0A-4B00C848FE96}
		{700BDAFB-BAF4-3088-87D3-DCE7A9138F7F} = {700BDAFB-BAF4-3088-87D3-DCE7A9138F7F}
		{3A6AEA08-F1CB-35C5-84AD-CE77B0490971} = {3A6AEA08-F1CB-35C5-84AD-CE77B0490971}
		{15B4507B-DDCE-3229-9B6F-B04718223732} = {15B4507B-DDCE-3229-9B6F-B04718223732}
		{1D070017-3CB9-339F-B74D-B628D5491BF0} = {1D070017-3CB9-339F-B74D-B628D5491BF0}
		{524D7C7B-EE00-36C6-BB51-11D10F9474FC} = {524D7C7B-EE00-36C6-BB51-11D10F9474FC}
		{D5ABD544-CE90-36E5-A01F-CEF5D5C1DE81} = {D5ABD544-CE90-36E5-A01F-CEF5D5C1DE81}
		{AE5AD4F3-1463-33C5-81BE-152B33CAAF41} = {AE5AD4F3-1463-33C5-81BE-152B33CAAF41}
	EndProjectSection
EndProject
Project("{8BC9CEB8-8B4A-11D0-8D11-00A0C91BC942}") = "Test_btKinematicCharacterController", "test\BulletDynamics\Test_btKinematicCharacterController.vcxproj", "{D36F2F72-77F8-3C19-92A4-B619D5162E6C}"
	ProjectSection(ProjectDependencies) = postProject
		{70672E2F-FB21-3033-A6D0-A631FC641B7D} = {70672E2F-FB21-3033-A6D0-A631FC641B7D}
		{6730174A-2B4D-362E-A71E-6FF862593D78} = {6730174A-2B4D-362E-A71E-6FF862593D78}
		{524D7C7B-EE00-36C6-BB51-11D10F9474FC} = {524D7C7B-EE00-36C6-BB51-11D10F9474FC}
		{D5ABD544-CE90-36E5-A01F-CEF5D5C1DE81} = {D5ABD544-CE90-36E5-A01F-CEF5D5C1DE81}
		{AE5AD4F3-1463-33C5-81BE-152B33CAAF41} = {AE5AD4F3-1463-33C5-81BE-152B33CAAF41}
	EndProjectSection
EndProject
Project("{8BC9CEB8-8B4A-11D0-8D11-00A0C91BC942}") = "ZERO_CHECK", "ZERO_CHECK.vcxproj", "{D5ABD544-CE90-36E5-A01F-CEF5D5C1DE81}"
	ProjectSection(ProjectDependencies) = postProject
	EndProjectSection
EndProject
Project("{8BC9CEB8-8B4A-11D0-8D11-00A0C91BC942}") = "clsocket", "examples\ThirdPartyLibs\clsocket\clsocket.vcxproj", "{D75A6FDA-38EE-3640-BB89-DAA084E8328E}"
	ProjectSection(ProjectDependencies) = postProject
		{D5ABD544-CE90-36E5-A01F-CEF5D5C1DE81} = {D5ABD544-CE90-36E5-A01F-CEF5D5C1DE81}
	EndProjectSection
EndProject
Project("{8BC9CEB8-8B4A-11D0-8D11-00A0C91BC942}") = "gtest", "test\gtest-1.7.0\gtest.vcxproj", "{AE5AD4F3-1463-33C5-81BE-152B33CAAF41}"
	ProjectSection(ProjectDependencies) = postProject
		{D5ABD544-CE90-36E5-A01F-CEF5D5C1DE81} = {D5ABD544-CE90-36E5-A01F-CEF5D5C1DE81}
	EndProjectSection
EndProject
Project("{8BC9CEB8-8B4A-11D0-8D11-00A0C91BC942}") = "gwen", "examples\ThirdPartyLibs\Gwen\gwen.vcxproj", "{B78FA49D-01C4-33A2-8358-6F53FDB5F241}"
	ProjectSection(ProjectDependencies) = postProject
		{D5ABD544-CE90-36E5-A01F-CEF5D5C1DE81} = {D5ABD544-CE90-36E5-A01F-CEF5D5C1DE81}
	EndProjectSection
EndProject
Global
	GlobalSection(SolutionConfigurationPlatforms) = preSolution
		Debug|Win32 = Debug|Win32
		Release|Win32 = Release|Win32
		MinSizeRel|Win32 = MinSizeRel|Win32
		RelWithDebInfo|Win32 = RelWithDebInfo|Win32
	EndGlobalSection
	GlobalSection(ProjectConfigurationPlatforms) = postSolution
		{DE339B99-8CA7-3373-9287-4DAB9BF62FEB}.Debug|Win32.ActiveCfg = Debug|Win32
		{DE339B99-8CA7-3373-9287-4DAB9BF62FEB}.Debug|Win32.Build.0 = Debug|Win32
		{DE339B99-8CA7-3373-9287-4DAB9BF62FEB}.Release|Win32.ActiveCfg = Release|Win32
		{DE339B99-8CA7-3373-9287-4DAB9BF62FEB}.Release|Win32.Build.0 = Release|Win32
		{DE339B99-8CA7-3373-9287-4DAB9BF62FEB}.MinSizeRel|Win32.ActiveCfg = MinSizeRel|Win32
		{DE339B99-8CA7-3373-9287-4DAB9BF62FEB}.MinSizeRel|Win32.Build.0 = MinSizeRel|Win32
		{DE339B99-8CA7-3373-9287-4DAB9BF62FEB}.RelWithDebInfo|Win32.ActiveCfg = RelWithDebInfo|Win32
		{DE339B99-8CA7-3373-9287-4DAB9BF62FEB}.RelWithDebInfo|Win32.Build.0 = RelWithDebInfo|Win32
		{78C37C09-5DEF-35F9-B943-EAA47EA56B7F}.Debug|Win32.ActiveCfg = Debug|Win32
		{78C37C09-5DEF-35F9-B943-EAA47EA56B7F}.Debug|Win32.Build.0 = Debug|Win32
		{78C37C09-5DEF-35F9-B943-EAA47EA56B7F}.Release|Win32.ActiveCfg = Release|Win32
		{78C37C09-5DEF-35F9-B943-EAA47EA56B7F}.Release|Win32.Build.0 = Release|Win32
		{78C37C09-5DEF-35F9-B943-EAA47EA56B7F}.MinSizeRel|Win32.ActiveCfg = MinSizeRel|Win32
		{78C37C09-5DEF-35F9-B943-EAA47EA56B7F}.MinSizeRel|Win32.Build.0 = MinSizeRel|Win32
		{78C37C09-5DEF-35F9-B943-EAA47EA56B7F}.RelWithDebInfo|Win32.ActiveCfg = RelWithDebInfo|Win32
		{78C37C09-5DEF-35F9-B943-EAA47EA56B7F}.RelWithDebInfo|Win32.Build.0 = RelWithDebInfo|Win32
		{C9324866-4946-3BD0-8BBD-053C91DB399B}.Debug|Win32.ActiveCfg = Debug|Win32
		{C9324866-4946-3BD0-8BBD-053C91DB399B}.Debug|Win32.Build.0 = Debug|Win32
		{C9324866-4946-3BD0-8BBD-053C91DB399B}.Release|Win32.ActiveCfg = Release|Win32
		{C9324866-4946-3BD0-8BBD-053C91DB399B}.Release|Win32.Build.0 = Release|Win32
		{C9324866-4946-3BD0-8BBD-053C91DB399B}.MinSizeRel|Win32.ActiveCfg = MinSizeRel|Win32
		{C9324866-4946-3BD0-8BBD-053C91DB399B}.MinSizeRel|Win32.Build.0 = MinSizeRel|Win32
		{C9324866-4946-3BD0-8BBD-053C91DB399B}.RelWithDebInfo|Win32.ActiveCfg = RelWithDebInfo|Win32
		{C9324866-4946-3BD0-8BBD-053C91DB399B}.RelWithDebInfo|Win32.Build.0 = RelWithDebInfo|Win32
		{8BBC27AA-4E10-38CD-8CF4-E013481CBA33}.Debug|Win32.ActiveCfg = Debug|Win32
		{8BBC27AA-4E10-38CD-8CF4-E013481CBA33}.Debug|Win32.Build.0 = Debug|Win32
		{8BBC27AA-4E10-38CD-8CF4-E013481CBA33}.Release|Win32.ActiveCfg = Release|Win32
		{8BBC27AA-4E10-38CD-8CF4-E013481CBA33}.Release|Win32.Build.0 = Release|Win32
		{8BBC27AA-4E10-38CD-8CF4-E013481CBA33}.MinSizeRel|Win32.ActiveCfg = MinSizeRel|Win32
		{8BBC27AA-4E10-38CD-8CF4-E013481CBA33}.MinSizeRel|Win32.Build.0 = MinSizeRel|Win32
		{8BBC27AA-4E10-38CD-8CF4-E013481CBA33}.RelWithDebInfo|Win32.ActiveCfg = RelWithDebInfo|Win32
		{8BBC27AA-4E10-38CD-8CF4-E013481CBA33}.RelWithDebInfo|Win32.Build.0 = RelWithDebInfo|Win32
		{43CBC9F1-9A5C-31F1-849C-AE2AAEB66A68}.Debug|Win32.ActiveCfg = Debug|Win32
		{43CBC9F1-9A5C-31F1-849C-AE2AAEB66A68}.Debug|Win32.Build.0 = Debug|Win32
		{43CBC9F1-9A5C-31F1-849C-AE2AAEB66A68}.Release|Win32.ActiveCfg = Release|Win32
		{43CBC9F1-9A5C-31F1-849C-AE2AAEB66A68}.Release|Win32.Build.0 = Release|Win32
		{43CBC9F1-9A5C-31F1-849C-AE2AAEB66A68}.MinSizeRel|Win32.ActiveCfg = MinSizeRel|Win32
		{43CBC9F1-9A5C-31F1-849C-AE2AAEB66A68}.MinSizeRel|Win32.Build.0 = MinSizeRel|Win32
		{43CBC9F1-9A5C-31F1-849C-AE2AAEB66A68}.RelWithDebInfo|Win32.ActiveCfg = RelWithDebInfo|Win32
		{43CBC9F1-9A5C-31F1-849C-AE2AAEB66A68}.RelWithDebInfo|Win32.Build.0 = RelWithDebInfo|Win32
		{1D93A141-2A62-3467-BFEA-1EC8EFBC6888}.Debug|Win32.ActiveCfg = Debug|Win32
		{1D93A141-2A62-3467-BFEA-1EC8EFBC6888}.Debug|Win32.Build.0 = Debug|Win32
		{1D93A141-2A62-3467-BFEA-1EC8EFBC6888}.Release|Win32.ActiveCfg = Release|Win32
		{1D93A141-2A62-3467-BFEA-1EC8EFBC6888}.Release|Win32.Build.0 = Release|Win32
		{1D93A141-2A62-3467-BFEA-1EC8EFBC6888}.MinSizeRel|Win32.ActiveCfg = MinSizeRel|Win32
		{1D93A141-2A62-3467-BFEA-1EC8EFBC6888}.MinSizeRel|Win32.Build.0 = MinSizeRel|Win32
		{1D93A141-2A62-3467-BFEA-1EC8EFBC6888}.RelWithDebInfo|Win32.ActiveCfg = RelWithDebInfo|Win32
		{1D93A141-2A62-3467-BFEA-1EC8EFBC6888}.RelWithDebInfo|Win32.Build.0 = RelWithDebInfo|Win32
		{4185D28B-1B1A-359E-939C-672A3FDB9B6A}.Debug|Win32.ActiveCfg = Debug|Win32
		{4185D28B-1B1A-359E-939C-672A3FDB9B6A}.Debug|Win32.Build.0 = Debug|Win32
		{4185D28B-1B1A-359E-939C-672A3FDB9B6A}.Release|Win32.ActiveCfg = Release|Win32
		{4185D28B-1B1A-359E-939C-672A3FDB9B6A}.Release|Win32.Build.0 = Release|Win32
		{4185D28B-1B1A-359E-939C-672A3FDB9B6A}.MinSizeRel|Win32.ActiveCfg = MinSizeRel|Win32
		{4185D28B-1B1A-359E-939C-672A3FDB9B6A}.MinSizeRel|Win32.Build.0 = MinSizeRel|Win32
		{4185D28B-1B1A-359E-939C-672A3FDB9B6A}.RelWithDebInfo|Win32.ActiveCfg = RelWithDebInfo|Win32
		{4185D28B-1B1A-359E-939C-672A3FDB9B6A}.RelWithDebInfo|Win32.Build.0 = RelWithDebInfo|Win32
		{1A4EFE75-6A27-33BD-BD8D-E5262FAA7324}.Debug|Win32.ActiveCfg = Debug|Win32
		{1A4EFE75-6A27-33BD-BD8D-E5262FAA7324}.Debug|Win32.Build.0 = Debug|Win32
		{1A4EFE75-6A27-33BD-BD8D-E5262FAA7324}.Release|Win32.ActiveCfg = Release|Win32
		{1A4EFE75-6A27-33BD-BD8D-E5262FAA7324}.Release|Win32.Build.0 = Release|Win32
		{1A4EFE75-6A27-33BD-BD8D-E5262FAA7324}.MinSizeRel|Win32.ActiveCfg = MinSizeRel|Win32
		{1A4EFE75-6A27-33BD-BD8D-E5262FAA7324}.MinSizeRel|Win32.Build.0 = MinSizeRel|Win32
		{1A4EFE75-6A27-33BD-BD8D-E5262FAA7324}.RelWithDebInfo|Win32.ActiveCfg = RelWithDebInfo|Win32
		{1A4EFE75-6A27-33BD-BD8D-E5262FAA7324}.RelWithDebInfo|Win32.Build.0 = RelWithDebInfo|Win32
		{C839F467-897A-3BF3-AFC6-47276188890F}.Debug|Win32.ActiveCfg = Debug|Win32
		{C839F467-897A-3BF3-AFC6-47276188890F}.Debug|Win32.Build.0 = Debug|Win32
		{C839F467-897A-3BF3-AFC6-47276188890F}.Release|Win32.ActiveCfg = Release|Win32
		{C839F467-897A-3BF3-AFC6-47276188890F}.Release|Win32.Build.0 = Release|Win32
		{C839F467-897A-3BF3-AFC6-47276188890F}.MinSizeRel|Win32.ActiveCfg = MinSizeRel|Win32
		{C839F467-897A-3BF3-AFC6-47276188890F}.MinSizeRel|Win32.Build.0 = MinSizeRel|Win32
		{C839F467-897A-3BF3-AFC6-47276188890F}.RelWithDebInfo|Win32.ActiveCfg = RelWithDebInfo|Win32
		{C839F467-897A-3BF3-AFC6-47276188890F}.RelWithDebInfo|Win32.Build.0 = RelWithDebInfo|Win32
		{A77CF3DE-1B97-3593-9E3A-A93DE0AF2D11}.Debug|Win32.ActiveCfg = Debug|Win32
		{A77CF3DE-1B97-3593-9E3A-A93DE0AF2D11}.Debug|Win32.Build.0 = Debug|Win32
		{A77CF3DE-1B97-3593-9E3A-A93DE0AF2D11}.Release|Win32.ActiveCfg = Release|Win32
		{A77CF3DE-1B97-3593-9E3A-A93DE0AF2D11}.Release|Win32.Build.0 = Release|Win32
		{A77CF3DE-1B97-3593-9E3A-A93DE0AF2D11}.MinSizeRel|Win32.ActiveCfg = MinSizeRel|Win32
		{A77CF3DE-1B97-3593-9E3A-A93DE0AF2D11}.MinSizeRel|Win32.Build.0 = MinSizeRel|Win32
		{A77CF3DE-1B97-3593-9E3A-A93DE0AF2D11}.RelWithDebInfo|Win32.ActiveCfg = RelWithDebInfo|Win32
		{A77CF3DE-1B97-3593-9E3A-A93DE0AF2D11}.RelWithDebInfo|Win32.Build.0 = RelWithDebInfo|Win32
		{E69AACD0-131F-3FBF-AE48-8A3BB9086B3E}.Debug|Win32.ActiveCfg = Debug|Win32
		{E69AACD0-131F-3FBF-AE48-8A3BB9086B3E}.Debug|Win32.Build.0 = Debug|Win32
		{E69AACD0-131F-3FBF-AE48-8A3BB9086B3E}.Release|Win32.ActiveCfg = Release|Win32
		{E69AACD0-131F-3FBF-AE48-8A3BB9086B3E}.Release|Win32.Build.0 = Release|Win32
		{E69AACD0-131F-3FBF-AE48-8A3BB9086B3E}.MinSizeRel|Win32.ActiveCfg = MinSizeRel|Win32
		{E69AACD0-131F-3FBF-AE48-8A3BB9086B3E}.MinSizeRel|Win32.Build.0 = MinSizeRel|Win32
		{E69AACD0-131F-3FBF-AE48-8A3BB9086B3E}.RelWithDebInfo|Win32.ActiveCfg = RelWithDebInfo|Win32
		{E69AACD0-131F-3FBF-AE48-8A3BB9086B3E}.RelWithDebInfo|Win32.Build.0 = RelWithDebInfo|Win32
		{F50EAE25-0F93-3928-AD79-A282C3475B99}.Debug|Win32.ActiveCfg = Debug|Win32
		{F50EAE25-0F93-3928-AD79-A282C3475B99}.Debug|Win32.Build.0 = Debug|Win32
		{F50EAE25-0F93-3928-AD79-A282C3475B99}.Release|Win32.ActiveCfg = Release|Win32
		{F50EAE25-0F93-3928-AD79-A282C3475B99}.Release|Win32.Build.0 = Release|Win32
		{F50EAE25-0F93-3928-AD79-A282C3475B99}.MinSizeRel|Win32.ActiveCfg = MinSizeRel|Win32
		{F50EAE25-0F93-3928-AD79-A282C3475B99}.MinSizeRel|Win32.Build.0 = MinSizeRel|Win32
		{F50EAE25-0F93-3928-AD79-A282C3475B99}.RelWithDebInfo|Win32.ActiveCfg = RelWithDebInfo|Win32
		{F50EAE25-0F93-3928-AD79-A282C3475B99}.RelWithDebInfo|Win32.Build.0 = RelWithDebInfo|Win32
		{502197D7-CED0-3D3D-A23C-F253598B74E0}.Debug|Win32.ActiveCfg = Debug|Win32
		{502197D7-CED0-3D3D-A23C-F253598B74E0}.Debug|Win32.Build.0 = Debug|Win32
		{502197D7-CED0-3D3D-A23C-F253598B74E0}.Release|Win32.ActiveCfg = Release|Win32
		{502197D7-CED0-3D3D-A23C-F253598B74E0}.Release|Win32.Build.0 = Release|Win32
		{502197D7-CED0-3D3D-A23C-F253598B74E0}.MinSizeRel|Win32.ActiveCfg = MinSizeRel|Win32
		{502197D7-CED0-3D3D-A23C-F253598B74E0}.MinSizeRel|Win32.Build.0 = MinSizeRel|Win32
		{502197D7-CED0-3D3D-A23C-F253598B74E0}.RelWithDebInfo|Win32.ActiveCfg = RelWithDebInfo|Win32
		{502197D7-CED0-3D3D-A23C-F253598B74E0}.RelWithDebInfo|Win32.Build.0 = RelWithDebInfo|Win32
		{A1F1A4F6-5C80-317A-A8B0-8A2DE042E48E}.Debug|Win32.ActiveCfg = Debug|Win32
		{A1F1A4F6-5C80-317A-A8B0-8A2DE042E48E}.Debug|Win32.Build.0 = Debug|Win32
		{A1F1A4F6-5C80-317A-A8B0-8A2DE042E48E}.Release|Win32.ActiveCfg = Release|Win32
		{A1F1A4F6-5C80-317A-A8B0-8A2DE042E48E}.Release|Win32.Build.0 = Release|Win32
		{A1F1A4F6-5C80-317A-A8B0-8A2DE042E48E}.MinSizeRel|Win32.ActiveCfg = MinSizeRel|Win32
		{A1F1A4F6-5C80-317A-A8B0-8A2DE042E48E}.MinSizeRel|Win32.Build.0 = MinSizeRel|Win32
		{A1F1A4F6-5C80-317A-A8B0-8A2DE042E48E}.RelWithDebInfo|Win32.ActiveCfg = RelWithDebInfo|Win32
		{A1F1A4F6-5C80-317A-A8B0-8A2DE042E48E}.RelWithDebInfo|Win32.Build.0 = RelWithDebInfo|Win32
		{CEE3FDD3-EA50-3C07-8714-8D3B19045954}.Debug|Win32.ActiveCfg = Debug|Win32
		{CEE3FDD3-EA50-3C07-8714-8D3B19045954}.Debug|Win32.Build.0 = Debug|Win32
		{CEE3FDD3-EA50-3C07-8714-8D3B19045954}.Release|Win32.ActiveCfg = Release|Win32
		{CEE3FDD3-EA50-3C07-8714-8D3B19045954}.Release|Win32.Build.0 = Release|Win32
		{CEE3FDD3-EA50-3C07-8714-8D3B19045954}.MinSizeRel|Win32.ActiveCfg = MinSizeRel|Win32
		{CEE3FDD3-EA50-3C07-8714-8D3B19045954}.MinSizeRel|Win32.Build.0 = MinSizeRel|Win32
		{CEE3FDD3-EA50-3C07-8714-8D3B19045954}.RelWithDebInfo|Win32.ActiveCfg = RelWithDebInfo|Win32
		{CEE3FDD3-EA50-3C07-8714-8D3B19045954}.RelWithDebInfo|Win32.Build.0 = RelWithDebInfo|Win32
		{4BFC09B2-4A9A-3A57-B8AB-79DEABF7B28B}.Debug|Win32.ActiveCfg = Debug|Win32
		{4BFC09B2-4A9A-3A57-B8AB-79DEABF7B28B}.Debug|Win32.Build.0 = Debug|Win32
		{4BFC09B2-4A9A-3A57-B8AB-79DEABF7B28B}.Release|Win32.ActiveCfg = Release|Win32
		{4BFC09B2-4A9A-3A57-B8AB-79DEABF7B28B}.Release|Win32.Build.0 = Release|Win32
		{4BFC09B2-4A9A-3A57-B8AB-79DEABF7B28B}.MinSizeRel|Win32.ActiveCfg = MinSizeRel|Win32
		{4BFC09B2-4A9A-3A57-B8AB-79DEABF7B28B}.MinSizeRel|Win32.Build.0 = MinSizeRel|Win32
		{4BFC09B2-4A9A-3A57-B8AB-79DEABF7B28B}.RelWithDebInfo|Win32.ActiveCfg = RelWithDebInfo|Win32
		{4BFC09B2-4A9A-3A57-B8AB-79DEABF7B28B}.RelWithDebInfo|Win32.Build.0 = RelWithDebInfo|Win32
		{70672E2F-FB21-3033-A6D0-A631FC641B7D}.Debug|Win32.ActiveCfg = Debug|Win32
		{70672E2F-FB21-3033-A6D0-A631FC641B7D}.Debug|Win32.Build.0 = Debug|Win32
		{70672E2F-FB21-3033-A6D0-A631FC641B7D}.Release|Win32.ActiveCfg = Release|Win32
		{70672E2F-FB21-3033-A6D0-A631FC641B7D}.Release|Win32.Build.0 = Release|Win32
		{70672E2F-FB21-3033-A6D0-A631FC641B7D}.MinSizeRel|Win32.ActiveCfg = MinSizeRel|Win32
		{70672E2F-FB21-3033-A6D0-A631FC641B7D}.MinSizeRel|Win32.Build.0 = MinSizeRel|Win32
		{70672E2F-FB21-3033-A6D0-A631FC641B7D}.RelWithDebInfo|Win32.ActiveCfg = RelWithDebInfo|Win32
		{70672E2F-FB21-3033-A6D0-A631FC641B7D}.RelWithDebInfo|Win32.Build.0 = RelWithDebInfo|Win32
		{6730174A-2B4D-362E-A71E-6FF862593D78}.Debug|Win32.ActiveCfg = Debug|Win32
		{6730174A-2B4D-362E-A71E-6FF862593D78}.Debug|Win32.Build.0 = Debug|Win32
		{6730174A-2B4D-362E-A71E-6FF862593D78}.Release|Win32.ActiveCfg = Release|Win32
		{6730174A-2B4D-362E-A71E-6FF862593D78}.Release|Win32.Build.0 = Release|Win32
		{6730174A-2B4D-362E-A71E-6FF862593D78}.MinSizeRel|Win32.ActiveCfg = MinSizeRel|Win32
		{6730174A-2B4D-362E-A71E-6FF862593D78}.MinSizeRel|Win32.Build.0 = MinSizeRel|Win32
		{6730174A-2B4D-362E-A71E-6FF862593D78}.RelWithDebInfo|Win32.ActiveCfg = RelWithDebInfo|Win32
		{6730174A-2B4D-362E-A71E-6FF862593D78}.RelWithDebInfo|Win32.Build.0 = RelWithDebInfo|Win32
		{E56BABED-0122-3DFC-B25B-C156CDE57F8F}.Debug|Win32.ActiveCfg = Debug|Win32
		{E56BABED-0122-3DFC-B25B-C156CDE57F8F}.Debug|Win32.Build.0 = Debug|Win32
		{E56BABED-0122-3DFC-B25B-C156CDE57F8F}.Release|Win32.ActiveCfg = Release|Win32
		{E56BABED-0122-3DFC-B25B-C156CDE57F8F}.Release|Win32.Build.0 = Release|Win32
		{E56BABED-0122-3DFC-B25B-C156CDE57F8F}.MinSizeRel|Win32.ActiveCfg = MinSizeRel|Win32
		{E56BABED-0122-3DFC-B25B-C156CDE57F8F}.MinSizeRel|Win32.Build.0 = MinSizeRel|Win32
		{E56BABED-0122-3DFC-B25B-C156CDE57F8F}.RelWithDebInfo|Win32.ActiveCfg = RelWithDebInfo|Win32
		{E56BABED-0122-3DFC-B25B-C156CDE57F8F}.RelWithDebInfo|Win32.Build.0 = RelWithDebInfo|Win32
		{B7DA8B7C-CB77-31CB-9C0A-4B00C848FE96}.Debug|Win32.ActiveCfg = Debug|Win32
		{B7DA8B7C-CB77-31CB-9C0A-4B00C848FE96}.Debug|Win32.Build.0 = Debug|Win32
		{B7DA8B7C-CB77-31CB-9C0A-4B00C848FE96}.Release|Win32.ActiveCfg = Release|Win32
		{B7DA8B7C-CB77-31CB-9C0A-4B00C848FE96}.Release|Win32.Build.0 = Release|Win32
		{B7DA8B7C-CB77-31CB-9C0A-4B00C848FE96}.MinSizeRel|Win32.ActiveCfg = MinSizeRel|Win32
		{B7DA8B7C-CB77-31CB-9C0A-4B00C848FE96}.MinSizeRel|Win32.Build.0 = MinSizeRel|Win32
		{B7DA8B7C-CB77-31CB-9C0A-4B00C848FE96}.RelWithDebInfo|Win32.ActiveCfg = RelWithDebInfo|Win32
		{B7DA8B7C-CB77-31CB-9C0A-4B00C848FE96}.RelWithDebInfo|Win32.Build.0 = RelWithDebInfo|Win32
		{700BDAFB-BAF4-3088-87D3-DCE7A9138F7F}.Debug|Win32.ActiveCfg = Debug|Win32
		{700BDAFB-BAF4-3088-87D3-DCE7A9138F7F}.Debug|Win32.Build.0 = Debug|Win32
		{700BDAFB-BAF4-3088-87D3-DCE7A9138F7F}.Release|Win32.ActiveCfg = Release|Win32
		{700BDAFB-BAF4-3088-87D3-DCE7A9138F7F}.Release|Win32.Build.0 = Release|Win32
		{700BDAFB-BAF4-3088-87D3-DCE7A9138F7F}.MinSizeRel|Win32.ActiveCfg = MinSizeRel|Win32
		{700BDAFB-BAF4-3088-87D3-DCE7A9138F7F}.MinSizeRel|Win32.Build.0 = MinSizeRel|Win32
		{700BDAFB-BAF4-3088-87D3-DCE7A9138F7F}.RelWithDebInfo|Win32.ActiveCfg = RelWithDebInfo|Win32
		{700BDAFB-BAF4-3088-87D3-DCE7A9138F7F}.RelWithDebInfo|Win32.Build.0 = RelWithDebInfo|Win32
		{3A6AEA08-F1CB-35C5-84AD-CE77B0490971}.Debug|Win32.ActiveCfg = Debug|Win32
		{3A6AEA08-F1CB-35C5-84AD-CE77B0490971}.Debug|Win32.Build.0 = Debug|Win32
		{3A6AEA08-F1CB-35C5-84AD-CE77B0490971}.Release|Win32.ActiveCfg = Release|Win32
		{3A6AEA08-F1CB-35C5-84AD-CE77B0490971}.Release|Win32.Build.0 = Release|Win32
		{3A6AEA08-F1CB-35C5-84AD-CE77B0490971}.MinSizeRel|Win32.ActiveCfg = MinSizeRel|Win32
		{3A6AEA08-F1CB-35C5-84AD-CE77B0490971}.MinSizeRel|Win32.Build.0 = MinSizeRel|Win32
		{3A6AEA08-F1CB-35C5-84AD-CE77B0490971}.RelWithDebInfo|Win32.ActiveCfg = RelWithDebInfo|Win32
		{3A6AEA08-F1CB-35C5-84AD-CE77B0490971}.RelWithDebInfo|Win32.Build.0 = RelWithDebInfo|Win32
		{6459CCCF-40E5-3E12-B096-1C1A62C08AC4}.Debug|Win32.ActiveCfg = Debug|Win32
		{6459CCCF-40E5-3E12-B096-1C1A62C08AC4}.Debug|Win32.Build.0 = Debug|Win32
		{6459CCCF-40E5-3E12-B096-1C1A62C08AC4}.Release|Win32.ActiveCfg = Release|Win32
		{6459CCCF-40E5-3E12-B096-1C1A62C08AC4}.Release|Win32.Build.0 = Release|Win32
		{6459CCCF-40E5-3E12-B096-1C1A62C08AC4}.MinSizeRel|Win32.ActiveCfg = MinSizeRel|Win32
		{6459CCCF-40E5-3E12-B096-1C1A62C08AC4}.MinSizeRel|Win32.Build.0 = MinSizeRel|Win32
		{6459CCCF-40E5-3E12-B096-1C1A62C08AC4}.RelWithDebInfo|Win32.ActiveCfg = RelWithDebInfo|Win32
		{6459CCCF-40E5-3E12-B096-1C1A62C08AC4}.RelWithDebInfo|Win32.Build.0 = RelWithDebInfo|Win32
		{FA6521A7-4BF6-38E5-94A5-9F580535A7CA}.Debug|Win32.ActiveCfg = Debug|Win32
		{FA6521A7-4BF6-38E5-94A5-9F580535A7CA}.Debug|Win32.Build.0 = Debug|Win32
		{FA6521A7-4BF6-38E5-94A5-9F580535A7CA}.Release|Win32.ActiveCfg = Release|Win32
		{FA6521A7-4BF6-38E5-94A5-9F580535A7CA}.Release|Win32.Build.0 = Release|Win32
		{FA6521A7-4BF6-38E5-94A5-9F580535A7CA}.MinSizeRel|Win32.ActiveCfg = MinSizeRel|Win32
		{FA6521A7-4BF6-38E5-94A5-9F580535A7CA}.MinSizeRel|Win32.Build.0 = MinSizeRel|Win32
		{FA6521A7-4BF6-38E5-94A5-9F580535A7CA}.RelWithDebInfo|Win32.ActiveCfg = RelWithDebInfo|Win32
		{FA6521A7-4BF6-38E5-94A5-9F580535A7CA}.RelWithDebInfo|Win32.Build.0 = RelWithDebInfo|Win32
		{15B4507B-DDCE-3229-9B6F-B04718223732}.Debug|Win32.ActiveCfg = Debug|Win32
		{15B4507B-DDCE-3229-9B6F-B04718223732}.Debug|Win32.Build.0 = Debug|Win32
		{15B4507B-DDCE-3229-9B6F-B04718223732}.Release|Win32.ActiveCfg = Release|Win32
		{15B4507B-DDCE-3229-9B6F-B04718223732}.Release|Win32.Build.0 = Release|Win32
		{15B4507B-DDCE-3229-9B6F-B04718223732}.MinSizeRel|Win32.ActiveCfg = MinSizeRel|Win32
		{15B4507B-DDCE-3229-9B6F-B04718223732}.MinSizeRel|Win32.Build.0 = MinSizeRel|Win32
		{15B4507B-DDCE-3229-9B6F-B04718223732}.RelWithDebInfo|Win32.ActiveCfg = RelWithDebInfo|Win32
		{15B4507B-DDCE-3229-9B6F-B04718223732}.RelWithDebInfo|Win32.Build.0 = RelWithDebInfo|Win32
		{3D388288-6B6A-34E0-86EB-E99F7B4AF197}.Debug|Win32.ActiveCfg = Debug|Win32
		{3D388288-6B6A-34E0-86EB-E99F7B4AF197}.Debug|Win32.Build.0 = Debug|Win32
		{3D388288-6B6A-34E0-86EB-E99F7B4AF197}.Release|Win32.ActiveCfg = Release|Win32
		{3D388288-6B6A-34E0-86EB-E99F7B4AF197}.Release|Win32.Build.0 = Release|Win32
		{3D388288-6B6A-34E0-86EB-E99F7B4AF197}.MinSizeRel|Win32.ActiveCfg = MinSizeRel|Win32
		{3D388288-6B6A-34E0-86EB-E99F7B4AF197}.MinSizeRel|Win32.Build.0 = MinSizeRel|Win32
		{3D388288-6B6A-34E0-86EB-E99F7B4AF197}.RelWithDebInfo|Win32.ActiveCfg = RelWithDebInfo|Win32
		{3D388288-6B6A-34E0-86EB-E99F7B4AF197}.RelWithDebInfo|Win32.Build.0 = RelWithDebInfo|Win32
		{1D070017-3CB9-339F-B74D-B628D5491BF0}.Debug|Win32.ActiveCfg = Debug|Win32
		{1D070017-3CB9-339F-B74D-B628D5491BF0}.Debug|Win32.Build.0 = Debug|Win32
		{1D070017-3CB9-339F-B74D-B628D5491BF0}.Release|Win32.ActiveCfg = Release|Win32
		{1D070017-3CB9-339F-B74D-B628D5491BF0}.Release|Win32.Build.0 = Release|Win32
		{1D070017-3CB9-339F-B74D-B628D5491BF0}.MinSizeRel|Win32.ActiveCfg = MinSizeRel|Win32
		{1D070017-3CB9-339F-B74D-B628D5491BF0}.MinSizeRel|Win32.Build.0 = MinSizeRel|Win32
		{1D070017-3CB9-339F-B74D-B628D5491BF0}.RelWithDebInfo|Win32.ActiveCfg = RelWithDebInfo|Win32
		{1D070017-3CB9-339F-B74D-B628D5491BF0}.RelWithDebInfo|Win32.Build.0 = RelWithDebInfo|Win32
		{456E0BDE-D5B6-35CB-BECB-6E725E8C6FBB}.Debug|Win32.ActiveCfg = Debug|Win32
		{456E0BDE-D5B6-35CB-BECB-6E725E8C6FBB}.Debug|Win32.Build.0 = Debug|Win32
		{456E0BDE-D5B6-35CB-BECB-6E725E8C6FBB}.Release|Win32.ActiveCfg = Release|Win32
		{456E0BDE-D5B6-35CB-BECB-6E725E8C6FBB}.Release|Win32.Build.0 = Release|Win32
		{456E0BDE-D5B6-35CB-BECB-6E725E8C6FBB}.MinSizeRel|Win32.ActiveCfg = MinSizeRel|Win32
		{456E0BDE-D5B6-35CB-BECB-6E725E8C6FBB}.MinSizeRel|Win32.Build.0 = MinSizeRel|Win32
		{456E0BDE-D5B6-35CB-BECB-6E725E8C6FBB}.RelWithDebInfo|Win32.ActiveCfg = RelWithDebInfo|Win32
		{456E0BDE-D5B6-35CB-BECB-6E725E8C6FBB}.RelWithDebInfo|Win32.Build.0 = RelWithDebInfo|Win32
		{24652608-FBEA-3A85-81EE-52A2E63BCF2E}.Debug|Win32.ActiveCfg = Debug|Win32
		{24652608-FBEA-3A85-81EE-52A2E63BCF2E}.Debug|Win32.Build.0 = Debug|Win32
		{24652608-FBEA-3A85-81EE-52A2E63BCF2E}.Release|Win32.ActiveCfg = Release|Win32
		{24652608-FBEA-3A85-81EE-52A2E63BCF2E}.Release|Win32.Build.0 = Release|Win32
		{24652608-FBEA-3A85-81EE-52A2E63BCF2E}.MinSizeRel|Win32.ActiveCfg = MinSizeRel|Win32
		{24652608-FBEA-3A85-81EE-52A2E63BCF2E}.MinSizeRel|Win32.Build.0 = MinSizeRel|Win32
		{24652608-FBEA-3A85-81EE-52A2E63BCF2E}.RelWithDebInfo|Win32.ActiveCfg = RelWithDebInfo|Win32
		{24652608-FBEA-3A85-81EE-52A2E63BCF2E}.RelWithDebInfo|Win32.Build.0 = RelWithDebInfo|Win32
		{76CC66A2-9140-3FC7-9F09-39F18F95FF23}.Debug|Win32.ActiveCfg = Debug|Win32
		{76CC66A2-9140-3FC7-9F09-39F18F95FF23}.Debug|Win32.Build.0 = Debug|Win32
		{76CC66A2-9140-3FC7-9F09-39F18F95FF23}.Release|Win32.ActiveCfg = Release|Win32
		{76CC66A2-9140-3FC7-9F09-39F18F95FF23}.Release|Win32.Build.0 = Release|Win32
		{76CC66A2-9140-3FC7-9F09-39F18F95FF23}.MinSizeRel|Win32.ActiveCfg = MinSizeRel|Win32
		{76CC66A2-9140-3FC7-9F09-39F18F95FF23}.MinSizeRel|Win32.Build.0 = MinSizeRel|Win32
		{76CC66A2-9140-3FC7-9F09-39F18F95FF23}.RelWithDebInfo|Win32.ActiveCfg = RelWithDebInfo|Win32
		{76CC66A2-9140-3FC7-9F09-39F18F95FF23}.RelWithDebInfo|Win32.Build.0 = RelWithDebInfo|Win32
		{4FB3B6C5-961A-32AD-8DF9-63CA8C675184}.Debug|Win32.ActiveCfg = Debug|Win32
		{4FB3B6C5-961A-32AD-8DF9-63CA8C675184}.Release|Win32.ActiveCfg = Release|Win32
		{4FB3B6C5-961A-32AD-8DF9-63CA8C675184}.MinSizeRel|Win32.ActiveCfg = MinSizeRel|Win32
		{4FB3B6C5-961A-32AD-8DF9-63CA8C675184}.RelWithDebInfo|Win32.ActiveCfg = RelWithDebInfo|Win32
		{524D7C7B-EE00-36C6-BB51-11D10F9474FC}.Debug|Win32.ActiveCfg = Debug|Win32
		{524D7C7B-EE00-36C6-BB51-11D10F9474FC}.Debug|Win32.Build.0 = Debug|Win32
		{524D7C7B-EE00-36C6-BB51-11D10F9474FC}.Release|Win32.ActiveCfg = Release|Win32
		{524D7C7B-EE00-36C6-BB51-11D10F9474FC}.Release|Win32.Build.0 = Release|Win32
		{524D7C7B-EE00-36C6-BB51-11D10F9474FC}.MinSizeRel|Win32.ActiveCfg = MinSizeRel|Win32
		{524D7C7B-EE00-36C6-BB51-11D10F9474FC}.MinSizeRel|Win32.Build.0 = MinSizeRel|Win32
		{524D7C7B-EE00-36C6-BB51-11D10F9474FC}.RelWithDebInfo|Win32.ActiveCfg = RelWithDebInfo|Win32
		{524D7C7B-EE00-36C6-BB51-11D10F9474FC}.RelWithDebInfo|Win32.Build.0 = RelWithDebInfo|Win32
		{DBDD9D78-9627-3B7A-891D-499B7594F50B}.Debug|Win32.ActiveCfg = Debug|Win32
		{DBDD9D78-9627-3B7A-891D-499B7594F50B}.Debug|Win32.Build.0 = Debug|Win32
		{DBDD9D78-9627-3B7A-891D-499B7594F50B}.Release|Win32.ActiveCfg = Release|Win32
		{DBDD9D78-9627-3B7A-891D-499B7594F50B}.Release|Win32.Build.0 = Release|Win32
		{DBDD9D78-9627-3B7A-891D-499B7594F50B}.MinSizeRel|Win32.ActiveCfg = MinSizeRel|Win32
		{DBDD9D78-9627-3B7A-891D-499B7594F50B}.MinSizeRel|Win32.Build.0 = MinSizeRel|Win32
		{DBDD9D78-9627-3B7A-891D-499B7594F50B}.RelWithDebInfo|Win32.ActiveCfg = RelWithDebInfo|Win32
		{DBDD9D78-9627-3B7A-891D-499B7594F50B}.RelWithDebInfo|Win32.Build.0 = RelWithDebInfo|Win32
		{FC65E845-A6AD-398C-9066-A03EAED82C2B}.Debug|Win32.ActiveCfg = Debug|Win32
		{FC65E845-A6AD-398C-9066-A03EAED82C2B}.Release|Win32.ActiveCfg = Release|Win32
		{FC65E845-A6AD-398C-9066-A03EAED82C2B}.MinSizeRel|Win32.ActiveCfg = MinSizeRel|Win32
		{FC65E845-A6AD-398C-9066-A03EAED82C2B}.RelWithDebInfo|Win32.ActiveCfg = RelWithDebInfo|Win32
		{2E07827B-DFDB-3AD9-98CD-48EE8CE3822D}.Debug|Win32.ActiveCfg = Debug|Win32
		{2E07827B-DFDB-3AD9-98CD-48EE8CE3822D}.Debug|Win32.Build.0 = Debug|Win32
		{2E07827B-DFDB-3AD9-98CD-48EE8CE3822D}.Release|Win32.ActiveCfg = Release|Win32
		{2E07827B-DFDB-3AD9-98CD-48EE8CE3822D}.Release|Win32.Build.0 = Release|Win32
		{2E07827B-DFDB-3AD9-98CD-48EE8CE3822D}.MinSizeRel|Win32.ActiveCfg = MinSizeRel|Win32
		{2E07827B-DFDB-3AD9-98CD-48EE8CE3822D}.MinSizeRel|Win32.Build.0 = MinSizeRel|Win32
		{2E07827B-DFDB-3AD9-98CD-48EE8CE3822D}.RelWithDebInfo|Win32.ActiveCfg = RelWithDebInfo|Win32
		{2E07827B-DFDB-3AD9-98CD-48EE8CE3822D}.RelWithDebInfo|Win32.Build.0 = RelWithDebInfo|Win32
		{94662FA1-241B-3FA0-928C-43E7FD04E7C3}.Debug|Win32.ActiveCfg = Debug|Win32
		{94662FA1-241B-3FA0-928C-43E7FD04E7C3}.Debug|Win32.Build.0 = Debug|Win32
		{94662FA1-241B-3FA0-928C-43E7FD04E7C3}.Release|Win32.ActiveCfg = Release|Win32
		{94662FA1-241B-3FA0-928C-43E7FD04E7C3}.Release|Win32.Build.0 = Release|Win32
		{94662FA1-241B-3FA0-928C-43E7FD04E7C3}.MinSizeRel|Win32.ActiveCfg = MinSizeRel|Win32
		{94662FA1-241B-3FA0-928C-43E7FD04E7C3}.MinSizeRel|Win32.Build.0 = MinSizeRel|Win32
		{94662FA1-241B-3FA0-928C-43E7FD04E7C3}.RelWithDebInfo|Win32.ActiveCfg = RelWithDebInfo|Win32
		{94662FA1-241B-3FA0-928C-43E7FD04E7C3}.RelWithDebInfo|Win32.Build.0 = RelWithDebInfo|Win32
		{6AA6E1DF-3E23-3F8B-BB99-C1BA5C7A4EA6}.Debug|Win32.ActiveCfg = Debug|Win32
		{6AA6E1DF-3E23-3F8B-BB99-C1BA5C7A4EA6}.Debug|Win32.Build.0 = Debug|Win32
		{6AA6E1DF-3E23-3F8B-BB99-C1BA5C7A4EA6}.Release|Win32.ActiveCfg = Release|Win32
		{6AA6E1DF-3E23-3F8B-BB99-C1BA5C7A4EA6}.Release|Win32.Build.0 = Release|Win32
		{6AA6E1DF-3E23-3F8B-BB99-C1BA5C7A4EA6}.MinSizeRel|Win32.ActiveCfg = MinSizeRel|Win32
		{6AA6E1DF-3E23-3F8B-BB99-C1BA5C7A4EA6}.MinSizeRel|Win32.Build.0 = MinSizeRel|Win32
		{6AA6E1DF-3E23-3F8B-BB99-C1BA5C7A4EA6}.RelWithDebInfo|Win32.ActiveCfg = RelWithDebInfo|Win32
		{6AA6E1DF-3E23-3F8B-BB99-C1BA5C7A4EA6}.RelWithDebInfo|Win32.Build.0 = RelWithDebInfo|Win32
		{3F013257-71E0-3608-BFED-BC68C0E16776}.Debug|Win32.ActiveCfg = Debug|Win32
		{3F013257-71E0-3608-BFED-BC68C0E16776}.Debug|Win32.Build.0 = Debug|Win32
		{3F013257-71E0-3608-BFED-BC68C0E16776}.Release|Win32.ActiveCfg = Release|Win32
		{3F013257-71E0-3608-BFED-BC68C0E16776}.Release|Win32.Build.0 = Release|Win32
		{3F013257-71E0-3608-BFED-BC68C0E16776}.MinSizeRel|Win32.ActiveCfg = MinSizeRel|Win32
		{3F013257-71E0-3608-BFED-BC68C0E16776}.MinSizeRel|Win32.Build.0 = MinSizeRel|Win32
		{3F013257-71E0-3608-BFED-BC68C0E16776}.RelWithDebInfo|Win32.ActiveCfg = RelWithDebInfo|Win32
		{3F013257-71E0-3608-BFED-BC68C0E16776}.RelWithDebInfo|Win32.Build.0 = RelWithDebInfo|Win32
		{186B84A7-D1D9-3FCD-8324-8497BFB9DB67}.Debug|Win32.ActiveCfg = Debug|Win32
		{186B84A7-D1D9-3FCD-8324-8497BFB9DB67}.Debug|Win32.Build.0 = Debug|Win32
		{186B84A7-D1D9-3FCD-8324-8497BFB9DB67}.Release|Win32.ActiveCfg = Release|Win32
		{186B84A7-D1D9-3FCD-8324-8497BFB9DB67}.Release|Win32.Build.0 = Release|Win32
		{186B84A7-D1D9-3FCD-8324-8497BFB9DB67}.MinSizeRel|Win32.ActiveCfg = MinSizeRel|Win32
		{186B84A7-D1D9-3FCD-8324-8497BFB9DB67}.MinSizeRel|Win32.Build.0 = MinSizeRel|Win32
		{186B84A7-D1D9-3FCD-8324-8497BFB9DB67}.RelWithDebInfo|Win32.ActiveCfg = RelWithDebInfo|Win32
		{186B84A7-D1D9-3FCD-8324-8497BFB9DB67}.RelWithDebInfo|Win32.Build.0 = RelWithDebInfo|Win32
		{ABA7EE69-3F19-3378-8FDA-40E00752BF2C}.Debug|Win32.ActiveCfg = Debug|Win32
		{ABA7EE69-3F19-3378-8FDA-40E00752BF2C}.Debug|Win32.Build.0 = Debug|Win32
		{ABA7EE69-3F19-3378-8FDA-40E00752BF2C}.Release|Win32.ActiveCfg = Release|Win32
		{ABA7EE69-3F19-3378-8FDA-40E00752BF2C}.Release|Win32.Build.0 = Release|Win32
		{ABA7EE69-3F19-3378-8FDA-40E00752BF2C}.MinSizeRel|Win32.ActiveCfg = MinSizeRel|Win32
		{ABA7EE69-3F19-3378-8FDA-40E00752BF2C}.MinSizeRel|Win32.Build.0 = MinSizeRel|Win32
		{ABA7EE69-3F19-3378-8FDA-40E00752BF2C}.RelWithDebInfo|Win32.ActiveCfg = RelWithDebInfo|Win32
		{ABA7EE69-3F19-3378-8FDA-40E00752BF2C}.RelWithDebInfo|Win32.Build.0 = RelWithDebInfo|Win32
		{D36F2F72-77F8-3C19-92A4-B619D5162E6C}.Debug|Win32.ActiveCfg = Debug|Win32
		{D36F2F72-77F8-3C19-92A4-B619D5162E6C}.Debug|Win32.Build.0 = Debug|Win32
		{D36F2F72-77F8-3C19-92A4-B619D5162E6C}.Release|Win32.ActiveCfg = Release|Win32
		{D36F2F72-77F8-3C19-92A4-B619D5162E6C}.Release|Win32.Build.0 = Release|Win32
		{D36F2F72-77F8-3C19-92A4-B619D5162E6C}.MinSizeRel|Win32.ActiveCfg = MinSizeRel|Win32
		{D36F2F72-77F8-3C19-92A4-B619D5162E6C}.MinSizeRel|Win32.Build.0 = MinSizeRel|Win32
		{D36F2F72-77F8-3C19-92A4-B619D5162E6C}.RelWithDebInfo|Win32.ActiveCfg = RelWithDebInfo|Win32
		{D36F2F72-77F8-3C19-92A4-B619D5162E6C}.RelWithDebInfo|Win32.Build.0 = RelWithDebInfo|Win32
		{D5ABD544-CE90-36E5-A01F-CEF5D5C1DE81}.Debug|Win32.ActiveCfg = Debug|Win32
		{D5ABD544-CE90-36E5-A01F-CEF5D5C1DE81}.Debug|Win32.Build.0 = Debug|Win32
		{D5ABD544-CE90-36E5-A01F-CEF5D5C1DE81}.Release|Win32.ActiveCfg = Release|Win32
		{D5ABD544-CE90-36E5-A01F-CEF5D5C1DE81}.Release|Win32.Build.0 = Release|Win32
		{D5ABD544-CE90-36E5-A01F-CEF5D5C1DE81}.MinSizeRel|Win32.ActiveCfg = MinSizeRel|Win32
		{D5ABD544-CE90-36E5-A01F-CEF5D5C1DE81}.MinSizeRel|Win32.Build.0 = MinSizeRel|Win32
		{D5ABD544-CE90-36E5-A01F-CEF5D5C1DE81}.RelWithDebInfo|Win32.ActiveCfg = RelWithDebInfo|Win32
		{D5ABD544-CE90-36E5-A01F-CEF5D5C1DE81}.RelWithDebInfo|Win32.Build.0 = RelWithDebInfo|Win32
		{D75A6FDA-38EE-3640-BB89-DAA084E8328E}.Debug|Win32.ActiveCfg = Debug|Win32
		{D75A6FDA-38EE-3640-BB89-DAA084E8328E}.Debug|Win32.Build.0 = Debug|Win32
		{D75A6FDA-38EE-3640-BB89-DAA084E8328E}.Release|Win32.ActiveCfg = Release|Win32
		{D75A6FDA-38EE-3640-BB89-DAA084E8328E}.Release|Win32.Build.0 = Release|Win32
		{D75A6FDA-38EE-3640-BB89-DAA084E8328E}.MinSizeRel|Win32.ActiveCfg = MinSizeRel|Win32
		{D75A6FDA-38EE-3640-BB89-DAA084E8328E}.MinSizeRel|Win32.Build.0 = MinSizeRel|Win32
		{D75A6FDA-38EE-3640-BB89-DAA084E8328E}.RelWithDebInfo|Win32.ActiveCfg = RelWithDebInfo|Win32
		{D75A6FDA-38EE-3640-BB89-DAA084E8328E}.RelWithDebInfo|Win32.Build.0 = RelWithDebInfo|Win32
		{AE5AD4F3-1463-33C5-81BE-152B33CAAF41}.Debug|Win32.ActiveCfg = Debug|Win32
		{AE5AD4F3-1463-33C5-81BE-152B33CAAF41}.Debug|Win32.Build.0 = Debug|Win32
		{AE5AD4F3-1463-33C5-81BE-152B33CAAF41}.Release|Win32.ActiveCfg = Release|Win32
		{AE5AD4F3-1463-33C5-81BE-152B33CAAF41}.Release|Win32.Build.0 = Release|Win32
		{AE5AD4F3-1463-33C5-81BE-152B33CAAF41}.MinSizeRel|Win32.ActiveCfg = MinSizeRel|Win32
		{AE5AD4F3-1463-33C5-81BE-152B33CAAF41}.MinSizeRel|Win32.Build.0 = MinSizeRel|Win32
		{AE5AD4F3-1463-33C5-81BE-152B33CAAF41}.RelWithDebInfo|Win32.ActiveCfg = RelWithDebInfo|Win32
		{AE5AD4F3-1463-33C5-81BE-152B33CAAF41}.RelWithDebInfo|Win32.Build.0 = RelWithDebInfo|Win32
		{B78FA49D-01C4-33A2-8358-6F53FDB5F241}.Debug|Win32.ActiveCfg = Debug|Win32
		{B78FA49D-01C4-33A2-8358-6F53FDB5F241}.Debug|Win32.Build.0 = Debug|Win32
		{B78FA49D-01C4-33A2-8358-6F53FDB5F241}.Release|Win32.ActiveCfg = Release|Win32
		{B78FA49D-01C4-33A2-8358-6F53FDB5F241}.Release|Win32.Build.0 = Release|Win32
		{B78FA49D-01C4-33A2-8358-6F53FDB5F241}.MinSizeRel|Win32.ActiveCfg = MinSizeRel|Win32
		{B78FA49D-01C4-33A2-8358-6F53FDB5F241}.MinSizeRel|Win32.Build.0 = MinSizeRel|Win32
		{B78FA49D-01C4-33A2-8358-6F53FDB5F241}.RelWithDebInfo|Win32.ActiveCfg = RelWithDebInfo|Win32
		{B78FA49D-01C4-33A2-8358-6F53FDB5F241}.RelWithDebInfo|Win32.Build.0 = RelWithDebInfo|Win32
	EndGlobalSection
	GlobalSection(ExtensibilityGlobals) = postSolution
	EndGlobalSection
	GlobalSection(ExtensibilityAddIns) = postSolution
	EndGlobalSection
EndGlobal
