<?xml version="1.0" encoding="UTF-8"?>
<Project ToolsVersion="15.0" xmlns="http://schemas.microsoft.com/developer/msbuild/2003">
  <ItemGroup>
    <ClCompile Include="C:\Users\seb\Desktop\bullet3-2.87\src\Bullet3Dynamics\b3CpuRigidBodyPipeline.cpp">
      <Filter>Source Files</Filter>
    </ClCompile>
    <ClCompile Include="C:\Users\seb\Desktop\bullet3-2.87\src\Bullet3Dynamics\ConstraintSolver\b3FixedConstraint.cpp">
      <Filter>Source Files</Filter>
    </ClCompile>
    <ClCompile Include="C:\Users\seb\Desktop\bullet3-2.87\src\Bullet3Dynamics\ConstraintSolver\b3Generic6DofConstraint.cpp">
      <Filter>Source Files</Filter>
    </ClCompile>
    <ClCompile Include="C:\Users\seb\Desktop\bullet3-2.87\src\Bullet3Dynamics\ConstraintSolver\b3PgsJacobiSolver.cpp">
      <Filter>Source Files</Filter>
    </ClCompile>
    <ClCompile Include="C:\Users\seb\Desktop\bullet3-2.87\src\Bullet3Dynamics\ConstraintSolver\b3Point2PointConstraint.cpp">
      <Filter>Source Files</Filter>
    </ClCompile>
    <ClCompile Include="C:\Users\seb\Desktop\bullet3-2.87\src\Bullet3Dynamics\ConstraintSolver\b3TypedConstraint.cpp">
      <Filter>Source Files</Filter>
    </ClCompile>
  </ItemGroup>
  <ItemGroup>
    <ClInclude Include="C:\Users\seb\Desktop\bullet3-2.87\src\Bullet3Dynamics\b3CpuRigidBodyPipeline.h">
      <Filter>Header Files</Filter>
    </ClInclude>
    <ClInclude Include="C:\Users\seb\Desktop\bullet3-2.87\src\Bullet3Dynamics\ConstraintSolver\b3ContactSolverInfo.h">
      <Filter>Header Files</Filter>
    </ClInclude>
    <ClInclude Include="C:\Users\seb\Desktop\bullet3-2.87\src\Bullet3Dynamics\ConstraintSolver\b3FixedConstraint.h">
      <Filter>Header Files</Filter>
    </ClInclude>
    <ClInclude Include="C:\Users\seb\Desktop\bullet3-2.87\src\Bullet3Dynamics\ConstraintSolver\b3Generic6DofConstraint.h">
      <Filter>Header Files</Filter>
    </ClInclude>
    <ClInclude Include="C:\Users\seb\Desktop\bullet3-2.87\src\Bullet3Dynamics\ConstraintSolver\b3JacobianEntry.h">
      <Filter>Header Files</Filter>
    </ClInclude>
    <ClInclude Include="C:\Users\seb\Desktop\bullet3-2.87\src\Bullet3Dynamics\ConstraintSolver\b3PgsJacobiSolver.h">
      <Filter>Header Files</Filter>
    </ClInclude>
    <ClInclude Include="C:\Users\seb\Desktop\bullet3-2.87\src\Bullet3Dynamics\ConstraintSolver\b3Point2PointConstraint.h">
      <Filter>Header Files</Filter>
    </ClInclude>
    <ClInclude Include="C:\Users\seb\Desktop\bullet3-2.87\src\Bullet3Dynamics\ConstraintSolver\b3SolverBody.h">
      <Filter>Header Files</Filter>
    </ClInclude>
    <ClInclude Include="C:\Users\seb\Desktop\bullet3-2.87\src\Bullet3Dynamics\ConstraintSolver\b3SolverConstraint.h">
      <Filter>Header Files</Filter>
    </ClInclude>
    <ClInclude Include="C:\Users\seb\Desktop\bullet3-2.87\src\Bullet3Dynamics\ConstraintSolver\b3TypedConstraint.h">
      <Filter>Header Files</Filter>
    </ClInclude>
    <ClInclude Include="C:\Users\seb\Desktop\bullet3-2.87\src\Bullet3Dynamics\shared\b3ContactConstraint4.h">
      <Filter>Header Files</Filter>
    </ClInclude>
    <ClInclude Include="C:\Users\seb\Desktop\bullet3-2.87\src\Bullet3Dynamics\shared\b3ConvertConstraint4.h">
      <Filter>Header Files</Filter>
    </ClInclude>
    <ClInclude Include="C:\Users\seb\Desktop\bullet3-2.87\src\Bullet3Dynamics\shared\b3Inertia.h">
      <Filter>Header Files</Filter>
    </ClInclude>
    <ClInclude Include="C:\Users\seb\Desktop\bullet3-2.87\src\Bullet3Dynamics\shared\b3IntegrateTransforms.h">
      <Filter>Header Files</Filter>
    </ClInclude>
  </ItemGroup>
  <ItemGroup>
    <CustomBuild Include="C:\Users\seb\Desktop\bullet3-2.87\src\Bullet3Dynamics\CMakeLists.txt" />
  </ItemGroup>
  <ItemGroup>
    <Filter Include="Source Files">
      <UniqueIdentifier>{A3297DAB-F77E-3327-B4CC-22B465F8AF34}</UniqueIdentifier>
    </Filter>
    <Filter Include="Header Files">
      <UniqueIdentifier>{ACB95CC3-6E63-3132-8167-8CA8B6BFBFC5}</UniqueIdentifier>
    </Filter>
  </ItemGroup>
</Project>
